
Microsoft Visual Studio Solution File, Format Version 12.00
# Visual Studio Version 17
VisualStudioVersion = 17.0.32112.339
MinimumVisualStudioVersion = 10.0.40219.1
Project("{9A19103F-16F7-4668-BE54-9A1E7A4F7556}") = "Simulator.Domain", "Simulator.Domain\Simulator.Domain.csproj", "{52A52CA6-C7FF-47C4-BB56-E7C8FA7B9C80}"
EndProject
Project("{9A19103F-16F7-4668-BE54-9A1E7A4F7556}") = "Craft.Math", "..\Craft\Craft.Math\Craft.Math.csproj", "{80A6F8EE-EEC0-44E1-BDD8-17FFF749AF4D}"
EndProject
Project("{9A19103F-16F7-4668-BE54-9A1E7A4F7556}") = "Simulator.Application", "Simulator.Application\Simulator.Application.csproj", "{46649722-7194-44E9-94EB-A8EC2728FA88}"
EndProject
Project("{9A19103F-16F7-4668-BE54-9A1E7A4F7556}") = "Craft.Logging", "..\Craft\Craft.Logging\Craft.Logging.csproj", "{A9EA5C10-D12B-47A9-AF17-63F293FCD2AC}"
EndProject
Project("{9A19103F-16F7-4668-BE54-9A1E7A4F7556}") = "Craft.Logging.Log4Net", "..\Craft\Craft.Logging.Log4Net\Craft.Logging.Log4Net.csproj", "{E25A9AEE-BC01-4F9C-922D-98B019BF2F7B}"
EndProject
Project("{9A19103F-16F7-4668-BE54-9A1E7A4F7556}") = "Simulator.ViewModel", "Simulator.ViewModel\Simulator.ViewModel.csproj", "{FC9BB2CD-CCAB-4628-8D88-563E90F4D976}"
EndProject
Project("{9A19103F-16F7-4668-BE54-9A1E7A4F7556}") = "Craft.ViewModels", "..\Craft\Craft.ViewModels\Craft.ViewModels.csproj", "{CB247783-6C71-45EF-B2FA-6D078989B487}"
EndProject
Project("{9A19103F-16F7-4668-BE54-9A1E7A4F7556}") = "Craft.Utils", "..\Craft\Craft.Utils\Craft.Utils.csproj", "{2D1986BF-A37A-4C7D-B3EB-F29E57E4D07D}"
EndProject
Project("{9A19103F-16F7-4668-BE54-9A1E7A4F7556}") = "Simulator.UIElements", "Simulator.UIElements\Simulator.UIElements.csproj", "{5B106D09-A74F-4547-8735-D2A67784138F}"
EndProject
Project("{9A19103F-16F7-4668-BE54-9A1E7A4F7556}") = "Craft.UIElements", "..\Craft\Craft.UIElements\Craft.UIElements.csproj", "{11F507D5-DA41-466D-B009-C83C45726B9E}"
EndProject
Project("{9A19103F-16F7-4668-BE54-9A1E7A4F7556}") = "Game.FlappyBird.ViewModel", "Game.FlappyBird.ViewModel\Game.FlappyBird.ViewModel.csproj", "{7B048BBE-5FDC-4306-9AE3-A9B7B77FD3F3}"
EndProject
Project("{9A19103F-16F7-4668-BE54-9A1E7A4F7556}") = "Game.FlappyBird.UI.WPF", "Game.FlappyBird.UI.WPF\Game.FlappyBird.UI.WPF.csproj", "{273D42CF-767A-4E8E-8558-145C6BAA5F72}"
EndProject
Project("{9A19103F-16F7-4668-BE54-9A1E7A4F7556}") = "Game.Rocket.ViewModel", "Game.Rocket.ViewModel\Game.Rocket.ViewModel.csproj", "{138D730C-7C3C-492E-8419-D42CDF5FE28E}"
EndProject
Project("{9A19103F-16F7-4668-BE54-9A1E7A4F7556}") = "Game.Rocket.UI.WPF", "Game.Rocket.UI.WPF\Game.Rocket.UI.WPF.csproj", "{6D15ACAA-161D-4009-9473-1A0B7E894250}"
EndProject
Project("{2150E333-8FDC-42A3-9474-1A3956D46DE8}") = "Solution Items", "Solution Items", "{604F9C90-8811-4A1E-BD7D-6F845AC71C8A}"
	ProjectSection(SolutionItems) = preProject
		BackLog.txt = BackLog.txt
		Bugs.txt = Bugs.txt
	EndProjectSection
EndProject
Project("{9A19103F-16F7-4668-BE54-9A1E7A4F7556}") = "Craft.UI.Utils", "..\Craft\Craft.UI.Utils\Craft.UI.Utils.csproj", "{C21718E5-D996-47B1-99D0-F4CA4DEA75E4}"
EndProject
Project("{9A19103F-16F7-4668-BE54-9A1E7A4F7556}") = "Craft.DataStructures", "..\Craft\Craft.DataStructures\Craft.DataStructures.csproj", "{DC78580E-8456-40A5-8995-8F9D434D8D44}"
EndProject
Project("{9A19103F-16F7-4668-BE54-9A1E7A4F7556}") = "Game.Zelda.ViewModel", "Game.Zelda.ViewModel\Game.Zelda.ViewModel.csproj", "{A2E1BBAB-0259-4173-9C66-80A46B8B65B2}"
EndProject
Project("{9A19103F-16F7-4668-BE54-9A1E7A4F7556}") = "Game.Zelda.UI.WPF", "Game.Zelda.UI.WPF\Game.Zelda.UI.WPF.csproj", "{086BC40C-6278-43D3-B5DF-2505C72F2499}"
EndProject
Project("{9A19103F-16F7-4668-BE54-9A1E7A4F7556}") = "Simulator.Domain.UnitTest", "Simulator.Domain.UnitTest\Simulator.Domain.UnitTest.csproj", "{4161A9FB-DB96-4CD0-BFE4-118427DBF3FA}"
EndProject
Project("{FAE04EC0-301F-11D3-BF4B-00C04F79EFBC}") = "Simulator.Laboratory.ViewModel", "Simulator.Laboratory.ViewModel\Simulator.Laboratory.ViewModel.csproj", "{058EA0C0-39D6-45FB-BC66-42401375FC7F}"
EndProject
Project("{FAE04EC0-301F-11D3-BF4B-00C04F79EFBC}") = "Simulator.Laboratory.UI.WPF", "Simulator.Laboratory.UI.WPF\Simulator.Laboratory.UI.WPF.csproj", "{A4255F43-05AE-FE9A-FE63-1078A38734E8}"
EndProject
Project("{FAE04EC0-301F-11D3-BF4B-00C04F79EFBC}") = "Game.TowerDefense.ViewModel", "Game.TowerDefense.ViewModel\Game.TowerDefense.ViewModel.csproj", "{8428A100-C12E-C60B-D717-0BC6BD0D7C97}"
EndProject
Project("{FAE04EC0-301F-11D3-BF4B-00C04F79EFBC}") = "Game.TowerDefense.UI.WPF", "Game.TowerDefense.UI.WPF\Game.TowerDefense.UI.WPF.csproj", "{EDB3ED4E-0E13-B67B-1430-D466E691A689}"
EndProject
Global
	GlobalSection(SolutionConfigurationPlatforms) = preSolution
		Debug|Any CPU = Debug|Any CPU
		Release|Any CPU = Release|Any CPU
	EndGlobalSection
	GlobalSection(ProjectConfigurationPlatforms) = postSolution
		{52A52CA6-C7FF-47C4-BB56-E7C8FA7B9C80}.Debug|Any CPU.ActiveCfg = Debug|Any CPU
		{52A52CA6-C7FF-47C4-BB56-E7C8FA7B9C80}.Debug|Any CPU.Build.0 = Debug|Any CPU
		{52A52CA6-C7FF-47C4-BB56-E7C8FA7B9C80}.Release|Any CPU.ActiveCfg = Release|Any CPU
		{52A52CA6-C7FF-47C4-BB56-E7C8FA7B9C80}.Release|Any CPU.Build.0 = Release|Any CPU
		{80A6F8EE-EEC0-44E1-BDD8-17FFF749AF4D}.Debug|Any CPU.ActiveCfg = Debug|Any CPU
		{80A6F8EE-EEC0-44E1-BDD8-17FFF749AF4D}.Debug|Any CPU.Build.0 = Debug|Any CPU
		{80A6F8EE-EEC0-44E1-BDD8-17FFF749AF4D}.Release|Any CPU.ActiveCfg = Release|Any CPU
		{80A6F8EE-EEC0-44E1-BDD8-17FFF749AF4D}.Release|Any CPU.Build.0 = Release|Any CPU
		{46649722-7194-44E9-94EB-A8EC2728FA88}.Debug|Any CPU.ActiveCfg = Debug|Any CPU
		{46649722-7194-44E9-94EB-A8EC2728FA88}.Debug|Any CPU.Build.0 = Debug|Any CPU
		{46649722-7194-44E9-94EB-A8EC2728FA88}.Release|Any CPU.ActiveCfg = Release|Any CPU
		{46649722-7194-44E9-94EB-A8EC2728FA88}.Release|Any CPU.Build.0 = Release|Any CPU
		{A9EA5C10-D12B-47A9-AF17-63F293FCD2AC}.Debug|Any CPU.ActiveCfg = Debug|Any CPU
		{A9EA5C10-D12B-47A9-AF17-63F293FCD2AC}.Debug|Any CPU.Build.0 = Debug|Any CPU
		{A9EA5C10-D12B-47A9-AF17-63F293FCD2AC}.Release|Any CPU.ActiveCfg = Release|Any CPU
		{A9EA5C10-D12B-47A9-AF17-63F293FCD2AC}.Release|Any CPU.Build.0 = Release|Any CPU
		{E25A9AEE-BC01-4F9C-922D-98B019BF2F7B}.Debug|Any CPU.ActiveCfg = Debug|Any CPU
		{E25A9AEE-BC01-4F9C-922D-98B019BF2F7B}.Debug|Any CPU.Build.0 = Debug|Any CPU
		{E25A9AEE-BC01-4F9C-922D-98B019BF2F7B}.Release|Any CPU.ActiveCfg = Release|Any CPU
		{E25A9AEE-BC01-4F9C-922D-98B019BF2F7B}.Release|Any CPU.Build.0 = Release|Any CPU
		{FC9BB2CD-CCAB-4628-8D88-563E90F4D976}.Debug|Any CPU.ActiveCfg = Debug|Any CPU
		{FC9BB2CD-CCAB-4628-8D88-563E90F4D976}.Debug|Any CPU.Build.0 = Debug|Any CPU
		{FC9BB2CD-CCAB-4628-8D88-563E90F4D976}.Release|Any CPU.ActiveCfg = Release|Any CPU
		{FC9BB2CD-CCAB-4628-8D88-563E90F4D976}.Release|Any CPU.Build.0 = Release|Any CPU
		{CB247783-6C71-45EF-B2FA-6D078989B487}.Debug|Any CPU.ActiveCfg = Debug|Any CPU
		{CB247783-6C71-45EF-B2FA-6D078989B487}.Debug|Any CPU.Build.0 = Debug|Any CPU
		{CB247783-6C71-45EF-B2FA-6D078989B487}.Release|Any CPU.ActiveCfg = Release|Any CPU
		{CB247783-6C71-45EF-B2FA-6D078989B487}.Release|Any CPU.Build.0 = Release|Any CPU
		{2D1986BF-A37A-4C7D-B3EB-F29E57E4D07D}.Debug|Any CPU.ActiveCfg = Debug|Any CPU
		{2D1986BF-A37A-4C7D-B3EB-F29E57E4D07D}.Debug|Any CPU.Build.0 = Debug|Any CPU
		{2D1986BF-A37A-4C7D-B3EB-F29E57E4D07D}.Release|Any CPU.ActiveCfg = Release|Any CPU
		{2D1986BF-A37A-4C7D-B3EB-F29E57E4D07D}.Release|Any CPU.Build.0 = Release|Any CPU
		{5B106D09-A74F-4547-8735-D2A67784138F}.Debug|Any CPU.ActiveCfg = Debug|Any CPU
		{5B106D09-A74F-4547-8735-D2A67784138F}.Debug|Any CPU.Build.0 = Debug|Any CPU
		{5B106D09-A74F-4547-8735-D2A67784138F}.Release|Any CPU.ActiveCfg = Release|Any CPU
		{5B106D09-A74F-4547-8735-D2A67784138F}.Release|Any CPU.Build.0 = Release|Any CPU
		{11F507D5-DA41-466D-B009-C83C45726B9E}.Debug|Any CPU.ActiveCfg = Debug|Any CPU
		{11F507D5-DA41-466D-B009-C83C45726B9E}.Debug|Any CPU.Build.0 = Debug|Any CPU
		{11F507D5-DA41-466D-B009-C83C45726B9E}.Release|Any CPU.ActiveCfg = Release|Any CPU
		{11F507D5-DA41-466D-B009-C83C45726B9E}.Release|Any CPU.Build.0 = Release|Any CPU
		{7B048BBE-5FDC-4306-9AE3-A9B7B77FD3F3}.Debug|Any CPU.ActiveCfg = Debug|Any CPU
		{7B048BBE-5FDC-4306-9AE3-A9B7B77FD3F3}.Debug|Any CPU.Build.0 = Debug|Any CPU
		{7B048BBE-5FDC-4306-9AE3-A9B7B77FD3F3}.Release|Any CPU.ActiveCfg = Release|Any CPU
		{7B048BBE-5FDC-4306-9AE3-A9B7B77FD3F3}.Release|Any CPU.Build.0 = Release|Any CPU
		{273D42CF-767A-4E8E-8558-145C6BAA5F72}.Debug|Any CPU.ActiveCfg = Debug|Any CPU
		{273D42CF-767A-4E8E-8558-145C6BAA5F72}.Debug|Any CPU.Build.0 = Debug|Any CPU
		{273D42CF-767A-4E8E-8558-145C6BAA5F72}.Release|Any CPU.ActiveCfg = Release|Any CPU
		{273D42CF-767A-4E8E-8558-145C6BAA5F72}.Release|Any CPU.Build.0 = Release|Any CPU
		{138D730C-7C3C-492E-8419-D42CDF5FE28E}.Debug|Any CPU.ActiveCfg = Debug|Any CPU
		{138D730C-7C3C-492E-8419-D42CDF5FE28E}.Debug|Any CPU.Build.0 = Debug|Any CPU
		{138D730C-7C3C-492E-8419-D42CDF5FE28E}.Release|Any CPU.ActiveCfg = Release|Any CPU
		{138D730C-7C3C-492E-8419-D42CDF5FE28E}.Release|Any CPU.Build.0 = Release|Any CPU
		{6D15ACAA-161D-4009-9473-1A0B7E894250}.Debug|Any CPU.ActiveCfg = Debug|Any CPU
		{6D15ACAA-161D-4009-9473-1A0B7E894250}.Debug|Any CPU.Build.0 = Debug|Any CPU
		{6D15ACAA-161D-4009-9473-1A0B7E894250}.Release|Any CPU.ActiveCfg = Release|Any CPU
		{6D15ACAA-161D-4009-9473-1A0B7E894250}.Release|Any CPU.Build.0 = Release|Any CPU
		{C21718E5-D996-47B1-99D0-F4CA4DEA75E4}.Debug|Any CPU.ActiveCfg = Debug|Any CPU
		{C21718E5-D996-47B1-99D0-F4CA4DEA75E4}.Debug|Any CPU.Build.0 = Debug|Any CPU
		{C21718E5-D996-47B1-99D0-F4CA4DEA75E4}.Release|Any CPU.ActiveCfg = Release|Any CPU
		{C21718E5-D996-47B1-99D0-F4CA4DEA75E4}.Release|Any CPU.Build.0 = Release|Any CPU
		{DC78580E-8456-40A5-8995-8F9D434D8D44}.Debug|Any CPU.ActiveCfg = Debug|Any CPU
		{DC78580E-8456-40A5-8995-8F9D434D8D44}.Debug|Any CPU.Build.0 = Debug|Any CPU
		{DC78580E-8456-40A5-8995-8F9D434D8D44}.Release|Any CPU.ActiveCfg = Release|Any CPU
		{DC78580E-8456-40A5-8995-8F9D434D8D44}.Release|Any CPU.Build.0 = Release|Any CPU
		{A2E1BBAB-0259-4173-9C66-80A46B8B65B2}.Debug|Any CPU.ActiveCfg = Debug|Any CPU
		{A2E1BBAB-0259-4173-9C66-80A46B8B65B2}.Debug|Any CPU.Build.0 = Debug|Any CPU
		{A2E1BBAB-0259-4173-9C66-80A46B8B65B2}.Release|Any CPU.ActiveCfg = Release|Any CPU
		{A2E1BBAB-0259-4173-9C66-80A46B8B65B2}.Release|Any CPU.Build.0 = Release|Any CPU
		{086BC40C-6278-43D3-B5DF-2505C72F2499}.Debug|Any CPU.ActiveCfg = Debug|Any CPU
		{086BC40C-6278-43D3-B5DF-2505C72F2499}.Debug|Any CPU.Build.0 = Debug|Any CPU
		{086BC40C-6278-43D3-B5DF-2505C72F2499}.Release|Any CPU.ActiveCfg = Release|Any CPU
		{086BC40C-6278-43D3-B5DF-2505C72F2499}.Release|Any CPU.Build.0 = Release|Any CPU
		{4161A9FB-DB96-4CD0-BFE4-118427DBF3FA}.Debug|Any CPU.ActiveCfg = Debug|Any CPU
		{4161A9FB-DB96-4CD0-BFE4-118427DBF3FA}.Debug|Any CPU.Build.0 = Debug|Any CPU
		{4161A9FB-DB96-4CD0-BFE4-118427DBF3FA}.Release|Any CPU.ActiveCfg = Release|Any CPU
		{4161A9FB-DB96-4CD0-BFE4-118427DBF3FA}.Release|Any CPU.Build.0 = Release|Any CPU
		{058EA0C0-39D6-45FB-BC66-42401375FC7F}.Debug|Any CPU.ActiveCfg = Debug|Any CPU
		{058EA0C0-39D6-45FB-BC66-42401375FC7F}.Debug|Any CPU.Build.0 = Debug|Any CPU
		{058EA0C0-39D6-45FB-BC66-42401375FC7F}.Release|Any CPU.ActiveCfg = Release|Any CPU
		{058EA0C0-39D6-45FB-BC66-42401375FC7F}.Release|Any CPU.Build.0 = Release|Any CPU
		{A4255F43-05AE-FE9A-FE63-1078A38734E8}.Debug|Any CPU.ActiveCfg = Debug|Any CPU
		{A4255F43-05AE-FE9A-FE63-1078A38734E8}.Debug|Any CPU.Build.0 = Debug|Any CPU
		{A4255F43-05AE-FE9A-FE63-1078A38734E8}.Release|Any CPU.ActiveCfg = Release|Any CPU
		{A4255F43-05AE-FE9A-FE63-1078A38734E8}.Release|Any CPU.Build.0 = Release|Any CPU
		{8428A100-C12E-C60B-D717-0BC6BD0D7C97}.Debug|Any CPU.ActiveCfg = Debug|Any CPU
		{8428A100-C12E-C60B-D717-0BC6BD0D7C97}.Debug|Any CPU.Build.0 = Debug|Any CPU
		{8428A100-C12E-C60B-D717-0BC6BD0D7C97}.Release|Any CPU.ActiveCfg = Release|Any CPU
		{8428A100-C12E-C60B-D717-0BC6BD0D7C97}.Release|Any CPU.Build.0 = Release|Any CPU
		{EDB3ED4E-0E13-B67B-1430-D466E691A689}.Debug|Any CPU.ActiveCfg = Debug|Any CPU
		{EDB3ED4E-0E13-B67B-1430-D466E691A689}.Debug|Any CPU.Build.0 = Debug|Any CPU
		{EDB3ED4E-0E13-B67B-1430-D466E691A689}.Release|Any CPU.ActiveCfg = Release|Any CPU
		{EDB3ED4E-0E13-B67B-1430-D466E691A689}.Release|Any CPU.Build.0 = Release|Any CPU
	EndGlobalSection
	GlobalSection(SolutionProperties) = preSolution
		HideSolutionNode = FALSE
	EndGlobalSection
	GlobalSection(ExtensibilityGlobals) = postSolution
		SolutionGuid = {2EDB5938-0D3C-461E-BCDD-2BE6EC1D85C6}
	EndGlobalSection
EndGlobal
