
Microsoft Visual Studio Solution File, Format Version 12.00
# Visual Studio Version 17
VisualStudioVersion = 17.0.32112.339
MinimumVisualStudioVersion = 10.0.40219.1
Project("{9A19103F-16F7-4668-BE54-9A1E7A4F7556}") = "Craft.Logging", "..\Craft\Craft.Logging\Craft.Logging.csproj", "{4B027CBD-3FD0-4A8F-828F-CA3D56AB2E5A}"
EndProject
Project("{9A19103F-16F7-4668-BE54-9A1E7A4F7556}") = "Craft.Persistence", "..\Craft\Craft.Persistence\Craft.Persistence.csproj", "{C88E4626-8B45-47E4-99A3-97A51502B45E}"
EndProject
Project("{9A19103F-16F7-4668-BE54-9A1E7A4F7556}") = "PR.Domain", "PR.Domain\PR.Domain.csproj", "{99F78784-4B49-41BC-88D4-972EAD85F968}"
EndProject
Project("{9A19103F-16F7-4668-BE54-9A1E7A4F7556}") = "PR.Persistence", "PR.Persistence\PR.Persistence.csproj", "{C23DEFA8-E75B-49E8-917A-8E46609E4F1A}"
EndProject
Project("{9A19103F-16F7-4668-BE54-9A1E7A4F7556}") = "PR.Persistence.EntityFrameworkCore.SqlServer", "PR.Persistence.EntityFrameworkCore.SqlServer\PR.Persistence.EntityFrameworkCore.SqlServer.csproj", "{24D95C75-9397-4B69-8678-E211358FEBCC}"
EndProject
Project("{9A19103F-16F7-4668-BE54-9A1E7A4F7556}") = "PR.IO", "PR.IO\PR.IO.csproj", "{507122B5-6F52-4FF4-B639-697782E0615E}"
EndProject
Project("{9A19103F-16F7-4668-BE54-9A1E7A4F7556}") = "PR.Application", "PR.Application\PR.Application.csproj", "{9CC5B1D8-60D3-45DE-AE62-2FD0FBE6DC74}"
EndProject
Project("{9A19103F-16F7-4668-BE54-9A1E7A4F7556}") = "PR.UI.Console", "PR.UI.Console\PR.UI.Console.csproj", "{D329B3CB-CF03-4B26-81EF-3208C6DACB9D}"
EndProject
Project("{9A19103F-16F7-4668-BE54-9A1E7A4F7556}") = "Craft.Persistence.EntityFrameworkCore", "..\Craft\Craft.Persistence.EntityFrameworkCore\Craft.Persistence.EntityFrameworkCore.csproj", "{D30CA8E7-38E1-41A5-940D-680E7D46A306}"
EndProject
Project("{9A19103F-16F7-4668-BE54-9A1E7A4F7556}") = "Craft.Logging.Log4Net", "..\Craft\Craft.Logging.Log4Net\Craft.Logging.Log4Net.csproj", "{93AFE2FE-8DA2-4909-A93E-FB5C8AC8C749}"
EndProject
Project("{9A19103F-16F7-4668-BE54-9A1E7A4F7556}") = "PR.Persistence.EntityFrameworkCore.Sqlite", "PR.Persistence.EntityFrameworkCore.Sqlite\PR.Persistence.EntityFrameworkCore.Sqlite.csproj", "{83832CA8-0A51-447C-A0A1-CE47E3318E4B}"
EndProject
Project("{9A19103F-16F7-4668-BE54-9A1E7A4F7556}") = "PR.Persistence.EntityFrameworkCore.PostgreSQL", "PR.Persistence.EntityFrameworkCore.PostgreSQL\PR.Persistence.EntityFrameworkCore.PostgreSQL.csproj", "{F7DDFBEC-2961-49ED-BE05-C5F2F0441EB5}"
EndProject
Project("{2150E333-8FDC-42A3-9474-1A3956D46DE8}") = "Solution Items", "Solution Items", "{AB7D95F8-C937-4CEF-9D22-36D781426970}"
	ProjectSection(SolutionItems) = preProject
		BackLog.txt = BackLog.txt
	EndProjectSection
EndProject
Project("{9A19103F-16F7-4668-BE54-9A1E7A4F7556}") = "PR.IO.UnitTest", "PR.IO.UnitTest\PR.IO.UnitTest.csproj", "{B173AC5F-42BD-4061-988A-365A6DE89F1D}"
EndProject
Project("{9A19103F-16F7-4668-BE54-9A1E7A4F7556}") = "Craft.IO.Utils", "..\Craft\Craft.IO.Utils\Craft.IO.Utils.csproj", "{8C92D828-4149-4C42-80D6-1385CC00B7C5}"
EndProject
Project("{9A19103F-16F7-4668-BE54-9A1E7A4F7556}") = "PR.ViewModel", "PR.ViewModel\PR.ViewModel.csproj", "{93AF5F38-DF6B-45B9-978D-99AE81C05E34}"
EndProject
Project("{9A19103F-16F7-4668-BE54-9A1E7A4F7556}") = "Craft.ViewModels", "..\Craft\Craft.ViewModels\Craft.ViewModels.csproj", "{5022098A-0F88-468B-A3B4-E2C8E247A342}"
EndProject
Project("{9A19103F-16F7-4668-BE54-9A1E7A4F7556}") = "Craft.Utils", "..\Craft\Craft.Utils\Craft.Utils.csproj", "{F2A39CDA-D43B-4D73-A382-9ADD0BC29AF2}"
EndProject
Project("{9A19103F-16F7-4668-BE54-9A1E7A4F7556}") = "Craft.ViewModel.Utils", "..\Craft\Craft.ViewModel.Utils\Craft.ViewModel.Utils.csproj", "{8AA976BF-5249-4870-9600-BC225FEA7202}"
EndProject
Project("{9A19103F-16F7-4668-BE54-9A1E7A4F7556}") = "Craft.UI.Utils", "..\Craft\Craft.UI.Utils\Craft.UI.Utils.csproj", "{0E57F576-FD0D-48BF-ABE3-7C1CE7AE7F8C}"
EndProject
Project("{9A19103F-16F7-4668-BE54-9A1E7A4F7556}") = "PR.UI.WPF", "PR.UI.WPF\PR.UI.WPF.csproj", "{7B338DED-21C1-4A9B-95BD-32C361490E5C}"
EndProject
Project("{9A19103F-16F7-4668-BE54-9A1E7A4F7556}") = "Craft.UIElements", "..\Craft\Craft.UIElements\Craft.UIElements.csproj", "{55EC76ED-A75C-48BB-9866-41727E54DCF9}"
EndProject
Project("{9A19103F-16F7-4668-BE54-9A1E7A4F7556}") = "PR.Web.Persistence", "PR.Web.Persistence\PR.Web.Persistence.csproj", "{FE443996-F519-4571-9176-A674EB5F793B}"
EndProject
Project("{9A19103F-16F7-4668-BE54-9A1E7A4F7556}") = "PR.Web.Application", "PR.Web.Application\PR.Web.Application.csproj", "{3859A415-5A63-4985-A024-72A4F0046776}"
EndProject
Project("{9A19103F-16F7-4668-BE54-9A1E7A4F7556}") = "PR.Web.Infrastructure", "PR.Web.Infrastructure\PR.Web.Infrastructure.csproj", "{10F33C6E-F07C-4239-A0B8-EF0F683ECC2D}"
EndProject
Project("{9A19103F-16F7-4668-BE54-9A1E7A4F7556}") = "PR.Web.API", "PR.Web.API\PR.Web.API.csproj", "{2BB6BB72-E5ED-4D0F-9A81-A08C296D2BA3}"
EndProject
Project("{9A19103F-16F7-4668-BE54-9A1E7A4F7556}") = "PR.Persistence.EntityFrameworkCore.Helper", "PR.Persistence.EntityFrameworkCore.Helper\PR.Persistence.EntityFrameworkCore.Helper.csproj", "{CE629DE2-1ED7-4E84-A7C7-7910D72734E6}"
EndProject
Project("{9A19103F-16F7-4668-BE54-9A1E7A4F7556}") = "Craft.DataStructures", "..\Craft\Craft.DataStructures\Craft.DataStructures.csproj", "{589E7933-51BE-4499-9640-EE389E1E78C2}"
EndProject
Project("{9A19103F-16F7-4668-BE54-9A1E7A4F7556}") = "Craft.DataStructures.IO", "..\Craft\Craft.DataStructures.IO\Craft.DataStructures.IO.csproj", "{7BB6054B-772C-4BC6-A915-817F73109E99}"
EndProject
Global
	GlobalSection(SolutionConfigurationPlatforms) = preSolution
		Debug|Any CPU = Debug|Any CPU
		Release|Any CPU = Release|Any CPU
	EndGlobalSection
	GlobalSection(ProjectConfigurationPlatforms) = postSolution
		{4B027CBD-3FD0-4A8F-828F-CA3D56AB2E5A}.Debug|Any CPU.ActiveCfg = Debug|Any CPU
		{4B027CBD-3FD0-4A8F-828F-CA3D56AB2E5A}.Debug|Any CPU.Build.0 = Debug|Any CPU
		{4B027CBD-3FD0-4A8F-828F-CA3D56AB2E5A}.Release|Any CPU.ActiveCfg = Release|Any CPU
		{4B027CBD-3FD0-4A8F-828F-CA3D56AB2E5A}.Release|Any CPU.Build.0 = Release|Any CPU
		{C88E4626-8B45-47E4-99A3-97A51502B45E}.Debug|Any CPU.ActiveCfg = Debug|Any CPU
		{C88E4626-8B45-47E4-99A3-97A51502B45E}.Debug|Any CPU.Build.0 = Debug|Any CPU
		{C88E4626-8B45-47E4-99A3-97A51502B45E}.Release|Any CPU.ActiveCfg = Release|Any CPU
		{C88E4626-8B45-47E4-99A3-97A51502B45E}.Release|Any CPU.Build.0 = Release|Any CPU
		{99F78784-4B49-41BC-88D4-972EAD85F968}.Debug|Any CPU.ActiveCfg = Debug|Any CPU
		{99F78784-4B49-41BC-88D4-972EAD85F968}.Debug|Any CPU.Build.0 = Debug|Any CPU
		{99F78784-4B49-41BC-88D4-972EAD85F968}.Release|Any CPU.ActiveCfg = Release|Any CPU
		{99F78784-4B49-41BC-88D4-972EAD85F968}.Release|Any CPU.Build.0 = Release|Any CPU
		{C23DEFA8-E75B-49E8-917A-8E46609E4F1A}.Debug|Any CPU.ActiveCfg = Debug|Any CPU
		{C23DEFA8-E75B-49E8-917A-8E46609E4F1A}.Debug|Any CPU.Build.0 = Debug|Any CPU
		{C23DEFA8-E75B-49E8-917A-8E46609E4F1A}.Release|Any CPU.ActiveCfg = Release|Any CPU
		{C23DEFA8-E75B-49E8-917A-8E46609E4F1A}.Release|Any CPU.Build.0 = Release|Any CPU
		{24D95C75-9397-4B69-8678-E211358FEBCC}.Debug|Any CPU.ActiveCfg = Debug|Any CPU
		{24D95C75-9397-4B69-8678-E211358FEBCC}.Debug|Any CPU.Build.0 = Debug|Any CPU
		{24D95C75-9397-4B69-8678-E211358FEBCC}.Release|Any CPU.ActiveCfg = Release|Any CPU
		{24D95C75-9397-4B69-8678-E211358FEBCC}.Release|Any CPU.Build.0 = Release|Any CPU
		{507122B5-6F52-4FF4-B639-697782E0615E}.Debug|Any CPU.ActiveCfg = Debug|Any CPU
		{507122B5-6F52-4FF4-B639-697782E0615E}.Debug|Any CPU.Build.0 = Debug|Any CPU
		{507122B5-6F52-4FF4-B639-697782E0615E}.Release|Any CPU.ActiveCfg = Release|Any CPU
		{507122B5-6F52-4FF4-B639-697782E0615E}.Release|Any CPU.Build.0 = Release|Any CPU
		{9CC5B1D8-60D3-45DE-AE62-2FD0FBE6DC74}.Debug|Any CPU.ActiveCfg = Debug|Any CPU
		{9CC5B1D8-60D3-45DE-AE62-2FD0FBE6DC74}.Debug|Any CPU.Build.0 = Debug|Any CPU
		{9CC5B1D8-60D3-45DE-AE62-2FD0FBE6DC74}.Release|Any CPU.ActiveCfg = Release|Any CPU
		{9CC5B1D8-60D3-45DE-AE62-2FD0FBE6DC74}.Release|Any CPU.Build.0 = Release|Any CPU
		{D329B3CB-CF03-4B26-81EF-3208C6DACB9D}.Debug|Any CPU.ActiveCfg = Debug|Any CPU
		{D329B3CB-CF03-4B26-81EF-3208C6DACB9D}.Debug|Any CPU.Build.0 = Debug|Any CPU
		{D329B3CB-CF03-4B26-81EF-3208C6DACB9D}.Release|Any CPU.ActiveCfg = Release|Any CPU
		{D329B3CB-CF03-4B26-81EF-3208C6DACB9D}.Release|Any CPU.Build.0 = Release|Any CPU
		{D30CA8E7-38E1-41A5-940D-680E7D46A306}.Debug|Any CPU.ActiveCfg = Debug|Any CPU
		{D30CA8E7-38E1-41A5-940D-680E7D46A306}.Debug|Any CPU.Build.0 = Debug|Any CPU
		{D30CA8E7-38E1-41A5-940D-680E7D46A306}.Release|Any CPU.ActiveCfg = Release|Any CPU
		{D30CA8E7-38E1-41A5-940D-680E7D46A306}.Release|Any CPU.Build.0 = Release|Any CPU
		{93AFE2FE-8DA2-4909-A93E-FB5C8AC8C749}.Debug|Any CPU.ActiveCfg = Debug|Any CPU
		{93AFE2FE-8DA2-4909-A93E-FB5C8AC8C749}.Debug|Any CPU.Build.0 = Debug|Any CPU
		{93AFE2FE-8DA2-4909-A93E-FB5C8AC8C749}.Release|Any CPU.ActiveCfg = Release|Any CPU
		{93AFE2FE-8DA2-4909-A93E-FB5C8AC8C749}.Release|Any CPU.Build.0 = Release|Any CPU
		{83832CA8-0A51-447C-A0A1-CE47E3318E4B}.Debug|Any CPU.ActiveCfg = Debug|Any CPU
		{83832CA8-0A51-447C-A0A1-CE47E3318E4B}.Debug|Any CPU.Build.0 = Debug|Any CPU
		{83832CA8-0A51-447C-A0A1-CE47E3318E4B}.Release|Any CPU.ActiveCfg = Release|Any CPU
		{83832CA8-0A51-447C-A0A1-CE47E3318E4B}.Release|Any CPU.Build.0 = Release|Any CPU
		{F7DDFBEC-2961-49ED-BE05-C5F2F0441EB5}.Debug|Any CPU.ActiveCfg = Debug|Any CPU
		{F7DDFBEC-2961-49ED-BE05-C5F2F0441EB5}.Debug|Any CPU.Build.0 = Debug|Any CPU
		{F7DDFBEC-2961-49ED-BE05-C5F2F0441EB5}.Release|Any CPU.ActiveCfg = Release|Any CPU
		{F7DDFBEC-2961-49ED-BE05-C5F2F0441EB5}.Release|Any CPU.Build.0 = Release|Any CPU
		{B173AC5F-42BD-4061-988A-365A6DE89F1D}.Debug|Any CPU.ActiveCfg = Debug|Any CPU
		{B173AC5F-42BD-4061-988A-365A6DE89F1D}.Debug|Any CPU.Build.0 = Debug|Any CPU
		{B173AC5F-42BD-4061-988A-365A6DE89F1D}.Release|Any CPU.ActiveCfg = Release|Any CPU
		{B173AC5F-42BD-4061-988A-365A6DE89F1D}.Release|Any CPU.Build.0 = Release|Any CPU
		{8C92D828-4149-4C42-80D6-1385CC00B7C5}.Debug|Any CPU.ActiveCfg = Debug|Any CPU
		{8C92D828-4149-4C42-80D6-1385CC00B7C5}.Debug|Any CPU.Build.0 = Debug|Any CPU
		{8C92D828-4149-4C42-80D6-1385CC00B7C5}.Release|Any CPU.ActiveCfg = Release|Any CPU
		{8C92D828-4149-4C42-80D6-1385CC00B7C5}.Release|Any CPU.Build.0 = Release|Any CPU
		{93AF5F38-DF6B-45B9-978D-99AE81C05E34}.Debug|Any CPU.ActiveCfg = Debug|Any CPU
		{93AF5F38-DF6B-45B9-978D-99AE81C05E34}.Debug|Any CPU.Build.0 = Debug|Any CPU
		{93AF5F38-DF6B-45B9-978D-99AE81C05E34}.Release|Any CPU.ActiveCfg = Release|Any CPU
		{93AF5F38-DF6B-45B9-978D-99AE81C05E34}.Release|Any CPU.Build.0 = Release|Any CPU
		{5022098A-0F88-468B-A3B4-E2C8E247A342}.Debug|Any CPU.ActiveCfg = Debug|Any CPU
		{5022098A-0F88-468B-A3B4-E2C8E247A342}.Debug|Any CPU.Build.0 = Debug|Any CPU
		{5022098A-0F88-468B-A3B4-E2C8E247A342}.Release|Any CPU.ActiveCfg = Release|Any CPU
		{5022098A-0F88-468B-A3B4-E2C8E247A342}.Release|Any CPU.Build.0 = Release|Any CPU
		{F2A39CDA-D43B-4D73-A382-9ADD0BC29AF2}.Debug|Any CPU.ActiveCfg = Debug|Any CPU
		{F2A39CDA-D43B-4D73-A382-9ADD0BC29AF2}.Debug|Any CPU.Build.0 = Debug|Any CPU
		{F2A39CDA-D43B-4D73-A382-9ADD0BC29AF2}.Release|Any CPU.ActiveCfg = Release|Any CPU
		{F2A39CDA-D43B-4D73-A382-9ADD0BC29AF2}.Release|Any CPU.Build.0 = Release|Any CPU
		{8AA976BF-5249-4870-9600-BC225FEA7202}.Debug|Any CPU.ActiveCfg = Debug|Any CPU
		{8AA976BF-5249-4870-9600-BC225FEA7202}.Debug|Any CPU.Build.0 = Debug|Any CPU
		{8AA976BF-5249-4870-9600-BC225FEA7202}.Release|Any CPU.ActiveCfg = Release|Any CPU
		{8AA976BF-5249-4870-9600-BC225FEA7202}.Release|Any CPU.Build.0 = Release|Any CPU
		{0E57F576-FD0D-48BF-ABE3-7C1CE7AE7F8C}.Debug|Any CPU.ActiveCfg = Debug|Any CPU
		{0E57F576-FD0D-48BF-ABE3-7C1CE7AE7F8C}.Debug|Any CPU.Build.0 = Debug|Any CPU
		{0E57F576-FD0D-48BF-ABE3-7C1CE7AE7F8C}.Release|Any CPU.ActiveCfg = Release|Any CPU
		{0E57F576-FD0D-48BF-ABE3-7C1CE7AE7F8C}.Release|Any CPU.Build.0 = Release|Any CPU
		{7B338DED-21C1-4A9B-95BD-32C361490E5C}.Debug|Any CPU.ActiveCfg = Debug|Any CPU
		{7B338DED-21C1-4A9B-95BD-32C361490E5C}.Debug|Any CPU.Build.0 = Debug|Any CPU
		{7B338DED-21C1-4A9B-95BD-32C361490E5C}.Release|Any CPU.ActiveCfg = Release|Any CPU
		{7B338DED-21C1-4A9B-95BD-32C361490E5C}.Release|Any CPU.Build.0 = Release|Any CPU
		{55EC76ED-A75C-48BB-9866-41727E54DCF9}.Debug|Any CPU.ActiveCfg = Debug|Any CPU
		{55EC76ED-A75C-48BB-9866-41727E54DCF9}.Debug|Any CPU.Build.0 = Debug|Any CPU
		{55EC76ED-A75C-48BB-9866-41727E54DCF9}.Release|Any CPU.ActiveCfg = Release|Any CPU
		{55EC76ED-A75C-48BB-9866-41727E54DCF9}.Release|Any CPU.Build.0 = Release|Any CPU
		{FE443996-F519-4571-9176-A674EB5F793B}.Debug|Any CPU.ActiveCfg = Debug|Any CPU
		{FE443996-F519-4571-9176-A674EB5F793B}.Debug|Any CPU.Build.0 = Debug|Any CPU
		{FE443996-F519-4571-9176-A674EB5F793B}.Release|Any CPU.ActiveCfg = Release|Any CPU
		{FE443996-F519-4571-9176-A674EB5F793B}.Release|Any CPU.Build.0 = Release|Any CPU
		{3859A415-5A63-4985-A024-72A4F0046776}.Debug|Any CPU.ActiveCfg = Debug|Any CPU
		{3859A415-5A63-4985-A024-72A4F0046776}.Debug|Any CPU.Build.0 = Debug|Any CPU
		{3859A415-5A63-4985-A024-72A4F0046776}.Release|Any CPU.ActiveCfg = Release|Any CPU
		{3859A415-5A63-4985-A024-72A4F0046776}.Release|Any CPU.Build.0 = Release|Any CPU
		{10F33C6E-F07C-4239-A0B8-EF0F683ECC2D}.Debug|Any CPU.ActiveCfg = Debug|Any CPU
		{10F33C6E-F07C-4239-A0B8-EF0F683ECC2D}.Debug|Any CPU.Build.0 = Debug|Any CPU
		{10F33C6E-F07C-4239-A0B8-EF0F683ECC2D}.Release|Any CPU.ActiveCfg = Release|Any CPU
		{10F33C6E-F07C-4239-A0B8-EF0F683ECC2D}.Release|Any CPU.Build.0 = Release|Any CPU
		{2BB6BB72-E5ED-4D0F-9A81-A08C296D2BA3}.Debug|Any CPU.ActiveCfg = Debug|Any CPU
		{2BB6BB72-E5ED-4D0F-9A81-A08C296D2BA3}.Debug|Any CPU.Build.0 = Debug|Any CPU
		{2BB6BB72-E5ED-4D0F-9A81-A08C296D2BA3}.Release|Any CPU.ActiveCfg = Release|Any CPU
		{2BB6BB72-E5ED-4D0F-9A81-A08C296D2BA3}.Release|Any CPU.Build.0 = Release|Any CPU
		{CE629DE2-1ED7-4E84-A7C7-7910D72734E6}.Debug|Any CPU.ActiveCfg = Debug|Any CPU
		{CE629DE2-1ED7-4E84-A7C7-7910D72734E6}.Debug|Any CPU.Build.0 = Debug|Any CPU
		{CE629DE2-1ED7-4E84-A7C7-7910D72734E6}.Release|Any CPU.ActiveCfg = Release|Any CPU
		{CE629DE2-1ED7-4E84-A7C7-7910D72734E6}.Release|Any CPU.Build.0 = Release|Any CPU
		{589E7933-51BE-4499-9640-EE389E1E78C2}.Debug|Any CPU.ActiveCfg = Debug|Any CPU
		{589E7933-51BE-4499-9640-EE389E1E78C2}.Debug|Any CPU.Build.0 = Debug|Any CPU
		{589E7933-51BE-4499-9640-EE389E1E78C2}.Release|Any CPU.ActiveCfg = Release|Any CPU
		{589E7933-51BE-4499-9640-EE389E1E78C2}.Release|Any CPU.Build.0 = Release|Any CPU
		{7BB6054B-772C-4BC6-A915-817F73109E99}.Debug|Any CPU.ActiveCfg = Debug|Any CPU
		{7BB6054B-772C-4BC6-A915-817F73109E99}.Debug|Any CPU.Build.0 = Debug|Any CPU
		{7BB6054B-772C-4BC6-A915-817F73109E99}.Release|Any CPU.ActiveCfg = Release|Any CPU
		{7BB6054B-772C-4BC6-A915-817F73109E99}.Release|Any CPU.Build.0 = Release|Any CPU
	EndGlobalSection
	GlobalSection(SolutionProperties) = preSolution
		HideSolutionNode = FALSE
	EndGlobalSection
	GlobalSection(ExtensibilityGlobals) = postSolution
		SolutionGuid = {0AEF09A3-033B-4649-B832-3983E8363C84}
	EndGlobalSection
EndGlobal
