
Microsoft Visual Studio Solution File, Format Version 12.00
# Visual Studio Version 17
VisualStudioVersion = 17.6.33829.357
MinimumVisualStudioVersion = 10.0.40219.1
Project("{9A19103F-16F7-4668-BE54-9A1E7A4F7556}") = "Games.Race.Application", "Games.Race.Application\Games.Race.Application.csproj", "{5861D37E-5A9C-4D19-9007-96E07839D5D2}"
EndProject
Project("{9A19103F-16F7-4668-BE54-9A1E7A4F7556}") = "Games.Race.Application.UnitTest", "Games.Race.Application.UnitTest\Games.Race.Application.UnitTest.csproj", "{9CA3523F-ABA0-4D85-AD76-E5FB4436B03E}"
EndProject
Project("{9A19103F-16F7-4668-BE54-9A1E7A4F7556}") = "Games.Pig.Application", "Games.Pig.Application\Games.Pig.Application.csproj", "{1311AAA8-844E-459E-8CA9-59086A56A254}"
EndProject
Project("{9A19103F-16F7-4668-BE54-9A1E7A4F7556}") = "Games.Pig.Application.UnitTest", "Games.Pig.Application.UnitTest\Games.Pig.Application.UnitTest.csproj", "{F7662D4D-5DC6-4D63-8865-A6282C3161CE}"
EndProject
Project("{9A19103F-16F7-4668-BE54-9A1E7A4F7556}") = "Games.Pig.UI.Console", "Games.Pig.UI.Console\Games.Pig.UI.Console.csproj", "{D509709D-583A-4FB5-A76B-71C5B3CA8C26}"
EndProject
Project("{2150E333-8FDC-42A3-9474-1A3956D46DE8}") = "Solution Items", "Solution Items", "{6A729A33-78C0-44EC-8EFC-A7E9E179EAD0}"
	ProjectSection(SolutionItems) = preProject
		Backlog.txt = Backlog.txt
	EndProjectSection
EndProject
Project("{9A19103F-16F7-4668-BE54-9A1E7A4F7556}") = "Games.Pig.UI.WPF", "Games.Pig.UI.WPF\Games.Pig.UI.WPF.csproj", "{51AB0C12-B08C-4DE8-B097-17DEAC8C8A89}"
EndProject
Project("{9A19103F-16F7-4668-BE54-9A1E7A4F7556}") = "Craft.ViewModel.Utils", "..\Craft\Craft.ViewModel.Utils\Craft.ViewModel.Utils.csproj", "{FC23B78B-1A2D-49BF-AEF1-865D69930355}"
EndProject
Project("{9A19103F-16F7-4668-BE54-9A1E7A4F7556}") = "Craft.Logging", "..\Craft\Craft.Logging\Craft.Logging.csproj", "{C0EA2F5B-083C-4383-B4DD-A121B3967BA3}"
EndProject
Project("{9A19103F-16F7-4668-BE54-9A1E7A4F7556}") = "Craft.UI.Utils", "..\Craft\Craft.UI.Utils\Craft.UI.Utils.csproj", "{603DFA70-2052-4A7C-BECA-10C193D19032}"
EndProject
Project("{9A19103F-16F7-4668-BE54-9A1E7A4F7556}") = "Craft.Utils", "..\Craft\Craft.Utils\Craft.Utils.csproj", "{061AE3A0-581F-406E-A186-5D6DFC5BAACF}"
EndProject
Project("{9A19103F-16F7-4668-BE54-9A1E7A4F7556}") = "Craft.Logging.Log4Net", "..\Craft\Craft.Logging.Log4Net\Craft.Logging.Log4Net.csproj", "{012DDBB1-8F42-4AFA-B1C8-8F011422B616}"
EndProject
Project("{9A19103F-16F7-4668-BE54-9A1E7A4F7556}") = "Craft.ViewModels", "..\Craft\Craft.ViewModels\Craft.ViewModels.csproj", "{D4DBE80D-6BBF-4EF9-A2BB-FB3BD53DA276}"
EndProject
Project("{9A19103F-16F7-4668-BE54-9A1E7A4F7556}") = "Craft.DataStructures", "..\Craft\Craft.DataStructures\Craft.DataStructures.csproj", "{E1068328-C34E-43E1-B8CA-6CFE74B3BF9F}"
EndProject
Project("{9A19103F-16F7-4668-BE54-9A1E7A4F7556}") = "Craft.UIElements", "..\Craft\Craft.UIElements\Craft.UIElements.csproj", "{D2B75C64-6708-4D75-83B8-C67EDCBAFFF7}"
EndProject
Project("{FAE04EC0-301F-11D3-BF4B-00C04F79EFBC}") = "Games.Pig.ViewModel", "Games.Pig.ViewModel\Games.Pig.ViewModel.csproj", "{EBFFB5BE-E972-4D9E-A7C6-945CC1AFF06E}"
EndProject
Global
	GlobalSection(SolutionConfigurationPlatforms) = preSolution
		Debug|Any CPU = Debug|Any CPU
		Release|Any CPU = Release|Any CPU
	EndGlobalSection
	GlobalSection(ProjectConfigurationPlatforms) = postSolution
		{5861D37E-5A9C-4D19-9007-96E07839D5D2}.Debug|Any CPU.ActiveCfg = Debug|Any CPU
		{5861D37E-5A9C-4D19-9007-96E07839D5D2}.Debug|Any CPU.Build.0 = Debug|Any CPU
		{5861D37E-5A9C-4D19-9007-96E07839D5D2}.Release|Any CPU.ActiveCfg = Release|Any CPU
		{5861D37E-5A9C-4D19-9007-96E07839D5D2}.Release|Any CPU.Build.0 = Release|Any CPU
		{9CA3523F-ABA0-4D85-AD76-E5FB4436B03E}.Debug|Any CPU.ActiveCfg = Debug|Any CPU
		{9CA3523F-ABA0-4D85-AD76-E5FB4436B03E}.Debug|Any CPU.Build.0 = Debug|Any CPU
		{9CA3523F-ABA0-4D85-AD76-E5FB4436B03E}.Release|Any CPU.ActiveCfg = Release|Any CPU
		{9CA3523F-ABA0-4D85-AD76-E5FB4436B03E}.Release|Any CPU.Build.0 = Release|Any CPU
		{1311AAA8-844E-459E-8CA9-59086A56A254}.Debug|Any CPU.ActiveCfg = Debug|Any CPU
		{1311AAA8-844E-459E-8CA9-59086A56A254}.Debug|Any CPU.Build.0 = Debug|Any CPU
		{1311AAA8-844E-459E-8CA9-59086A56A254}.Release|Any CPU.ActiveCfg = Release|Any CPU
		{1311AAA8-844E-459E-8CA9-59086A56A254}.Release|Any CPU.Build.0 = Release|Any CPU
		{F7662D4D-5DC6-4D63-8865-A6282C3161CE}.Debug|Any CPU.ActiveCfg = Debug|Any CPU
		{F7662D4D-5DC6-4D63-8865-A6282C3161CE}.Debug|Any CPU.Build.0 = Debug|Any CPU
		{F7662D4D-5DC6-4D63-8865-A6282C3161CE}.Release|Any CPU.ActiveCfg = Release|Any CPU
		{F7662D4D-5DC6-4D63-8865-A6282C3161CE}.Release|Any CPU.Build.0 = Release|Any CPU
		{D509709D-583A-4FB5-A76B-71C5B3CA8C26}.Debug|Any CPU.ActiveCfg = Debug|Any CPU
		{D509709D-583A-4FB5-A76B-71C5B3CA8C26}.Debug|Any CPU.Build.0 = Debug|Any CPU
		{D509709D-583A-4FB5-A76B-71C5B3CA8C26}.Release|Any CPU.ActiveCfg = Release|Any CPU
		{D509709D-583A-4FB5-A76B-71C5B3CA8C26}.Release|Any CPU.Build.0 = Release|Any CPU
		{51AB0C12-B08C-4DE8-B097-17DEAC8C8A89}.Debug|Any CPU.ActiveCfg = Debug|Any CPU
		{51AB0C12-B08C-4DE8-B097-17DEAC8C8A89}.Debug|Any CPU.Build.0 = Debug|Any CPU
		{51AB0C12-B08C-4DE8-B097-17DEAC8C8A89}.Release|Any CPU.ActiveCfg = Release|Any CPU
		{51AB0C12-B08C-4DE8-B097-17DEAC8C8A89}.Release|Any CPU.Build.0 = Release|Any CPU
		{FC23B78B-1A2D-49BF-AEF1-865D69930355}.Debug|Any CPU.ActiveCfg = Debug|Any CPU
		{FC23B78B-1A2D-49BF-AEF1-865D69930355}.Debug|Any CPU.Build.0 = Debug|Any CPU
		{FC23B78B-1A2D-49BF-AEF1-865D69930355}.Release|Any CPU.ActiveCfg = Release|Any CPU
		{FC23B78B-1A2D-49BF-AEF1-865D69930355}.Release|Any CPU.Build.0 = Release|Any CPU
		{C0EA2F5B-083C-4383-B4DD-A121B3967BA3}.Debug|Any CPU.ActiveCfg = Debug|Any CPU
		{C0EA2F5B-083C-4383-B4DD-A121B3967BA3}.Debug|Any CPU.Build.0 = Debug|Any CPU
		{C0EA2F5B-083C-4383-B4DD-A121B3967BA3}.Release|Any CPU.ActiveCfg = Release|Any CPU
		{C0EA2F5B-083C-4383-B4DD-A121B3967BA3}.Release|Any CPU.Build.0 = Release|Any CPU
		{603DFA70-2052-4A7C-BECA-10C193D19032}.Debug|Any CPU.ActiveCfg = Debug|Any CPU
		{603DFA70-2052-4A7C-BECA-10C193D19032}.Debug|Any CPU.Build.0 = Debug|Any CPU
		{603DFA70-2052-4A7C-BECA-10C193D19032}.Release|Any CPU.ActiveCfg = Release|Any CPU
		{603DFA70-2052-4A7C-BECA-10C193D19032}.Release|Any CPU.Build.0 = Release|Any CPU
		{061AE3A0-581F-406E-A186-5D6DFC5BAACF}.Debug|Any CPU.ActiveCfg = Debug|Any CPU
		{061AE3A0-581F-406E-A186-5D6DFC5BAACF}.Debug|Any CPU.Build.0 = Debug|Any CPU
		{061AE3A0-581F-406E-A186-5D6DFC5BAACF}.Release|Any CPU.ActiveCfg = Release|Any CPU
		{061AE3A0-581F-406E-A186-5D6DFC5BAACF}.Release|Any CPU.Build.0 = Release|Any CPU
		{012DDBB1-8F42-4AFA-B1C8-8F011422B616}.Debug|Any CPU.ActiveCfg = Debug|Any CPU
		{012DDBB1-8F42-4AFA-B1C8-8F011422B616}.Debug|Any CPU.Build.0 = Debug|Any CPU
		{012DDBB1-8F42-4AFA-B1C8-8F011422B616}.Release|Any CPU.ActiveCfg = Release|Any CPU
		{012DDBB1-8F42-4AFA-B1C8-8F011422B616}.Release|Any CPU.Build.0 = Release|Any CPU
		{D4DBE80D-6BBF-4EF9-A2BB-FB3BD53DA276}.Debug|Any CPU.ActiveCfg = Debug|Any CPU
		{D4DBE80D-6BBF-4EF9-A2BB-FB3BD53DA276}.Debug|Any CPU.Build.0 = Debug|Any CPU
		{D4DBE80D-6BBF-4EF9-A2BB-FB3BD53DA276}.Release|Any CPU.ActiveCfg = Release|Any CPU
		{D4DBE80D-6BBF-4EF9-A2BB-FB3BD53DA276}.Release|Any CPU.Build.0 = Release|Any CPU
		{E1068328-C34E-43E1-B8CA-6CFE74B3BF9F}.Debug|Any CPU.ActiveCfg = Debug|Any CPU
		{E1068328-C34E-43E1-B8CA-6CFE74B3BF9F}.Debug|Any CPU.Build.0 = Debug|Any CPU
		{E1068328-C34E-43E1-B8CA-6CFE74B3BF9F}.Release|Any CPU.ActiveCfg = Release|Any CPU
		{E1068328-C34E-43E1-B8CA-6CFE74B3BF9F}.Release|Any CPU.Build.0 = Release|Any CPU
		{D2B75C64-6708-4D75-83B8-C67EDCBAFFF7}.Debug|Any CPU.ActiveCfg = Debug|Any CPU
		{D2B75C64-6708-4D75-83B8-C67EDCBAFFF7}.Debug|Any CPU.Build.0 = Debug|Any CPU
		{D2B75C64-6708-4D75-83B8-C67EDCBAFFF7}.Release|Any CPU.ActiveCfg = Release|Any CPU
		{D2B75C64-6708-4D75-83B8-C67EDCBAFFF7}.Release|Any CPU.Build.0 = Release|Any CPU
		{EBFFB5BE-E972-4D9E-A7C6-945CC1AFF06E}.Debug|Any CPU.ActiveCfg = Debug|Any CPU
		{EBFFB5BE-E972-4D9E-A7C6-945CC1AFF06E}.Debug|Any CPU.Build.0 = Debug|Any CPU
		{EBFFB5BE-E972-4D9E-A7C6-945CC1AFF06E}.Release|Any CPU.ActiveCfg = Release|Any CPU
		{EBFFB5BE-E972-4D9E-A7C6-945CC1AFF06E}.Release|Any CPU.Build.0 = Release|Any CPU
	EndGlobalSection
	GlobalSection(SolutionProperties) = preSolution
		HideSolutionNode = FALSE
	EndGlobalSection
	GlobalSection(ExtensibilityGlobals) = postSolution
		SolutionGuid = {1B08EF24-6E42-4E88-B52D-D267B9FA7855}
	EndGlobalSection
EndGlobal
