
Microsoft Visual Studio Solution File, Format Version 12.00
# Visual Studio Version 17
VisualStudioVersion = 17.0.32112.339
MinimumVisualStudioVersion = 10.0.40219.1
Project("{9A19103F-16F7-4668-BE54-9A1E7A4F7556}") = "Craft.Logging", "..\Craft\Craft.Logging\Craft.Logging.csproj", "{4B027CBD-3FD0-4A8F-828F-CA3D56AB2E5A}"
EndProject
Project("{9A19103F-16F7-4668-BE54-9A1E7A4F7556}") = "Craft.Persistence", "..\Craft\Craft.Persistence\Craft.Persistence.csproj", "{C88E4626-8B45-47E4-99A3-97A51502B45E}"
EndProject
Project("{9A19103F-16F7-4668-BE54-9A1E7A4F7556}") = "PR.Domain", "PR.Domain\PR.Domain.csproj", "{99F78784-4B49-41BC-88D4-972EAD85F968}"
EndProject
Project("{9A19103F-16F7-4668-BE54-9A1E7A4F7556}") = "PR.Persistence", "PR.Persistence\PR.Persistence.csproj", "{C23DEFA8-E75B-49E8-917A-8E46609E4F1A}"
EndProject
Project("{9A19103F-16F7-4668-BE54-9A1E7A4F7556}") = "PR.IO", "PR.IO\PR.IO.csproj", "{507122B5-6F52-4FF4-B639-697782E0615E}"
EndProject
Project("{9A19103F-16F7-4668-BE54-9A1E7A4F7556}") = "PR.Application", "PR.Application\PR.Application.csproj", "{9CC5B1D8-60D3-45DE-AE62-2FD0FBE6DC74}"
EndProject
Project("{9A19103F-16F7-4668-BE54-9A1E7A4F7556}") = "PR.UI.Console", "PR.UI.Console\PR.UI.Console.csproj", "{D329B3CB-CF03-4B26-81EF-3208C6DACB9D}"
EndProject
Project("{9A19103F-16F7-4668-BE54-9A1E7A4F7556}") = "Craft.Persistence.EntityFrameworkCore", "..\Craft\Craft.Persistence.EntityFrameworkCore\Craft.Persistence.EntityFrameworkCore.csproj", "{D30CA8E7-38E1-41A5-940D-680E7D46A306}"
EndProject
Project("{9A19103F-16F7-4668-BE54-9A1E7A4F7556}") = "Craft.Logging.Log4Net", "..\Craft\Craft.Logging.Log4Net\Craft.Logging.Log4Net.csproj", "{93AFE2FE-8DA2-4909-A93E-FB5C8AC8C749}"
EndProject
Project("{9A19103F-16F7-4668-BE54-9A1E7A4F7556}") = "PR.Persistence.EntityFrameworkCore.Sqlite", "PR.Persistence.EntityFrameworkCore.Sqlite\PR.Persistence.EntityFrameworkCore.Sqlite.csproj", "{83832CA8-0A51-447C-A0A1-CE47E3318E4B}"
EndProject
Project("{2150E333-8FDC-42A3-9474-1A3956D46DE8}") = "Solution Items", "Solution Items", "{AB7D95F8-C937-4CEF-9D22-36D781426970}"
	ProjectSection(SolutionItems) = preProject
		BackLog.txt = BackLog.txt
		History.txt = History.txt
		HowTo.txt = HowTo.txt
		Requirements.txt = Requirements.txt
	EndProjectSection
EndProject
Project("{9A19103F-16F7-4668-BE54-9A1E7A4F7556}") = "PR.IO.UnitTest", "PR.IO.UnitTest\PR.IO.UnitTest.csproj", "{B173AC5F-42BD-4061-988A-365A6DE89F1D}"
EndProject
Project("{9A19103F-16F7-4668-BE54-9A1E7A4F7556}") = "Craft.IO.Utils", "..\Craft\Craft.IO.Utils\Craft.IO.Utils.csproj", "{8C92D828-4149-4C42-80D6-1385CC00B7C5}"
EndProject
Project("{9A19103F-16F7-4668-BE54-9A1E7A4F7556}") = "Craft.ViewModels", "..\Craft\Craft.ViewModels\Craft.ViewModels.csproj", "{5022098A-0F88-468B-A3B4-E2C8E247A342}"
EndProject
Project("{9A19103F-16F7-4668-BE54-9A1E7A4F7556}") = "Craft.Utils", "..\Craft\Craft.Utils\Craft.Utils.csproj", "{F2A39CDA-D43B-4D73-A382-9ADD0BC29AF2}"
EndProject
Project("{9A19103F-16F7-4668-BE54-9A1E7A4F7556}") = "Craft.ViewModel.Utils", "..\Craft\Craft.ViewModel.Utils\Craft.ViewModel.Utils.csproj", "{8AA976BF-5249-4870-9600-BC225FEA7202}"
EndProject
Project("{9A19103F-16F7-4668-BE54-9A1E7A4F7556}") = "Craft.UI.Utils", "..\Craft\Craft.UI.Utils\Craft.UI.Utils.csproj", "{0E57F576-FD0D-48BF-ABE3-7C1CE7AE7F8C}"
EndProject
Project("{9A19103F-16F7-4668-BE54-9A1E7A4F7556}") = "Craft.UIElements", "..\Craft\Craft.UIElements\Craft.UIElements.csproj", "{55EC76ED-A75C-48BB-9866-41727E54DCF9}"
EndProject
Project("{9A19103F-16F7-4668-BE54-9A1E7A4F7556}") = "PR.Persistence.EntityFrameworkCore.Helper", "PR.Persistence.EntityFrameworkCore.Helper\PR.Persistence.EntityFrameworkCore.Helper.csproj", "{CE629DE2-1ED7-4E84-A7C7-7910D72734E6}"
EndProject
Project("{9A19103F-16F7-4668-BE54-9A1E7A4F7556}") = "Craft.DataStructures", "..\Craft\Craft.DataStructures\Craft.DataStructures.csproj", "{589E7933-51BE-4499-9640-EE389E1E78C2}"
EndProject
Project("{9A19103F-16F7-4668-BE54-9A1E7A4F7556}") = "Craft.DataStructures.IO", "..\Craft\Craft.DataStructures.IO\Craft.DataStructures.IO.csproj", "{7BB6054B-772C-4BC6-A915-817F73109E99}"
EndProject
Project("{9A19103F-16F7-4668-BE54-9A1E7A4F7556}") = "PR.Persistence.EntityFrameworkCore", "PR.Persistence.EntityFrameworkCore\PR.Persistence.EntityFrameworkCore.csproj", "{FEC609BA-D7D6-406A-AA69-429F36C64203}"
EndProject
Project("{9A19103F-16F7-4668-BE54-9A1E7A4F7556}") = "PR.Persistence.UnitTest", "PR.Persistence.UnitTest\PR.Persistence.UnitTest.csproj", "{0B6E3950-D10B-4609-84DD-6596C0875F8D}"
EndProject
Project("{9A19103F-16F7-4668-BE54-9A1E7A4F7556}") = "PR.Persistence.Versioned", "PR.Persistence.Versioned\PR.Persistence.Versioned.csproj", "{CD568346-D645-4DCB-AB05-9D0BB0FE4945}"
EndProject
Project("{9A19103F-16F7-4668-BE54-9A1E7A4F7556}") = "PR.Persistence.EntityFrameworkCore.InMemory", "PR.Persistence.EntityFrameworkCore.InMemory\PR.Persistence.EntityFrameworkCore.InMemory.csproj", "{0B6961AB-220A-4ADE-BC46-8855F09944F1}"
EndProject
Project("{9A19103F-16F7-4668-BE54-9A1E7A4F7556}") = "PR.Persistence.EntityFrameworkCore.PostgreSQL", "PR.Persistence.EntityFrameworkCore.PostgreSQL\PR.Persistence.EntityFrameworkCore.PostgreSQL.csproj", "{9C38BEE1-2400-4010-A843-BD6B6ACE2908}"
EndProject
Project("{9A19103F-16F7-4668-BE54-9A1E7A4F7556}") = "PR.Persistence.EntityFrameworkCore.SqlServer", "PR.Persistence.EntityFrameworkCore.SqlServer\PR.Persistence.EntityFrameworkCore.SqlServer.csproj", "{335FC47C-DE2E-46E0-A900-A523C3C061B2}"
EndProject
Project("{9A19103F-16F7-4668-BE54-9A1E7A4F7556}") = "PR.ViewModel", "PR.ViewModel\PR.ViewModel.csproj", "{EFF7D468-E426-4D28-A482-C4A094CA0A76}"
EndProject
Project("{9A19103F-16F7-4668-BE54-9A1E7A4F7556}") = "PR.UI.WPF", "PR.UI.WPF\PR.UI.WPF.csproj", "{A1BC4E65-C71F-406E-886B-343CC1F13CFC}"
EndProject
Project("{9A19103F-16F7-4668-BE54-9A1E7A4F7556}") = "PR.Web.Persistence", "PR.Web.Persistence\PR.Web.Persistence.csproj", "{76DEDB6B-4FF1-4353-A7C8-C99F8B1602EA}"
EndProject
Project("{9A19103F-16F7-4668-BE54-9A1E7A4F7556}") = "PR.Web.Application", "PR.Web.Application\PR.Web.Application.csproj", "{4F918405-9AA6-4F00-A570-7AA8E01FCF5B}"
EndProject
Project("{9A19103F-16F7-4668-BE54-9A1E7A4F7556}") = "PR.Web.Infrastructure", "PR.Web.Infrastructure\PR.Web.Infrastructure.csproj", "{920A8102-51C6-4115-B781-EBB7BC79FDDD}"
EndProject
Project("{9A19103F-16F7-4668-BE54-9A1E7A4F7556}") = "PR.Web.API", "PR.Web.API\PR.Web.API.csproj", "{C8464E05-F5AF-4713-AC64-FC10144ECEFE}"
EndProject
Project("{9A19103F-16F7-4668-BE54-9A1E7A4F7556}") = "PR.Persistence.APIClient.UnitTest", "PR.Persistence.APIClient.UnitTest\PR.Persistence.APIClient.UnitTest.csproj", "{C5C980E3-AE00-403F-86A2-F217A38B20B7}"
EndProject
Project("{9A19103F-16F7-4668-BE54-9A1E7A4F7556}") = "PR.Persistence.APIClient", "PR.Persistence.APIClient\PR.Persistence.APIClient.csproj", "{31B4DA78-219D-4C01-A005-0D7EEF1A1564}"
EndProject
Project("{9A19103F-16F7-4668-BE54-9A1E7A4F7556}") = "PR.Persistence.APIClient.DFOS", "PR.Persistence.APIClient.DFOS\PR.Persistence.APIClient.DFOS.csproj", "{2EF78FF9-FEB6-4989-BED5-E3BD5A763EC4}"
EndProject
Project("{9A19103F-16F7-4668-BE54-9A1E7A4F7556}") = "PR.ViewModel.GIS", "PR.ViewModel.GIS\PR.ViewModel.GIS.csproj", "{D2EC6373-EA13-4B29-8BAF-F1F6D9A62C1E}"
EndProject
Project("{9A19103F-16F7-4668-BE54-9A1E7A4F7556}") = "PR.UI.WPF.GIS", "PR.UI.WPF.GIS\PR.UI.WPF.GIS.csproj", "{7D809E2C-A1D6-4D1B-B9D2-E7FE9B13571E}"
EndProject
Global
	GlobalSection(SolutionConfigurationPlatforms) = preSolution
		Debug|Any CPU = Debug|Any CPU
		Release|Any CPU = Release|Any CPU
	EndGlobalSection
	GlobalSection(ProjectConfigurationPlatforms) = postSolution
		{4B027CBD-3FD0-4A8F-828F-CA3D56AB2E5A}.Debug|Any CPU.ActiveCfg = Debug|Any CPU
		{4B027CBD-3FD0-4A8F-828F-CA3D56AB2E5A}.Debug|Any CPU.Build.0 = Debug|Any CPU
		{4B027CBD-3FD0-4A8F-828F-CA3D56AB2E5A}.Release|Any CPU.ActiveCfg = Release|Any CPU
		{4B027CBD-3FD0-4A8F-828F-CA3D56AB2E5A}.Release|Any CPU.Build.0 = Release|Any CPU
		{C88E4626-8B45-47E4-99A3-97A51502B45E}.Debug|Any CPU.ActiveCfg = Debug|Any CPU
		{C88E4626-8B45-47E4-99A3-97A51502B45E}.Debug|Any CPU.Build.0 = Debug|Any CPU
		{C88E4626-8B45-47E4-99A3-97A51502B45E}.Release|Any CPU.ActiveCfg = Release|Any CPU
		{C88E4626-8B45-47E4-99A3-97A51502B45E}.Release|Any CPU.Build.0 = Release|Any CPU
		{99F78784-4B49-41BC-88D4-972EAD85F968}.Debug|Any CPU.ActiveCfg = Debug|Any CPU
		{99F78784-4B49-41BC-88D4-972EAD85F968}.Debug|Any CPU.Build.0 = Debug|Any CPU
		{99F78784-4B49-41BC-88D4-972EAD85F968}.Release|Any CPU.ActiveCfg = Release|Any CPU
		{99F78784-4B49-41BC-88D4-972EAD85F968}.Release|Any CPU.Build.0 = Release|Any CPU
		{C23DEFA8-E75B-49E8-917A-8E46609E4F1A}.Debug|Any CPU.ActiveCfg = Debug|Any CPU
		{C23DEFA8-E75B-49E8-917A-8E46609E4F1A}.Debug|Any CPU.Build.0 = Debug|Any CPU
		{C23DEFA8-E75B-49E8-917A-8E46609E4F1A}.Release|Any CPU.ActiveCfg = Release|Any CPU
		{C23DEFA8-E75B-49E8-917A-8E46609E4F1A}.Release|Any CPU.Build.0 = Release|Any CPU
		{507122B5-6F52-4FF4-B639-697782E0615E}.Debug|Any CPU.ActiveCfg = Debug|Any CPU
		{507122B5-6F52-4FF4-B639-697782E0615E}.Debug|Any CPU.Build.0 = Debug|Any CPU
		{507122B5-6F52-4FF4-B639-697782E0615E}.Release|Any CPU.ActiveCfg = Release|Any CPU
		{507122B5-6F52-4FF4-B639-697782E0615E}.Release|Any CPU.Build.0 = Release|Any CPU
		{9CC5B1D8-60D3-45DE-AE62-2FD0FBE6DC74}.Debug|Any CPU.ActiveCfg = Debug|Any CPU
		{9CC5B1D8-60D3-45DE-AE62-2FD0FBE6DC74}.Debug|Any CPU.Build.0 = Debug|Any CPU
		{9CC5B1D8-60D3-45DE-AE62-2FD0FBE6DC74}.Release|Any CPU.ActiveCfg = Release|Any CPU
		{9CC5B1D8-60D3-45DE-AE62-2FD0FBE6DC74}.Release|Any CPU.Build.0 = Release|Any CPU
		{D329B3CB-CF03-4B26-81EF-3208C6DACB9D}.Debug|Any CPU.ActiveCfg = Debug|Any CPU
		{D329B3CB-CF03-4B26-81EF-3208C6DACB9D}.Debug|Any CPU.Build.0 = Debug|Any CPU
		{D329B3CB-CF03-4B26-81EF-3208C6DACB9D}.Release|Any CPU.ActiveCfg = Release|Any CPU
		{D329B3CB-CF03-4B26-81EF-3208C6DACB9D}.Release|Any CPU.Build.0 = Release|Any CPU
		{D30CA8E7-38E1-41A5-940D-680E7D46A306}.Debug|Any CPU.ActiveCfg = Debug|Any CPU
		{D30CA8E7-38E1-41A5-940D-680E7D46A306}.Debug|Any CPU.Build.0 = Debug|Any CPU
		{D30CA8E7-38E1-41A5-940D-680E7D46A306}.Release|Any CPU.ActiveCfg = Release|Any CPU
		{D30CA8E7-38E1-41A5-940D-680E7D46A306}.Release|Any CPU.Build.0 = Release|Any CPU
		{93AFE2FE-8DA2-4909-A93E-FB5C8AC8C749}.Debug|Any CPU.ActiveCfg = Debug|Any CPU
		{93AFE2FE-8DA2-4909-A93E-FB5C8AC8C749}.Debug|Any CPU.Build.0 = Debug|Any CPU
		{93AFE2FE-8DA2-4909-A93E-FB5C8AC8C749}.Release|Any CPU.ActiveCfg = Release|Any CPU
		{93AFE2FE-8DA2-4909-A93E-FB5C8AC8C749}.Release|Any CPU.Build.0 = Release|Any CPU
		{83832CA8-0A51-447C-A0A1-CE47E3318E4B}.Debug|Any CPU.ActiveCfg = Debug|Any CPU
		{83832CA8-0A51-447C-A0A1-CE47E3318E4B}.Debug|Any CPU.Build.0 = Debug|Any CPU
		{83832CA8-0A51-447C-A0A1-CE47E3318E4B}.Release|Any CPU.ActiveCfg = Release|Any CPU
		{83832CA8-0A51-447C-A0A1-CE47E3318E4B}.Release|Any CPU.Build.0 = Release|Any CPU
		{B173AC5F-42BD-4061-988A-365A6DE89F1D}.Debug|Any CPU.ActiveCfg = Debug|Any CPU
		{B173AC5F-42BD-4061-988A-365A6DE89F1D}.Debug|Any CPU.Build.0 = Debug|Any CPU
		{B173AC5F-42BD-4061-988A-365A6DE89F1D}.Release|Any CPU.ActiveCfg = Release|Any CPU
		{B173AC5F-42BD-4061-988A-365A6DE89F1D}.Release|Any CPU.Build.0 = Release|Any CPU
		{8C92D828-4149-4C42-80D6-1385CC00B7C5}.Debug|Any CPU.ActiveCfg = Debug|Any CPU
		{8C92D828-4149-4C42-80D6-1385CC00B7C5}.Debug|Any CPU.Build.0 = Debug|Any CPU
		{8C92D828-4149-4C42-80D6-1385CC00B7C5}.Release|Any CPU.ActiveCfg = Release|Any CPU
		{8C92D828-4149-4C42-80D6-1385CC00B7C5}.Release|Any CPU.Build.0 = Release|Any CPU
		{5022098A-0F88-468B-A3B4-E2C8E247A342}.Debug|Any CPU.ActiveCfg = Debug|Any CPU
		{5022098A-0F88-468B-A3B4-E2C8E247A342}.Debug|Any CPU.Build.0 = Debug|Any CPU
		{5022098A-0F88-468B-A3B4-E2C8E247A342}.Release|Any CPU.ActiveCfg = Release|Any CPU
		{5022098A-0F88-468B-A3B4-E2C8E247A342}.Release|Any CPU.Build.0 = Release|Any CPU
		{F2A39CDA-D43B-4D73-A382-9ADD0BC29AF2}.Debug|Any CPU.ActiveCfg = Debug|Any CPU
		{F2A39CDA-D43B-4D73-A382-9ADD0BC29AF2}.Debug|Any CPU.Build.0 = Debug|Any CPU
		{F2A39CDA-D43B-4D73-A382-9ADD0BC29AF2}.Release|Any CPU.ActiveCfg = Release|Any CPU
		{F2A39CDA-D43B-4D73-A382-9ADD0BC29AF2}.Release|Any CPU.Build.0 = Release|Any CPU
		{8AA976BF-5249-4870-9600-BC225FEA7202}.Debug|Any CPU.ActiveCfg = Debug|Any CPU
		{8AA976BF-5249-4870-9600-BC225FEA7202}.Debug|Any CPU.Build.0 = Debug|Any CPU
		{8AA976BF-5249-4870-9600-BC225FEA7202}.Release|Any CPU.ActiveCfg = Release|Any CPU
		{8AA976BF-5249-4870-9600-BC225FEA7202}.Release|Any CPU.Build.0 = Release|Any CPU
		{0E57F576-FD0D-48BF-ABE3-7C1CE7AE7F8C}.Debug|Any CPU.ActiveCfg = Debug|Any CPU
		{0E57F576-FD0D-48BF-ABE3-7C1CE7AE7F8C}.Debug|Any CPU.Build.0 = Debug|Any CPU
		{0E57F576-FD0D-48BF-ABE3-7C1CE7AE7F8C}.Release|Any CPU.ActiveCfg = Release|Any CPU
		{0E57F576-FD0D-48BF-ABE3-7C1CE7AE7F8C}.Release|Any CPU.Build.0 = Release|Any CPU
		{55EC76ED-A75C-48BB-9866-41727E54DCF9}.Debug|Any CPU.ActiveCfg = Debug|Any CPU
		{55EC76ED-A75C-48BB-9866-41727E54DCF9}.Debug|Any CPU.Build.0 = Debug|Any CPU
		{55EC76ED-A75C-48BB-9866-41727E54DCF9}.Release|Any CPU.ActiveCfg = Release|Any CPU
		{55EC76ED-A75C-48BB-9866-41727E54DCF9}.Release|Any CPU.Build.0 = Release|Any CPU
		{CE629DE2-1ED7-4E84-A7C7-7910D72734E6}.Debug|Any CPU.ActiveCfg = Debug|Any CPU
		{CE629DE2-1ED7-4E84-A7C7-7910D72734E6}.Debug|Any CPU.Build.0 = Debug|Any CPU
		{CE629DE2-1ED7-4E84-A7C7-7910D72734E6}.Release|Any CPU.ActiveCfg = Release|Any CPU
		{CE629DE2-1ED7-4E84-A7C7-7910D72734E6}.Release|Any CPU.Build.0 = Release|Any CPU
		{589E7933-51BE-4499-9640-EE389E1E78C2}.Debug|Any CPU.ActiveCfg = Debug|Any CPU
		{589E7933-51BE-4499-9640-EE389E1E78C2}.Debug|Any CPU.Build.0 = Debug|Any CPU
		{589E7933-51BE-4499-9640-EE389E1E78C2}.Release|Any CPU.ActiveCfg = Release|Any CPU
		{589E7933-51BE-4499-9640-EE389E1E78C2}.Release|Any CPU.Build.0 = Release|Any CPU
		{7BB6054B-772C-4BC6-A915-817F73109E99}.Debug|Any CPU.ActiveCfg = Debug|Any CPU
		{7BB6054B-772C-4BC6-A915-817F73109E99}.Debug|Any CPU.Build.0 = Debug|Any CPU
		{7BB6054B-772C-4BC6-A915-817F73109E99}.Release|Any CPU.ActiveCfg = Release|Any CPU
		{7BB6054B-772C-4BC6-A915-817F73109E99}.Release|Any CPU.Build.0 = Release|Any CPU
		{FEC609BA-D7D6-406A-AA69-429F36C64203}.Debug|Any CPU.ActiveCfg = Debug|Any CPU
		{FEC609BA-D7D6-406A-AA69-429F36C64203}.Debug|Any CPU.Build.0 = Debug|Any CPU
		{FEC609BA-D7D6-406A-AA69-429F36C64203}.Release|Any CPU.ActiveCfg = Release|Any CPU
		{FEC609BA-D7D6-406A-AA69-429F36C64203}.Release|Any CPU.Build.0 = Release|Any CPU
		{0B6E3950-D10B-4609-84DD-6596C0875F8D}.Debug|Any CPU.ActiveCfg = Debug|Any CPU
		{0B6E3950-D10B-4609-84DD-6596C0875F8D}.Debug|Any CPU.Build.0 = Debug|Any CPU
		{0B6E3950-D10B-4609-84DD-6596C0875F8D}.Release|Any CPU.ActiveCfg = Release|Any CPU
		{0B6E3950-D10B-4609-84DD-6596C0875F8D}.Release|Any CPU.Build.0 = Release|Any CPU
		{CD568346-D645-4DCB-AB05-9D0BB0FE4945}.Debug|Any CPU.ActiveCfg = Debug|Any CPU
		{CD568346-D645-4DCB-AB05-9D0BB0FE4945}.Debug|Any CPU.Build.0 = Debug|Any CPU
		{CD568346-D645-4DCB-AB05-9D0BB0FE4945}.Release|Any CPU.ActiveCfg = Release|Any CPU
		{CD568346-D645-4DCB-AB05-9D0BB0FE4945}.Release|Any CPU.Build.0 = Release|Any CPU
		{0B6961AB-220A-4ADE-BC46-8855F09944F1}.Debug|Any CPU.ActiveCfg = Debug|Any CPU
		{0B6961AB-220A-4ADE-BC46-8855F09944F1}.Debug|Any CPU.Build.0 = Debug|Any CPU
		{0B6961AB-220A-4ADE-BC46-8855F09944F1}.Release|Any CPU.ActiveCfg = Release|Any CPU
		{0B6961AB-220A-4ADE-BC46-8855F09944F1}.Release|Any CPU.Build.0 = Release|Any CPU
		{9C38BEE1-2400-4010-A843-BD6B6ACE2908}.Debug|Any CPU.ActiveCfg = Debug|Any CPU
		{9C38BEE1-2400-4010-A843-BD6B6ACE2908}.Debug|Any CPU.Build.0 = Debug|Any CPU
		{9C38BEE1-2400-4010-A843-BD6B6ACE2908}.Release|Any CPU.ActiveCfg = Release|Any CPU
		{9C38BEE1-2400-4010-A843-BD6B6ACE2908}.Release|Any CPU.Build.0 = Release|Any CPU
		{335FC47C-DE2E-46E0-A900-A523C3C061B2}.Debug|Any CPU.ActiveCfg = Debug|Any CPU
		{335FC47C-DE2E-46E0-A900-A523C3C061B2}.Debug|Any CPU.Build.0 = Debug|Any CPU
		{335FC47C-DE2E-46E0-A900-A523C3C061B2}.Release|Any CPU.ActiveCfg = Release|Any CPU
		{335FC47C-DE2E-46E0-A900-A523C3C061B2}.Release|Any CPU.Build.0 = Release|Any CPU
		{EFF7D468-E426-4D28-A482-C4A094CA0A76}.Debug|Any CPU.ActiveCfg = Debug|Any CPU
		{EFF7D468-E426-4D28-A482-C4A094CA0A76}.Debug|Any CPU.Build.0 = Debug|Any CPU
		{EFF7D468-E426-4D28-A482-C4A094CA0A76}.Release|Any CPU.ActiveCfg = Release|Any CPU
		{EFF7D468-E426-4D28-A482-C4A094CA0A76}.Release|Any CPU.Build.0 = Release|Any CPU
		{A1BC4E65-C71F-406E-886B-343CC1F13CFC}.Debug|Any CPU.ActiveCfg = Debug|Any CPU
		{A1BC4E65-C71F-406E-886B-343CC1F13CFC}.Debug|Any CPU.Build.0 = Debug|Any CPU
		{A1BC4E65-C71F-406E-886B-343CC1F13CFC}.Release|Any CPU.ActiveCfg = Release|Any CPU
		{A1BC4E65-C71F-406E-886B-343CC1F13CFC}.Release|Any CPU.Build.0 = Release|Any CPU
		{76DEDB6B-4FF1-4353-A7C8-C99F8B1602EA}.Debug|Any CPU.ActiveCfg = Debug|Any CPU
		{76DEDB6B-4FF1-4353-A7C8-C99F8B1602EA}.Debug|Any CPU.Build.0 = Debug|Any CPU
		{76DEDB6B-4FF1-4353-A7C8-C99F8B1602EA}.Release|Any CPU.ActiveCfg = Release|Any CPU
		{76DEDB6B-4FF1-4353-A7C8-C99F8B1602EA}.Release|Any CPU.Build.0 = Release|Any CPU
		{4F918405-9AA6-4F00-A570-7AA8E01FCF5B}.Debug|Any CPU.ActiveCfg = Debug|Any CPU
		{4F918405-9AA6-4F00-A570-7AA8E01FCF5B}.Debug|Any CPU.Build.0 = Debug|Any CPU
		{4F918405-9AA6-4F00-A570-7AA8E01FCF5B}.Release|Any CPU.ActiveCfg = Release|Any CPU
		{4F918405-9AA6-4F00-A570-7AA8E01FCF5B}.Release|Any CPU.Build.0 = Release|Any CPU
		{920A8102-51C6-4115-B781-EBB7BC79FDDD}.Debug|Any CPU.ActiveCfg = Debug|Any CPU
		{920A8102-51C6-4115-B781-EBB7BC79FDDD}.Debug|Any CPU.Build.0 = Debug|Any CPU
		{920A8102-51C6-4115-B781-EBB7BC79FDDD}.Release|Any CPU.ActiveCfg = Release|Any CPU
		{920A8102-51C6-4115-B781-EBB7BC79FDDD}.Release|Any CPU.Build.0 = Release|Any CPU
		{C8464E05-F5AF-4713-AC64-FC10144ECEFE}.Debug|Any CPU.ActiveCfg = Debug|Any CPU
		{C8464E05-F5AF-4713-AC64-FC10144ECEFE}.Debug|Any CPU.Build.0 = Debug|Any CPU
		{C8464E05-F5AF-4713-AC64-FC10144ECEFE}.Release|Any CPU.ActiveCfg = Release|Any CPU
		{C8464E05-F5AF-4713-AC64-FC10144ECEFE}.Release|Any CPU.Build.0 = Release|Any CPU
		{C5C980E3-AE00-403F-86A2-F217A38B20B7}.Debug|Any CPU.ActiveCfg = Debug|Any CPU
		{C5C980E3-AE00-403F-86A2-F217A38B20B7}.Debug|Any CPU.Build.0 = Debug|Any CPU
		{C5C980E3-AE00-403F-86A2-F217A38B20B7}.Release|Any CPU.ActiveCfg = Release|Any CPU
		{C5C980E3-AE00-403F-86A2-F217A38B20B7}.Release|Any CPU.Build.0 = Release|Any CPU
		{31B4DA78-219D-4C01-A005-0D7EEF1A1564}.Debug|Any CPU.ActiveCfg = Debug|Any CPU
		{31B4DA78-219D-4C01-A005-0D7EEF1A1564}.Debug|Any CPU.Build.0 = Debug|Any CPU
		{31B4DA78-219D-4C01-A005-0D7EEF1A1564}.Release|Any CPU.ActiveCfg = Release|Any CPU
		{31B4DA78-219D-4C01-A005-0D7EEF1A1564}.Release|Any CPU.Build.0 = Release|Any CPU
		{2EF78FF9-FEB6-4989-BED5-E3BD5A763EC4}.Debug|Any CPU.ActiveCfg = Debug|Any CPU
		{2EF78FF9-FEB6-4989-BED5-E3BD5A763EC4}.Debug|Any CPU.Build.0 = Debug|Any CPU
		{2EF78FF9-FEB6-4989-BED5-E3BD5A763EC4}.Release|Any CPU.ActiveCfg = Release|Any CPU
		{2EF78FF9-FEB6-4989-BED5-E3BD5A763EC4}.Release|Any CPU.Build.0 = Release|Any CPU
		{D2EC6373-EA13-4B29-8BAF-F1F6D9A62C1E}.Debug|Any CPU.ActiveCfg = Debug|Any CPU
		{D2EC6373-EA13-4B29-8BAF-F1F6D9A62C1E}.Debug|Any CPU.Build.0 = Debug|Any CPU
		{D2EC6373-EA13-4B29-8BAF-F1F6D9A62C1E}.Release|Any CPU.ActiveCfg = Release|Any CPU
		{D2EC6373-EA13-4B29-8BAF-F1F6D9A62C1E}.Release|Any CPU.Build.0 = Release|Any CPU
		{7D809E2C-A1D6-4D1B-B9D2-E7FE9B13571E}.Debug|Any CPU.ActiveCfg = Debug|Any CPU
		{7D809E2C-A1D6-4D1B-B9D2-E7FE9B13571E}.Debug|Any CPU.Build.0 = Debug|Any CPU
		{7D809E2C-A1D6-4D1B-B9D2-E7FE9B13571E}.Release|Any CPU.ActiveCfg = Release|Any CPU
		{7D809E2C-A1D6-4D1B-B9D2-E7FE9B13571E}.Release|Any CPU.Build.0 = Release|Any CPU
	EndGlobalSection
	GlobalSection(SolutionProperties) = preSolution
		HideSolutionNode = FALSE
	EndGlobalSection
	GlobalSection(ExtensibilityGlobals) = postSolution
		SolutionGuid = {0AEF09A3-033B-4649-B832-3983E8363C84}
	EndGlobalSection
EndGlobal
