
Microsoft Visual Studio Solution File, Format Version 12.00
# Visual Studio Version 17
VisualStudioVersion = 17.6.33829.357
MinimumVisualStudioVersion = 10.0.40219.1
Project("{9A19103F-16F7-4668-BE54-9A1E7A4F7556}") = "WIGOS.Domain", "WIGOS.Domain\WIGOS.Domain.csproj", "{9E629653-5E32-4C19-B469-4EAF1C093BB9}"
EndProject
Project("{9A19103F-16F7-4668-BE54-9A1E7A4F7556}") = "WIGOS.Persistence", "WIGOS.Persistence\WIGOS.Persistence.csproj", "{88128690-AC17-4BD7-91DA-064177A64F5C}"
EndProject
Project("{9A19103F-16F7-4668-BE54-9A1E7A4F7556}") = "Craft.Persistence", "..\Craft\Craft.Persistence\Craft.Persistence.csproj", "{B7EE02AB-3342-4FB5-BB11-7AA39D4D9590}"
EndProject
Project("{9A19103F-16F7-4668-BE54-9A1E7A4F7556}") = "WIGOS.IO", "WIGOS.IO\WIGOS.IO.csproj", "{B9443FA9-77B4-450F-9EEF-3F42B455806E}"
EndProject
Project("{9A19103F-16F7-4668-BE54-9A1E7A4F7556}") = "Craft.Persistence.EntityFrameworkCore", "..\Craft\Craft.Persistence.EntityFrameworkCore\Craft.Persistence.EntityFrameworkCore.csproj", "{F12535C9-8D37-4CF8-8745-7D67BBA3ABB3}"
EndProject
Project("{9A19103F-16F7-4668-BE54-9A1E7A4F7556}") = "WIGOS.Persistence.EntityFrameworkCore", "WIGOS.Persistence.EntityFrameworkCore\WIGOS.Persistence.EntityFrameworkCore.csproj", "{A2BAD585-3C79-42E3-93DE-4AFEDC378B0F}"
EndProject
Project("{9A19103F-16F7-4668-BE54-9A1E7A4F7556}") = "Craft.Logging", "..\Craft\Craft.Logging\Craft.Logging.csproj", "{B82BA8FF-FBD9-46A2-8324-7BB718F73AA8}"
EndProject
Project("{9A19103F-16F7-4668-BE54-9A1E7A4F7556}") = "WIGOS.Application", "WIGOS.Application\WIGOS.Application.csproj", "{ACF93978-36B4-4C56-9A4A-09DA60480554}"
EndProject
Project("{9A19103F-16F7-4668-BE54-9A1E7A4F7556}") = "WIGOS.ViewModel", "WIGOS.ViewModel\WIGOS.ViewModel.csproj", "{3F695111-1958-4053-84FC-F2529781AC99}"
EndProject
Project("{9A19103F-16F7-4668-BE54-9A1E7A4F7556}") = "Craft.DataStructures.IO", "..\Craft\Craft.DataStructures.IO\Craft.DataStructures.IO.csproj", "{53C9F34E-867C-4881-A4AB-D340A8E606C1}"
EndProject
Project("{9A19103F-16F7-4668-BE54-9A1E7A4F7556}") = "Craft.UI.Utils", "..\Craft\Craft.UI.Utils\Craft.UI.Utils.csproj", "{16401714-B20E-4F6F-A8F8-BFA6AFC14F4F}"
EndProject
Project("{9A19103F-16F7-4668-BE54-9A1E7A4F7556}") = "Craft.ViewModel.Utils", "..\Craft\Craft.ViewModel.Utils\Craft.ViewModel.Utils.csproj", "{C74F522B-6BC4-46AB-B2B6-7435EF13AE40}"
EndProject
Project("{9A19103F-16F7-4668-BE54-9A1E7A4F7556}") = "Craft.ViewModels", "..\Craft\Craft.ViewModels\Craft.ViewModels.csproj", "{FC0F8954-AC03-458D-B72E-14875BBF145A}"
EndProject
Project("{9A19103F-16F7-4668-BE54-9A1E7A4F7556}") = "Craft.DataStructures", "..\Craft\Craft.DataStructures\Craft.DataStructures.csproj", "{7D1C39AA-3508-430E-ADEE-E54EDFA7CC87}"
EndProject
Project("{9A19103F-16F7-4668-BE54-9A1E7A4F7556}") = "Craft.Utils", "..\Craft\Craft.Utils\Craft.Utils.csproj", "{F112D3A9-9A9C-4CD2-98F7-A96C5528D75E}"
EndProject
Project("{9A19103F-16F7-4668-BE54-9A1E7A4F7556}") = "Craft.Logging.Log4Net", "..\Craft\Craft.Logging.Log4Net\Craft.Logging.Log4Net.csproj", "{03BF082D-EB62-40A2-BB0F-D3ADCD67672D}"
EndProject
Project("{9A19103F-16F7-4668-BE54-9A1E7A4F7556}") = "Craft.UIElements", "..\Craft\Craft.UIElements\Craft.UIElements.csproj", "{FAACFBC6-32B7-4782-ADEA-E06E5D3205E9}"
EndProject
Project("{9A19103F-16F7-4668-BE54-9A1E7A4F7556}") = "WIGOS.UI.Console", "WIGOS.UI.Console\WIGOS.UI.Console.csproj", "{F2CCE9AA-2258-4921-A215-9A482AA3EC56}"
EndProject
Project("{9A19103F-16F7-4668-BE54-9A1E7A4F7556}") = "WIGOS.Persistence.EntityFrameworkCore.PostgreSQL", "WIGOS.Persistence.EntityFrameworkCore.PostgreSQL\WIGOS.Persistence.EntityFrameworkCore.PostgreSQL.csproj", "{83851564-8127-448B-9F54-98C5AE771D65}"
EndProject
Project("{9A19103F-16F7-4668-BE54-9A1E7A4F7556}") = "WIGOS.Persistence.EntityFrameworkCore.Sqlite", "WIGOS.Persistence.EntityFrameworkCore.Sqlite\WIGOS.Persistence.EntityFrameworkCore.Sqlite.csproj", "{58C70262-6B0E-46B1-B92E-6B4653CC5410}"
EndProject
Project("{9A19103F-16F7-4668-BE54-9A1E7A4F7556}") = "WIGOS.Persistence.EntityFrameworkCore.SqlServer", "WIGOS.Persistence.EntityFrameworkCore.SqlServer\WIGOS.Persistence.EntityFrameworkCore.SqlServer.csproj", "{E6ABF6A0-B462-4E43-9C47-BC003A0E5A13}"
EndProject
Project("{9A19103F-16F7-4668-BE54-9A1E7A4F7556}") = "WIGOS.UI.WPF", "WIGOS.UI.WPF\WIGOS.UI.WPF.csproj", "{B9DBFA22-13E9-4765-80F3-016286417753}"
EndProject
Project("{9A19103F-16F7-4668-BE54-9A1E7A4F7556}") = "WIGOS.Web.Persistence", "WIGOS.Web.Persistence\WIGOS.Web.Persistence.csproj", "{5C294415-C3C2-4A9E-B926-5B237E375745}"
EndProject
Project("{9A19103F-16F7-4668-BE54-9A1E7A4F7556}") = "WIGOS.Web.Application", "WIGOS.Web.Application\WIGOS.Web.Application.csproj", "{BFBBF8D0-A19F-4BC9-895E-2139C8786AB2}"
EndProject
Project("{9A19103F-16F7-4668-BE54-9A1E7A4F7556}") = "WIGOS.Web.Infrastructure", "WIGOS.Web.Infrastructure\WIGOS.Web.Infrastructure.csproj", "{6927D868-E0A4-42A2-A0EC-A8B38928004A}"
EndProject
Project("{9A19103F-16F7-4668-BE54-9A1E7A4F7556}") = "WIGOS.Web.API", "WIGOS.Web.API\WIGOS.Web.API.csproj", "{A4172E30-D4AF-456E-B1B2-16190ED11462}"
EndProject
Project("{2150E333-8FDC-42A3-9474-1A3956D46DE8}") = "Solution Items", "Solution Items", "{D5798DFD-910E-4F54-8574-E64121BDD3FB}"
	ProjectSection(SolutionItems) = preProject
		Backlog.txt = Backlog.txt
	EndProjectSection
EndProject
Project("{FAE04EC0-301F-11D3-BF4B-00C04F79EFBC}") = "WIGOS.Persistence.UnitTest", "WIGOS.Persistence.UnitTest\WIGOS.Persistence.UnitTest.csproj", "{FA5CD8F1-8C9C-44F7-A1C8-5188502A2A15}"
EndProject
Global
	GlobalSection(SolutionConfigurationPlatforms) = preSolution
		Debug|Any CPU = Debug|Any CPU
		Release|Any CPU = Release|Any CPU
	EndGlobalSection
	GlobalSection(ProjectConfigurationPlatforms) = postSolution
		{9E629653-5E32-4C19-B469-4EAF1C093BB9}.Debug|Any CPU.ActiveCfg = Debug|Any CPU
		{9E629653-5E32-4C19-B469-4EAF1C093BB9}.Debug|Any CPU.Build.0 = Debug|Any CPU
		{9E629653-5E32-4C19-B469-4EAF1C093BB9}.Release|Any CPU.ActiveCfg = Release|Any CPU
		{9E629653-5E32-4C19-B469-4EAF1C093BB9}.Release|Any CPU.Build.0 = Release|Any CPU
		{88128690-AC17-4BD7-91DA-064177A64F5C}.Debug|Any CPU.ActiveCfg = Debug|Any CPU
		{88128690-AC17-4BD7-91DA-064177A64F5C}.Debug|Any CPU.Build.0 = Debug|Any CPU
		{88128690-AC17-4BD7-91DA-064177A64F5C}.Release|Any CPU.ActiveCfg = Release|Any CPU
		{88128690-AC17-4BD7-91DA-064177A64F5C}.Release|Any CPU.Build.0 = Release|Any CPU
		{B7EE02AB-3342-4FB5-BB11-7AA39D4D9590}.Debug|Any CPU.ActiveCfg = Debug|Any CPU
		{B7EE02AB-3342-4FB5-BB11-7AA39D4D9590}.Debug|Any CPU.Build.0 = Debug|Any CPU
		{B7EE02AB-3342-4FB5-BB11-7AA39D4D9590}.Release|Any CPU.ActiveCfg = Release|Any CPU
		{B7EE02AB-3342-4FB5-BB11-7AA39D4D9590}.Release|Any CPU.Build.0 = Release|Any CPU
		{B9443FA9-77B4-450F-9EEF-3F42B455806E}.Debug|Any CPU.ActiveCfg = Debug|Any CPU
		{B9443FA9-77B4-450F-9EEF-3F42B455806E}.Debug|Any CPU.Build.0 = Debug|Any CPU
		{B9443FA9-77B4-450F-9EEF-3F42B455806E}.Release|Any CPU.ActiveCfg = Release|Any CPU
		{B9443FA9-77B4-450F-9EEF-3F42B455806E}.Release|Any CPU.Build.0 = Release|Any CPU
		{F12535C9-8D37-4CF8-8745-7D67BBA3ABB3}.Debug|Any CPU.ActiveCfg = Debug|Any CPU
		{F12535C9-8D37-4CF8-8745-7D67BBA3ABB3}.Debug|Any CPU.Build.0 = Debug|Any CPU
		{F12535C9-8D37-4CF8-8745-7D67BBA3ABB3}.Release|Any CPU.ActiveCfg = Release|Any CPU
		{F12535C9-8D37-4CF8-8745-7D67BBA3ABB3}.Release|Any CPU.Build.0 = Release|Any CPU
		{A2BAD585-3C79-42E3-93DE-4AFEDC378B0F}.Debug|Any CPU.ActiveCfg = Debug|Any CPU
		{A2BAD585-3C79-42E3-93DE-4AFEDC378B0F}.Debug|Any CPU.Build.0 = Debug|Any CPU
		{A2BAD585-3C79-42E3-93DE-4AFEDC378B0F}.Release|Any CPU.ActiveCfg = Release|Any CPU
		{A2BAD585-3C79-42E3-93DE-4AFEDC378B0F}.Release|Any CPU.Build.0 = Release|Any CPU
		{B82BA8FF-FBD9-46A2-8324-7BB718F73AA8}.Debug|Any CPU.ActiveCfg = Debug|Any CPU
		{B82BA8FF-FBD9-46A2-8324-7BB718F73AA8}.Debug|Any CPU.Build.0 = Debug|Any CPU
		{B82BA8FF-FBD9-46A2-8324-7BB718F73AA8}.Release|Any CPU.ActiveCfg = Release|Any CPU
		{B82BA8FF-FBD9-46A2-8324-7BB718F73AA8}.Release|Any CPU.Build.0 = Release|Any CPU
		{ACF93978-36B4-4C56-9A4A-09DA60480554}.Debug|Any CPU.ActiveCfg = Debug|Any CPU
		{ACF93978-36B4-4C56-9A4A-09DA60480554}.Debug|Any CPU.Build.0 = Debug|Any CPU
		{ACF93978-36B4-4C56-9A4A-09DA60480554}.Release|Any CPU.ActiveCfg = Release|Any CPU
		{ACF93978-36B4-4C56-9A4A-09DA60480554}.Release|Any CPU.Build.0 = Release|Any CPU
		{3F695111-1958-4053-84FC-F2529781AC99}.Debug|Any CPU.ActiveCfg = Debug|Any CPU
		{3F695111-1958-4053-84FC-F2529781AC99}.Debug|Any CPU.Build.0 = Debug|Any CPU
		{3F695111-1958-4053-84FC-F2529781AC99}.Release|Any CPU.ActiveCfg = Release|Any CPU
		{3F695111-1958-4053-84FC-F2529781AC99}.Release|Any CPU.Build.0 = Release|Any CPU
		{53C9F34E-867C-4881-A4AB-D340A8E606C1}.Debug|Any CPU.ActiveCfg = Debug|Any CPU
		{53C9F34E-867C-4881-A4AB-D340A8E606C1}.Debug|Any CPU.Build.0 = Debug|Any CPU
		{53C9F34E-867C-4881-A4AB-D340A8E606C1}.Release|Any CPU.ActiveCfg = Release|Any CPU
		{53C9F34E-867C-4881-A4AB-D340A8E606C1}.Release|Any CPU.Build.0 = Release|Any CPU
		{16401714-B20E-4F6F-A8F8-BFA6AFC14F4F}.Debug|Any CPU.ActiveCfg = Debug|Any CPU
		{16401714-B20E-4F6F-A8F8-BFA6AFC14F4F}.Debug|Any CPU.Build.0 = Debug|Any CPU
		{16401714-B20E-4F6F-A8F8-BFA6AFC14F4F}.Release|Any CPU.ActiveCfg = Release|Any CPU
		{16401714-B20E-4F6F-A8F8-BFA6AFC14F4F}.Release|Any CPU.Build.0 = Release|Any CPU
		{C74F522B-6BC4-46AB-B2B6-7435EF13AE40}.Debug|Any CPU.ActiveCfg = Debug|Any CPU
		{C74F522B-6BC4-46AB-B2B6-7435EF13AE40}.Debug|Any CPU.Build.0 = Debug|Any CPU
		{C74F522B-6BC4-46AB-B2B6-7435EF13AE40}.Release|Any CPU.ActiveCfg = Release|Any CPU
		{C74F522B-6BC4-46AB-B2B6-7435EF13AE40}.Release|Any CPU.Build.0 = Release|Any CPU
		{FC0F8954-AC03-458D-B72E-14875BBF145A}.Debug|Any CPU.ActiveCfg = Debug|Any CPU
		{FC0F8954-AC03-458D-B72E-14875BBF145A}.Debug|Any CPU.Build.0 = Debug|Any CPU
		{FC0F8954-AC03-458D-B72E-14875BBF145A}.Release|Any CPU.ActiveCfg = Release|Any CPU
		{FC0F8954-AC03-458D-B72E-14875BBF145A}.Release|Any CPU.Build.0 = Release|Any CPU
		{7D1C39AA-3508-430E-ADEE-E54EDFA7CC87}.Debug|Any CPU.ActiveCfg = Debug|Any CPU
		{7D1C39AA-3508-430E-ADEE-E54EDFA7CC87}.Debug|Any CPU.Build.0 = Debug|Any CPU
		{7D1C39AA-3508-430E-ADEE-E54EDFA7CC87}.Release|Any CPU.ActiveCfg = Release|Any CPU
		{7D1C39AA-3508-430E-ADEE-E54EDFA7CC87}.Release|Any CPU.Build.0 = Release|Any CPU
		{F112D3A9-9A9C-4CD2-98F7-A96C5528D75E}.Debug|Any CPU.ActiveCfg = Debug|Any CPU
		{F112D3A9-9A9C-4CD2-98F7-A96C5528D75E}.Debug|Any CPU.Build.0 = Debug|Any CPU
		{F112D3A9-9A9C-4CD2-98F7-A96C5528D75E}.Release|Any CPU.ActiveCfg = Release|Any CPU
		{F112D3A9-9A9C-4CD2-98F7-A96C5528D75E}.Release|Any CPU.Build.0 = Release|Any CPU
		{03BF082D-EB62-40A2-BB0F-D3ADCD67672D}.Debug|Any CPU.ActiveCfg = Debug|Any CPU
		{03BF082D-EB62-40A2-BB0F-D3ADCD67672D}.Debug|Any CPU.Build.0 = Debug|Any CPU
		{03BF082D-EB62-40A2-BB0F-D3ADCD67672D}.Release|Any CPU.ActiveCfg = Release|Any CPU
		{03BF082D-EB62-40A2-BB0F-D3ADCD67672D}.Release|Any CPU.Build.0 = Release|Any CPU
		{FAACFBC6-32B7-4782-ADEA-E06E5D3205E9}.Debug|Any CPU.ActiveCfg = Debug|Any CPU
		{FAACFBC6-32B7-4782-ADEA-E06E5D3205E9}.Debug|Any CPU.Build.0 = Debug|Any CPU
		{FAACFBC6-32B7-4782-ADEA-E06E5D3205E9}.Release|Any CPU.ActiveCfg = Release|Any CPU
		{FAACFBC6-32B7-4782-ADEA-E06E5D3205E9}.Release|Any CPU.Build.0 = Release|Any CPU
		{F2CCE9AA-2258-4921-A215-9A482AA3EC56}.Debug|Any CPU.ActiveCfg = Debug|Any CPU
		{F2CCE9AA-2258-4921-A215-9A482AA3EC56}.Debug|Any CPU.Build.0 = Debug|Any CPU
		{F2CCE9AA-2258-4921-A215-9A482AA3EC56}.Release|Any CPU.ActiveCfg = Release|Any CPU
		{F2CCE9AA-2258-4921-A215-9A482AA3EC56}.Release|Any CPU.Build.0 = Release|Any CPU
		{83851564-8127-448B-9F54-98C5AE771D65}.Debug|Any CPU.ActiveCfg = Debug|Any CPU
		{83851564-8127-448B-9F54-98C5AE771D65}.Debug|Any CPU.Build.0 = Debug|Any CPU
		{83851564-8127-448B-9F54-98C5AE771D65}.Release|Any CPU.ActiveCfg = Release|Any CPU
		{83851564-8127-448B-9F54-98C5AE771D65}.Release|Any CPU.Build.0 = Release|Any CPU
		{58C70262-6B0E-46B1-B92E-6B4653CC5410}.Debug|Any CPU.ActiveCfg = Debug|Any CPU
		{58C70262-6B0E-46B1-B92E-6B4653CC5410}.Debug|Any CPU.Build.0 = Debug|Any CPU
		{58C70262-6B0E-46B1-B92E-6B4653CC5410}.Release|Any CPU.ActiveCfg = Release|Any CPU
		{58C70262-6B0E-46B1-B92E-6B4653CC5410}.Release|Any CPU.Build.0 = Release|Any CPU
		{E6ABF6A0-B462-4E43-9C47-BC003A0E5A13}.Debug|Any CPU.ActiveCfg = Debug|Any CPU
		{E6ABF6A0-B462-4E43-9C47-BC003A0E5A13}.Debug|Any CPU.Build.0 = Debug|Any CPU
		{E6ABF6A0-B462-4E43-9C47-BC003A0E5A13}.Release|Any CPU.ActiveCfg = Release|Any CPU
		{E6ABF6A0-B462-4E43-9C47-BC003A0E5A13}.Release|Any CPU.Build.0 = Release|Any CPU
		{B9DBFA22-13E9-4765-80F3-016286417753}.Debug|Any CPU.ActiveCfg = Debug|Any CPU
		{B9DBFA22-13E9-4765-80F3-016286417753}.Debug|Any CPU.Build.0 = Debug|Any CPU
		{B9DBFA22-13E9-4765-80F3-016286417753}.Release|Any CPU.ActiveCfg = Release|Any CPU
		{B9DBFA22-13E9-4765-80F3-016286417753}.Release|Any CPU.Build.0 = Release|Any CPU
		{5C294415-C3C2-4A9E-B926-5B237E375745}.Debug|Any CPU.ActiveCfg = Debug|Any CPU
		{5C294415-C3C2-4A9E-B926-5B237E375745}.Debug|Any CPU.Build.0 = Debug|Any CPU
		{5C294415-C3C2-4A9E-B926-5B237E375745}.Release|Any CPU.ActiveCfg = Release|Any CPU
		{5C294415-C3C2-4A9E-B926-5B237E375745}.Release|Any CPU.Build.0 = Release|Any CPU
		{BFBBF8D0-A19F-4BC9-895E-2139C8786AB2}.Debug|Any CPU.ActiveCfg = Debug|Any CPU
		{BFBBF8D0-A19F-4BC9-895E-2139C8786AB2}.Debug|Any CPU.Build.0 = Debug|Any CPU
		{BFBBF8D0-A19F-4BC9-895E-2139C8786AB2}.Release|Any CPU.ActiveCfg = Release|Any CPU
		{BFBBF8D0-A19F-4BC9-895E-2139C8786AB2}.Release|Any CPU.Build.0 = Release|Any CPU
		{6927D868-E0A4-42A2-A0EC-A8B38928004A}.Debug|Any CPU.ActiveCfg = Debug|Any CPU
		{6927D868-E0A4-42A2-A0EC-A8B38928004A}.Debug|Any CPU.Build.0 = Debug|Any CPU
		{6927D868-E0A4-42A2-A0EC-A8B38928004A}.Release|Any CPU.ActiveCfg = Release|Any CPU
		{6927D868-E0A4-42A2-A0EC-A8B38928004A}.Release|Any CPU.Build.0 = Release|Any CPU
		{A4172E30-D4AF-456E-B1B2-16190ED11462}.Debug|Any CPU.ActiveCfg = Debug|Any CPU
		{A4172E30-D4AF-456E-B1B2-16190ED11462}.Debug|Any CPU.Build.0 = Debug|Any CPU
		{A4172E30-D4AF-456E-B1B2-16190ED11462}.Release|Any CPU.ActiveCfg = Release|Any CPU
		{A4172E30-D4AF-456E-B1B2-16190ED11462}.Release|Any CPU.Build.0 = Release|Any CPU
		{FA5CD8F1-8C9C-44F7-A1C8-5188502A2A15}.Debug|Any CPU.ActiveCfg = Debug|Any CPU
		{FA5CD8F1-8C9C-44F7-A1C8-5188502A2A15}.Debug|Any CPU.Build.0 = Debug|Any CPU
		{FA5CD8F1-8C9C-44F7-A1C8-5188502A2A15}.Release|Any CPU.ActiveCfg = Release|Any CPU
		{FA5CD8F1-8C9C-44F7-A1C8-5188502A2A15}.Release|Any CPU.Build.0 = Release|Any CPU
	EndGlobalSection
	GlobalSection(SolutionProperties) = preSolution
		HideSolutionNode = FALSE
	EndGlobalSection
	GlobalSection(ExtensibilityGlobals) = postSolution
		SolutionGuid = {82BFBA16-253F-4600-A989-050E393ACD72}
	EndGlobalSection
EndGlobal
