
Microsoft Visual Studio Solution File, Format Version 12.00
# Visual Studio Version 17
VisualStudioVersion = 17.0.32014.148
MinimumVisualStudioVersion = 10.0.40219.1
Project("{9A19103F-16F7-4668-BE54-9A1E7A4F7556}") = "Craft.Math", "Craft.Math\Craft.Math.csproj", "{6DEF0B5E-09E5-4440-861E-D12A02BCC7D5}"
EndProject
Project("{9A19103F-16F7-4668-BE54-9A1E7A4F7556}") = "Craft.DataStructures", "Craft.DataStructures\Craft.DataStructures.csproj", "{D28C5DCA-0ED1-4A3F-8C74-CAEB211A1B03}"
EndProject
Project("{9A19103F-16F7-4668-BE54-9A1E7A4F7556}") = "Craft.Logging", "Craft.Logging\Craft.Logging.csproj", "{14190A2F-8EB4-496D-BC86-ED4A9DD92D19}"
EndProject
Project("{9A19103F-16F7-4668-BE54-9A1E7A4F7556}") = "Craft.Algorithms", "Craft.Algorithms\Craft.Algorithms.csproj", "{435E00C1-AF20-4C9C-AAB7-9E2034E95329}"
EndProject
Project("{9A19103F-16F7-4668-BE54-9A1E7A4F7556}") = "Craft.Persistence", "Craft.Persistence\Craft.Persistence.csproj", "{D4A2FC89-6EC0-436E-A4B5-C4D02B9F095F}"
EndProject
Project("{9A19103F-16F7-4668-BE54-9A1E7A4F7556}") = "Craft.Utils", "Craft.Utils\Craft.Utils.csproj", "{DCB287DD-E248-40FC-B17F-F24E65688320}"
EndProject
Project("{9A19103F-16F7-4668-BE54-9A1E7A4F7556}") = "Craft.UI.Utils", "Craft.UI.Utils\Craft.UI.Utils.csproj", "{25E09694-CB38-4A89-98A3-F960A47D1977}"
EndProject
Project("{9A19103F-16F7-4668-BE54-9A1E7A4F7556}") = "Craft.ImageEditor.ViewModel", "Craft.ImageEditor.ViewModel\Craft.ImageEditor.ViewModel.csproj", "{B14443B9-40B7-4C77-951A-6D1308705E1B}"
EndProject
Project("{9A19103F-16F7-4668-BE54-9A1E7A4F7556}") = "Craft.ImageEditor.UI.WPF", "Craft.ImageEditor.UI.WPF\Craft.ImageEditor.UI.WPF.csproj", "{350A366C-3D27-4857-ABA5-11DE5D0E5425}"
EndProject
Project("{9A19103F-16F7-4668-BE54-9A1E7A4F7556}") = "Craft.ViewModels", "Craft.ViewModels\Craft.ViewModels.csproj", "{F3725C09-31A4-46DA-8834-339A2821BE88}"
EndProject
Project("{9A19103F-16F7-4668-BE54-9A1E7A4F7556}") = "Craft.UIElements.GuiTest", "Craft.UIElements.GuiTest\Craft.UIElements.GuiTest.csproj", "{43982567-EDA2-4F0E-AC3F-B4263B5B8C38}"
EndProject
Project("{9A19103F-16F7-4668-BE54-9A1E7A4F7556}") = "Craft.UIElements", "Craft.UIElements\Craft.UIElements.csproj", "{CC4C81FD-070C-4C06-8DE1-C6CBDB45586A}"
EndProject
Project("{2150E333-8FDC-42A3-9474-1A3956D46DE8}") = "Solution Items", "Solution Items", "{190E1E26-5517-4116-A477-9240802EE9F8}"
	ProjectSection(SolutionItems) = preProject
		Readme.txt = Readme.txt
	EndProjectSection
EndProject
Project("{9A19103F-16F7-4668-BE54-9A1E7A4F7556}") = "Craft.Algorithms.GuiTest", "Craft.Algorithms.GuiTest\Craft.Algorithms.GuiTest.csproj", "{7E146EF7-9B59-4C5D-B43F-FEAF24E25DA5}"
EndProject
Project("{9A19103F-16F7-4668-BE54-9A1E7A4F7556}") = "Craft.GeometryEditor3D.ViewModel", "Craft.GeometryEditor3D.ViewModel\Craft.GeometryEditor3D.ViewModel.csproj", "{2EA82FAF-E845-4166-9900-96CA6DC4A482}"
EndProject
Project("{FAE04EC0-301F-11D3-BF4B-00C04F79EFBC}") = "WpfLibrary1", "WpfLibrary1\WpfLibrary1.csproj", "{04EA63C6-63D7-46B4-8220-8666B5DD3581}"
EndProject
Project("{FAE04EC0-301F-11D3-BF4B-00C04F79EFBC}") = "WpfLibrary2", "WpfLibrary2\WpfLibrary2.csproj", "{5697D979-C991-4CA3-83EC-9549040001D8}"
EndProject
Project("{FAE04EC0-301F-11D3-BF4B-00C04F79EFBC}") = "WpfApp1", "WpfApp1\WpfApp1.csproj", "{91CB2F77-6C66-450C-8DE0-C3F2FC23CCC5}"
EndProject
Project("{FAE04EC0-301F-11D3-BF4B-00C04F79EFBC}") = "WpfApp2", "WpfApp2\WpfApp2.csproj", "{C4A4F06F-DE51-4E59-BA14-81F5A97996CB}"
EndProject
Project("{FAE04EC0-301F-11D3-BF4B-00C04F79EFBC}") = "Craft.Algorithms.GuiTest2", "Craft.Algorithms.GuiTest2\Craft.Algorithms.GuiTest2.csproj", "{EED67911-8486-43E6-A9BA-42B36A4F79A8}"
EndProject
Global
	GlobalSection(SolutionConfigurationPlatforms) = preSolution
		Debug|Any CPU = Debug|Any CPU
		Release|Any CPU = Release|Any CPU
	EndGlobalSection
	GlobalSection(ProjectConfigurationPlatforms) = postSolution
		{6DEF0B5E-09E5-4440-861E-D12A02BCC7D5}.Debug|Any CPU.ActiveCfg = Debug|Any CPU
		{6DEF0B5E-09E5-4440-861E-D12A02BCC7D5}.Debug|Any CPU.Build.0 = Debug|Any CPU
		{6DEF0B5E-09E5-4440-861E-D12A02BCC7D5}.Release|Any CPU.ActiveCfg = Release|Any CPU
		{6DEF0B5E-09E5-4440-861E-D12A02BCC7D5}.Release|Any CPU.Build.0 = Release|Any CPU
		{D28C5DCA-0ED1-4A3F-8C74-CAEB211A1B03}.Debug|Any CPU.ActiveCfg = Debug|Any CPU
		{D28C5DCA-0ED1-4A3F-8C74-CAEB211A1B03}.Debug|Any CPU.Build.0 = Debug|Any CPU
		{D28C5DCA-0ED1-4A3F-8C74-CAEB211A1B03}.Release|Any CPU.ActiveCfg = Release|Any CPU
		{D28C5DCA-0ED1-4A3F-8C74-CAEB211A1B03}.Release|Any CPU.Build.0 = Release|Any CPU
		{14190A2F-8EB4-496D-BC86-ED4A9DD92D19}.Debug|Any CPU.ActiveCfg = Debug|Any CPU
		{14190A2F-8EB4-496D-BC86-ED4A9DD92D19}.Debug|Any CPU.Build.0 = Debug|Any CPU
		{14190A2F-8EB4-496D-BC86-ED4A9DD92D19}.Release|Any CPU.ActiveCfg = Release|Any CPU
		{14190A2F-8EB4-496D-BC86-ED4A9DD92D19}.Release|Any CPU.Build.0 = Release|Any CPU
		{435E00C1-AF20-4C9C-AAB7-9E2034E95329}.Debug|Any CPU.ActiveCfg = Debug|Any CPU
		{435E00C1-AF20-4C9C-AAB7-9E2034E95329}.Debug|Any CPU.Build.0 = Debug|Any CPU
		{435E00C1-AF20-4C9C-AAB7-9E2034E95329}.Release|Any CPU.ActiveCfg = Release|Any CPU
		{435E00C1-AF20-4C9C-AAB7-9E2034E95329}.Release|Any CPU.Build.0 = Release|Any CPU
		{D4A2FC89-6EC0-436E-A4B5-C4D02B9F095F}.Debug|Any CPU.ActiveCfg = Debug|Any CPU
		{D4A2FC89-6EC0-436E-A4B5-C4D02B9F095F}.Debug|Any CPU.Build.0 = Debug|Any CPU
		{D4A2FC89-6EC0-436E-A4B5-C4D02B9F095F}.Release|Any CPU.ActiveCfg = Release|Any CPU
		{D4A2FC89-6EC0-436E-A4B5-C4D02B9F095F}.Release|Any CPU.Build.0 = Release|Any CPU
		{DCB287DD-E248-40FC-B17F-F24E65688320}.Debug|Any CPU.ActiveCfg = Debug|Any CPU
		{DCB287DD-E248-40FC-B17F-F24E65688320}.Debug|Any CPU.Build.0 = Debug|Any CPU
		{DCB287DD-E248-40FC-B17F-F24E65688320}.Release|Any CPU.ActiveCfg = Release|Any CPU
		{DCB287DD-E248-40FC-B17F-F24E65688320}.Release|Any CPU.Build.0 = Release|Any CPU
		{25E09694-CB38-4A89-98A3-F960A47D1977}.Debug|Any CPU.ActiveCfg = Debug|Any CPU
		{25E09694-CB38-4A89-98A3-F960A47D1977}.Debug|Any CPU.Build.0 = Debug|Any CPU
		{25E09694-CB38-4A89-98A3-F960A47D1977}.Release|Any CPU.ActiveCfg = Release|Any CPU
		{25E09694-CB38-4A89-98A3-F960A47D1977}.Release|Any CPU.Build.0 = Release|Any CPU
		{B14443B9-40B7-4C77-951A-6D1308705E1B}.Debug|Any CPU.ActiveCfg = Debug|Any CPU
		{B14443B9-40B7-4C77-951A-6D1308705E1B}.Debug|Any CPU.Build.0 = Debug|Any CPU
		{B14443B9-40B7-4C77-951A-6D1308705E1B}.Release|Any CPU.ActiveCfg = Release|Any CPU
		{B14443B9-40B7-4C77-951A-6D1308705E1B}.Release|Any CPU.Build.0 = Release|Any CPU
		{350A366C-3D27-4857-ABA5-11DE5D0E5425}.Debug|Any CPU.ActiveCfg = Debug|Any CPU
		{350A366C-3D27-4857-ABA5-11DE5D0E5425}.Debug|Any CPU.Build.0 = Debug|Any CPU
		{350A366C-3D27-4857-ABA5-11DE5D0E5425}.Release|Any CPU.ActiveCfg = Release|Any CPU
		{350A366C-3D27-4857-ABA5-11DE5D0E5425}.Release|Any CPU.Build.0 = Release|Any CPU
		{F3725C09-31A4-46DA-8834-339A2821BE88}.Debug|Any CPU.ActiveCfg = Debug|Any CPU
		{F3725C09-31A4-46DA-8834-339A2821BE88}.Debug|Any CPU.Build.0 = Debug|Any CPU
		{F3725C09-31A4-46DA-8834-339A2821BE88}.Release|Any CPU.ActiveCfg = Release|Any CPU
		{F3725C09-31A4-46DA-8834-339A2821BE88}.Release|Any CPU.Build.0 = Release|Any CPU
		{43982567-EDA2-4F0E-AC3F-B4263B5B8C38}.Debug|Any CPU.ActiveCfg = Debug|Any CPU
		{43982567-EDA2-4F0E-AC3F-B4263B5B8C38}.Debug|Any CPU.Build.0 = Debug|Any CPU
		{43982567-EDA2-4F0E-AC3F-B4263B5B8C38}.Release|Any CPU.ActiveCfg = Release|Any CPU
		{43982567-EDA2-4F0E-AC3F-B4263B5B8C38}.Release|Any CPU.Build.0 = Release|Any CPU
		{CC4C81FD-070C-4C06-8DE1-C6CBDB45586A}.Debug|Any CPU.ActiveCfg = Debug|Any CPU
		{CC4C81FD-070C-4C06-8DE1-C6CBDB45586A}.Debug|Any CPU.Build.0 = Debug|Any CPU
		{CC4C81FD-070C-4C06-8DE1-C6CBDB45586A}.Release|Any CPU.ActiveCfg = Release|Any CPU
		{CC4C81FD-070C-4C06-8DE1-C6CBDB45586A}.Release|Any CPU.Build.0 = Release|Any CPU
		{7E146EF7-9B59-4C5D-B43F-FEAF24E25DA5}.Debug|Any CPU.ActiveCfg = Debug|Any CPU
		{7E146EF7-9B59-4C5D-B43F-FEAF24E25DA5}.Debug|Any CPU.Build.0 = Debug|Any CPU
		{7E146EF7-9B59-4C5D-B43F-FEAF24E25DA5}.Release|Any CPU.ActiveCfg = Release|Any CPU
		{7E146EF7-9B59-4C5D-B43F-FEAF24E25DA5}.Release|Any CPU.Build.0 = Release|Any CPU
		{2EA82FAF-E845-4166-9900-96CA6DC4A482}.Debug|Any CPU.ActiveCfg = Debug|Any CPU
		{2EA82FAF-E845-4166-9900-96CA6DC4A482}.Debug|Any CPU.Build.0 = Debug|Any CPU
		{2EA82FAF-E845-4166-9900-96CA6DC4A482}.Release|Any CPU.ActiveCfg = Release|Any CPU
		{2EA82FAF-E845-4166-9900-96CA6DC4A482}.Release|Any CPU.Build.0 = Release|Any CPU
		{04EA63C6-63D7-46B4-8220-8666B5DD3581}.Debug|Any CPU.ActiveCfg = Debug|Any CPU
		{04EA63C6-63D7-46B4-8220-8666B5DD3581}.Debug|Any CPU.Build.0 = Debug|Any CPU
		{04EA63C6-63D7-46B4-8220-8666B5DD3581}.Release|Any CPU.ActiveCfg = Release|Any CPU
		{04EA63C6-63D7-46B4-8220-8666B5DD3581}.Release|Any CPU.Build.0 = Release|Any CPU
		{5697D979-C991-4CA3-83EC-9549040001D8}.Debug|Any CPU.ActiveCfg = Debug|Any CPU
		{5697D979-C991-4CA3-83EC-9549040001D8}.Debug|Any CPU.Build.0 = Debug|Any CPU
		{5697D979-C991-4CA3-83EC-9549040001D8}.Release|Any CPU.ActiveCfg = Release|Any CPU
		{5697D979-C991-4CA3-83EC-9549040001D8}.Release|Any CPU.Build.0 = Release|Any CPU
		{91CB2F77-6C66-450C-8DE0-C3F2FC23CCC5}.Debug|Any CPU.ActiveCfg = Debug|Any CPU
		{91CB2F77-6C66-450C-8DE0-C3F2FC23CCC5}.Debug|Any CPU.Build.0 = Debug|Any CPU
		{91CB2F77-6C66-450C-8DE0-C3F2FC23CCC5}.Release|Any CPU.ActiveCfg = Release|Any CPU
		{91CB2F77-6C66-450C-8DE0-C3F2FC23CCC5}.Release|Any CPU.Build.0 = Release|Any CPU
		{C4A4F06F-DE51-4E59-BA14-81F5A97996CB}.Debug|Any CPU.ActiveCfg = Debug|Any CPU
		{C4A4F06F-DE51-4E59-BA14-81F5A97996CB}.Debug|Any CPU.Build.0 = Debug|Any CPU
		{C4A4F06F-DE51-4E59-BA14-81F5A97996CB}.Release|Any CPU.ActiveCfg = Release|Any CPU
		{C4A4F06F-DE51-4E59-BA14-81F5A97996CB}.Release|Any CPU.Build.0 = Release|Any CPU
		{EED67911-8486-43E6-A9BA-42B36A4F79A8}.Debug|Any CPU.ActiveCfg = Debug|Any CPU
		{EED67911-8486-43E6-A9BA-42B36A4F79A8}.Debug|Any CPU.Build.0 = Debug|Any CPU
		{EED67911-8486-43E6-A9BA-42B36A4F79A8}.Release|Any CPU.ActiveCfg = Release|Any CPU
		{EED67911-8486-43E6-A9BA-42B36A4F79A8}.Release|Any CPU.Build.0 = Release|Any CPU
	EndGlobalSection
	GlobalSection(SolutionProperties) = preSolution
		HideSolutionNode = FALSE
	EndGlobalSection
	GlobalSection(ExtensibilityGlobals) = postSolution
		SolutionGuid = {D0F169F6-6DBF-42B3-B16A-FF8F41CA5488}
	EndGlobalSection
EndGlobal
