
Microsoft Visual Studio Solution File, Format Version 12.00
# Visual Studio Version 17
VisualStudioVersion = 17.0.32014.148
MinimumVisualStudioVersion = 10.0.40219.1
Project("{9A19103F-16F7-4668-BE54-9A1E7A4F7556}") = "Craft.Math", "Craft.Math\Craft.Math.csproj", "{6DEF0B5E-09E5-4440-861E-D12A02BCC7D5}"
EndProject
Project("{9A19103F-16F7-4668-BE54-9A1E7A4F7556}") = "Craft.DataStructures", "Craft.DataStructures\Craft.DataStructures.csproj", "{D28C5DCA-0ED1-4A3F-8C74-CAEB211A1B03}"
EndProject
Project("{9A19103F-16F7-4668-BE54-9A1E7A4F7556}") = "Craft.Logging", "Craft.Logging\Craft.Logging.csproj", "{14190A2F-8EB4-496D-BC86-ED4A9DD92D19}"
EndProject
Project("{9A19103F-16F7-4668-BE54-9A1E7A4F7556}") = "Craft.Algorithms", "Craft.Algorithms\Craft.Algorithms.csproj", "{435E00C1-AF20-4C9C-AAB7-9E2034E95329}"
EndProject
Project("{9A19103F-16F7-4668-BE54-9A1E7A4F7556}") = "Craft.Persistence", "Craft.Persistence\Craft.Persistence.csproj", "{D4A2FC89-6EC0-436E-A4B5-C4D02B9F095F}"
EndProject
Project("{9A19103F-16F7-4668-BE54-9A1E7A4F7556}") = "Craft.Utils", "Craft.Utils\Craft.Utils.csproj", "{DCB287DD-E248-40FC-B17F-F24E65688320}"
EndProject
Project("{9A19103F-16F7-4668-BE54-9A1E7A4F7556}") = "Craft.ViewModels", "Craft.ViewModels\Craft.ViewModels.csproj", "{F3725C09-31A4-46DA-8834-339A2821BE88}"
EndProject
Project("{9A19103F-16F7-4668-BE54-9A1E7A4F7556}") = "Craft.UIElements.GuiTest", "Craft.UIElements.GuiTest\Craft.UIElements.GuiTest.csproj", "{43982567-EDA2-4F0E-AC3F-B4263B5B8C38}"
EndProject
Project("{9A19103F-16F7-4668-BE54-9A1E7A4F7556}") = "Craft.UIElements", "Craft.UIElements\Craft.UIElements.csproj", "{CC4C81FD-070C-4C06-8DE1-C6CBDB45586A}"
EndProject
Project("{2150E333-8FDC-42A3-9474-1A3956D46DE8}") = "Solution Items", "Solution Items", "{190E1E26-5517-4116-A477-9240802EE9F8}"
	ProjectSection(SolutionItems) = preProject
		Readme.txt = Readme.txt
		Tasks.txt = Tasks.txt
	EndProjectSection
EndProject
Project("{9A19103F-16F7-4668-BE54-9A1E7A4F7556}") = "Craft.Algorithms.GuiTest", "Craft.Algorithms.GuiTest\Craft.Algorithms.GuiTest.csproj", "{7E146EF7-9B59-4C5D-B43F-FEAF24E25DA5}"
EndProject
Project("{9A19103F-16F7-4668-BE54-9A1E7A4F7556}") = "Craft.GeometryEditor3D.ViewModel", "Craft.GeometryEditor3D.ViewModel\Craft.GeometryEditor3D.ViewModel.csproj", "{2EA82FAF-E845-4166-9900-96CA6DC4A482}"
EndProject
Project("{9A19103F-16F7-4668-BE54-9A1E7A4F7556}") = "Craft.Logging.Log4Net", "Craft.Logging.Log4Net\Craft.Logging.Log4Net.csproj", "{8C299201-2DF2-41FB-851B-C75DCADE293E}"
EndProject
Project("{9A19103F-16F7-4668-BE54-9A1E7A4F7556}") = "Craft.UI.Utils", "Craft.UI.Utils\Craft.UI.Utils.csproj", "{F6F7F0DD-C00C-457E-93F5-24A049A706B4}"
EndProject
Project("{9A19103F-16F7-4668-BE54-9A1E7A4F7556}") = "Craft.Math.UnitTest", "Craft.Math.UnitTest\Craft.Math.UnitTest.csproj", "{8EA17140-3FC5-47AA-9193-FBB75879576B}"
EndProject
Project("{9A19103F-16F7-4668-BE54-9A1E7A4F7556}") = "Craft.Algorithms.UnitTest", "Craft.Algorithms.UnitTest\Craft.Algorithms.UnitTest.csproj", "{F4027BF7-0C75-424F-9789-5373EF34562F}"
EndProject
Project("{9A19103F-16F7-4668-BE54-9A1E7A4F7556}") = "Craft.DataStructures.UnitTest", "Craft.DataStructures.UnitTest\Craft.DataStructures.UnitTest.csproj", "{E51509FF-1874-4990-86D0-0B48116ACBE9}"
EndProject
Project("{9A19103F-16F7-4668-BE54-9A1E7A4F7556}") = "Craft.GeometryEditor3D.UI.WPF", "Craft.GeometryEditor3D.UI.WPF\Craft.GeometryEditor3D.UI.WPF.csproj", "{987D6CE2-40CF-4300-ADF6-5034B9AF252B}"
EndProject
Project("{9A19103F-16F7-4668-BE54-9A1E7A4F7556}") = "Craft.ViewModel.Utils", "Craft.ViewModel.Utils\Craft.ViewModel.Utils.csproj", "{4DFF1D0C-0B74-4DA8-9AF2-66078CE08E27}"
EndProject
Project("{9A19103F-16F7-4668-BE54-9A1E7A4F7556}") = "Craft.IO.Utils", "Craft.IO.Utils\Craft.IO.Utils.csproj", "{C58BE099-983A-4C34-AB58-A0CEA7B75B3C}"
EndProject
Project("{9A19103F-16F7-4668-BE54-9A1E7A4F7556}") = "Craft.Persistence.EntityFrameworkCore", "Craft.Persistence.EntityFrameworkCore\Craft.Persistence.EntityFrameworkCore.csproj", "{B1461E06-4F5F-4F4A-BD70-685DF017A763}"
EndProject
Project("{9A19103F-16F7-4668-BE54-9A1E7A4F7556}") = "Craft.DataStructures.IO", "Craft.DataStructures.IO\Craft.DataStructures.IO.csproj", "{6E21CFFF-851E-4ED8-9B74-BF37E3D095B7}"
EndProject
Project("{9A19103F-16F7-4668-BE54-9A1E7A4F7556}") = "Craft.DataStructures.IO.UnitTest", "Craft.DataStructures.IO.UnitTest\Craft.DataStructures.IO.UnitTest.csproj", "{C61A3448-A28D-4A47-A332-358B0CF5E05C}"
EndProject
Global
	GlobalSection(SolutionConfigurationPlatforms) = preSolution
		Debug|Any CPU = Debug|Any CPU
		Release|Any CPU = Release|Any CPU
	EndGlobalSection
	GlobalSection(ProjectConfigurationPlatforms) = postSolution
		{6DEF0B5E-09E5-4440-861E-D12A02BCC7D5}.Debug|Any CPU.ActiveCfg = Debug|Any CPU
		{6DEF0B5E-09E5-4440-861E-D12A02BCC7D5}.Debug|Any CPU.Build.0 = Debug|Any CPU
		{6DEF0B5E-09E5-4440-861E-D12A02BCC7D5}.Release|Any CPU.ActiveCfg = Release|Any CPU
		{6DEF0B5E-09E5-4440-861E-D12A02BCC7D5}.Release|Any CPU.Build.0 = Release|Any CPU
		{D28C5DCA-0ED1-4A3F-8C74-CAEB211A1B03}.Debug|Any CPU.ActiveCfg = Debug|Any CPU
		{D28C5DCA-0ED1-4A3F-8C74-CAEB211A1B03}.Debug|Any CPU.Build.0 = Debug|Any CPU
		{D28C5DCA-0ED1-4A3F-8C74-CAEB211A1B03}.Release|Any CPU.ActiveCfg = Release|Any CPU
		{D28C5DCA-0ED1-4A3F-8C74-CAEB211A1B03}.Release|Any CPU.Build.0 = Release|Any CPU
		{14190A2F-8EB4-496D-BC86-ED4A9DD92D19}.Debug|Any CPU.ActiveCfg = Debug|Any CPU
		{14190A2F-8EB4-496D-BC86-ED4A9DD92D19}.Debug|Any CPU.Build.0 = Debug|Any CPU
		{14190A2F-8EB4-496D-BC86-ED4A9DD92D19}.Release|Any CPU.ActiveCfg = Release|Any CPU
		{14190A2F-8EB4-496D-BC86-ED4A9DD92D19}.Release|Any CPU.Build.0 = Release|Any CPU
		{435E00C1-AF20-4C9C-AAB7-9E2034E95329}.Debug|Any CPU.ActiveCfg = Debug|Any CPU
		{435E00C1-AF20-4C9C-AAB7-9E2034E95329}.Debug|Any CPU.Build.0 = Debug|Any CPU
		{435E00C1-AF20-4C9C-AAB7-9E2034E95329}.Release|Any CPU.ActiveCfg = Release|Any CPU
		{435E00C1-AF20-4C9C-AAB7-9E2034E95329}.Release|Any CPU.Build.0 = Release|Any CPU
		{D4A2FC89-6EC0-436E-A4B5-C4D02B9F095F}.Debug|Any CPU.ActiveCfg = Debug|Any CPU
		{D4A2FC89-6EC0-436E-A4B5-C4D02B9F095F}.Debug|Any CPU.Build.0 = Debug|Any CPU
		{D4A2FC89-6EC0-436E-A4B5-C4D02B9F095F}.Release|Any CPU.ActiveCfg = Release|Any CPU
		{D4A2FC89-6EC0-436E-A4B5-C4D02B9F095F}.Release|Any CPU.Build.0 = Release|Any CPU
		{DCB287DD-E248-40FC-B17F-F24E65688320}.Debug|Any CPU.ActiveCfg = Debug|Any CPU
		{DCB287DD-E248-40FC-B17F-F24E65688320}.Debug|Any CPU.Build.0 = Debug|Any CPU
		{DCB287DD-E248-40FC-B17F-F24E65688320}.Release|Any CPU.ActiveCfg = Release|Any CPU
		{DCB287DD-E248-40FC-B17F-F24E65688320}.Release|Any CPU.Build.0 = Release|Any CPU
		{F3725C09-31A4-46DA-8834-339A2821BE88}.Debug|Any CPU.ActiveCfg = Debug|Any CPU
		{F3725C09-31A4-46DA-8834-339A2821BE88}.Debug|Any CPU.Build.0 = Debug|Any CPU
		{F3725C09-31A4-46DA-8834-339A2821BE88}.Release|Any CPU.ActiveCfg = Release|Any CPU
		{F3725C09-31A4-46DA-8834-339A2821BE88}.Release|Any CPU.Build.0 = Release|Any CPU
		{43982567-EDA2-4F0E-AC3F-B4263B5B8C38}.Debug|Any CPU.ActiveCfg = Debug|Any CPU
		{43982567-EDA2-4F0E-AC3F-B4263B5B8C38}.Debug|Any CPU.Build.0 = Debug|Any CPU
		{43982567-EDA2-4F0E-AC3F-B4263B5B8C38}.Release|Any CPU.ActiveCfg = Release|Any CPU
		{43982567-EDA2-4F0E-AC3F-B4263B5B8C38}.Release|Any CPU.Build.0 = Release|Any CPU
		{CC4C81FD-070C-4C06-8DE1-C6CBDB45586A}.Debug|Any CPU.ActiveCfg = Debug|Any CPU
		{CC4C81FD-070C-4C06-8DE1-C6CBDB45586A}.Debug|Any CPU.Build.0 = Debug|Any CPU
		{CC4C81FD-070C-4C06-8DE1-C6CBDB45586A}.Release|Any CPU.ActiveCfg = Release|Any CPU
		{CC4C81FD-070C-4C06-8DE1-C6CBDB45586A}.Release|Any CPU.Build.0 = Release|Any CPU
		{7E146EF7-9B59-4C5D-B43F-FEAF24E25DA5}.Debug|Any CPU.ActiveCfg = Debug|Any CPU
		{7E146EF7-9B59-4C5D-B43F-FEAF24E25DA5}.Debug|Any CPU.Build.0 = Debug|Any CPU
		{7E146EF7-9B59-4C5D-B43F-FEAF24E25DA5}.Release|Any CPU.ActiveCfg = Release|Any CPU
		{7E146EF7-9B59-4C5D-B43F-FEAF24E25DA5}.Release|Any CPU.Build.0 = Release|Any CPU
		{2EA82FAF-E845-4166-9900-96CA6DC4A482}.Debug|Any CPU.ActiveCfg = Debug|Any CPU
		{2EA82FAF-E845-4166-9900-96CA6DC4A482}.Debug|Any CPU.Build.0 = Debug|Any CPU
		{2EA82FAF-E845-4166-9900-96CA6DC4A482}.Release|Any CPU.ActiveCfg = Release|Any CPU
		{2EA82FAF-E845-4166-9900-96CA6DC4A482}.Release|Any CPU.Build.0 = Release|Any CPU
		{8C299201-2DF2-41FB-851B-C75DCADE293E}.Debug|Any CPU.ActiveCfg = Debug|Any CPU
		{8C299201-2DF2-41FB-851B-C75DCADE293E}.Debug|Any CPU.Build.0 = Debug|Any CPU
		{8C299201-2DF2-41FB-851B-C75DCADE293E}.Release|Any CPU.ActiveCfg = Release|Any CPU
		{8C299201-2DF2-41FB-851B-C75DCADE293E}.Release|Any CPU.Build.0 = Release|Any CPU
		{F6F7F0DD-C00C-457E-93F5-24A049A706B4}.Debug|Any CPU.ActiveCfg = Debug|Any CPU
		{F6F7F0DD-C00C-457E-93F5-24A049A706B4}.Debug|Any CPU.Build.0 = Debug|Any CPU
		{F6F7F0DD-C00C-457E-93F5-24A049A706B4}.Release|Any CPU.ActiveCfg = Release|Any CPU
		{F6F7F0DD-C00C-457E-93F5-24A049A706B4}.Release|Any CPU.Build.0 = Release|Any CPU
		{8EA17140-3FC5-47AA-9193-FBB75879576B}.Debug|Any CPU.ActiveCfg = Debug|Any CPU
		{8EA17140-3FC5-47AA-9193-FBB75879576B}.Debug|Any CPU.Build.0 = Debug|Any CPU
		{8EA17140-3FC5-47AA-9193-FBB75879576B}.Release|Any CPU.ActiveCfg = Release|Any CPU
		{8EA17140-3FC5-47AA-9193-FBB75879576B}.Release|Any CPU.Build.0 = Release|Any CPU
		{F4027BF7-0C75-424F-9789-5373EF34562F}.Debug|Any CPU.ActiveCfg = Debug|Any CPU
		{F4027BF7-0C75-424F-9789-5373EF34562F}.Debug|Any CPU.Build.0 = Debug|Any CPU
		{F4027BF7-0C75-424F-9789-5373EF34562F}.Release|Any CPU.ActiveCfg = Release|Any CPU
		{F4027BF7-0C75-424F-9789-5373EF34562F}.Release|Any CPU.Build.0 = Release|Any CPU
		{E51509FF-1874-4990-86D0-0B48116ACBE9}.Debug|Any CPU.ActiveCfg = Debug|Any CPU
		{E51509FF-1874-4990-86D0-0B48116ACBE9}.Debug|Any CPU.Build.0 = Debug|Any CPU
		{E51509FF-1874-4990-86D0-0B48116ACBE9}.Release|Any CPU.ActiveCfg = Release|Any CPU
		{E51509FF-1874-4990-86D0-0B48116ACBE9}.Release|Any CPU.Build.0 = Release|Any CPU
		{987D6CE2-40CF-4300-ADF6-5034B9AF252B}.Debug|Any CPU.ActiveCfg = Debug|Any CPU
		{987D6CE2-40CF-4300-ADF6-5034B9AF252B}.Debug|Any CPU.Build.0 = Debug|Any CPU
		{987D6CE2-40CF-4300-ADF6-5034B9AF252B}.Release|Any CPU.ActiveCfg = Release|Any CPU
		{987D6CE2-40CF-4300-ADF6-5034B9AF252B}.Release|Any CPU.Build.0 = Release|Any CPU
		{4DFF1D0C-0B74-4DA8-9AF2-66078CE08E27}.Debug|Any CPU.ActiveCfg = Debug|Any CPU
		{4DFF1D0C-0B74-4DA8-9AF2-66078CE08E27}.Debug|Any CPU.Build.0 = Debug|Any CPU
		{4DFF1D0C-0B74-4DA8-9AF2-66078CE08E27}.Release|Any CPU.ActiveCfg = Release|Any CPU
		{4DFF1D0C-0B74-4DA8-9AF2-66078CE08E27}.Release|Any CPU.Build.0 = Release|Any CPU
		{C58BE099-983A-4C34-AB58-A0CEA7B75B3C}.Debug|Any CPU.ActiveCfg = Debug|Any CPU
		{C58BE099-983A-4C34-AB58-A0CEA7B75B3C}.Debug|Any CPU.Build.0 = Debug|Any CPU
		{C58BE099-983A-4C34-AB58-A0CEA7B75B3C}.Release|Any CPU.ActiveCfg = Release|Any CPU
		{C58BE099-983A-4C34-AB58-A0CEA7B75B3C}.Release|Any CPU.Build.0 = Release|Any CPU
		{B1461E06-4F5F-4F4A-BD70-685DF017A763}.Debug|Any CPU.ActiveCfg = Debug|Any CPU
		{B1461E06-4F5F-4F4A-BD70-685DF017A763}.Debug|Any CPU.Build.0 = Debug|Any CPU
		{B1461E06-4F5F-4F4A-BD70-685DF017A763}.Release|Any CPU.ActiveCfg = Release|Any CPU
		{B1461E06-4F5F-4F4A-BD70-685DF017A763}.Release|Any CPU.Build.0 = Release|Any CPU
		{6E21CFFF-851E-4ED8-9B74-BF37E3D095B7}.Debug|Any CPU.ActiveCfg = Debug|Any CPU
		{6E21CFFF-851E-4ED8-9B74-BF37E3D095B7}.Debug|Any CPU.Build.0 = Debug|Any CPU
		{6E21CFFF-851E-4ED8-9B74-BF37E3D095B7}.Release|Any CPU.ActiveCfg = Release|Any CPU
		{6E21CFFF-851E-4ED8-9B74-BF37E3D095B7}.Release|Any CPU.Build.0 = Release|Any CPU
		{C61A3448-A28D-4A47-A332-358B0CF5E05C}.Debug|Any CPU.ActiveCfg = Debug|Any CPU
		{C61A3448-A28D-4A47-A332-358B0CF5E05C}.Debug|Any CPU.Build.0 = Debug|Any CPU
		{C61A3448-A28D-4A47-A332-358B0CF5E05C}.Release|Any CPU.ActiveCfg = Release|Any CPU
		{C61A3448-A28D-4A47-A332-358B0CF5E05C}.Release|Any CPU.Build.0 = Release|Any CPU
	EndGlobalSection
	GlobalSection(SolutionProperties) = preSolution
		HideSolutionNode = FALSE
	EndGlobalSection
	GlobalSection(ExtensibilityGlobals) = postSolution
		SolutionGuid = {D0F169F6-6DBF-42B3-B16A-FF8F41CA5488}
	EndGlobalSection
EndGlobal
