
Microsoft Visual Studio Solution File, Format Version 12.00
# Visual Studio Version 17
VisualStudioVersion = 17.0.31903.59
MinimumVisualStudioVersion = 10.0.40219.1
Project("{FAE04EC0-301F-11D3-BF4B-00C04F79EFBC}") = "C2IEDM.Domain", "C2IEDM.Domain\C2IEDM.Domain.csproj", "{4D3FEAB3-651E-446E-A648-55410B718F91}"
EndProject
Project("{FAE04EC0-301F-11D3-BF4B-00C04F79EFBC}") = "C2IEDM.Persistence", "C2IEDM.Persistence\C2IEDM.Persistence.csproj", "{BF97BE25-26A1-480F-BE53-927F48B03593}"
EndProject
Project("{9A19103F-16F7-4668-BE54-9A1E7A4F7556}") = "Craft.Persistence", "..\Craft\Craft.Persistence\Craft.Persistence.csproj", "{BCB3119B-8E2B-4F77-B942-7CFAC731F6DA}"
EndProject
Project("{9A19103F-16F7-4668-BE54-9A1E7A4F7556}") = "Craft.Persistence.EntityFrameworkCore", "..\Craft\Craft.Persistence.EntityFrameworkCore\Craft.Persistence.EntityFrameworkCore.csproj", "{015ABE7B-DEE7-43A1-A7DE-D70B5BE4306B}"
EndProject
Project("{FAE04EC0-301F-11D3-BF4B-00C04F79EFBC}") = "C2IEDM.Persistence.EntityFrameworkCore", "C2IEDM.Persistence.EntityFrameworkCore\C2IEDM.Persistence.EntityFrameworkCore.csproj", "{8A17B774-2A03-497D-AF61-65C842652084}"
EndProject
Global
	GlobalSection(SolutionConfigurationPlatforms) = preSolution
		Debug|Any CPU = Debug|Any CPU
		Release|Any CPU = Release|Any CPU
	EndGlobalSection
	GlobalSection(ProjectConfigurationPlatforms) = postSolution
		{4D3FEAB3-651E-446E-A648-55410B718F91}.Debug|Any CPU.ActiveCfg = Debug|Any CPU
		{4D3FEAB3-651E-446E-A648-55410B718F91}.Debug|Any CPU.Build.0 = Debug|Any CPU
		{4D3FEAB3-651E-446E-A648-55410B718F91}.Release|Any CPU.ActiveCfg = Release|Any CPU
		{4D3FEAB3-651E-446E-A648-55410B718F91}.Release|Any CPU.Build.0 = Release|Any CPU
		{BF97BE25-26A1-480F-BE53-927F48B03593}.Debug|Any CPU.ActiveCfg = Debug|Any CPU
		{BF97BE25-26A1-480F-BE53-927F48B03593}.Debug|Any CPU.Build.0 = Debug|Any CPU
		{BF97BE25-26A1-480F-BE53-927F48B03593}.Release|Any CPU.ActiveCfg = Release|Any CPU
		{BF97BE25-26A1-480F-BE53-927F48B03593}.Release|Any CPU.Build.0 = Release|Any CPU
		{BCB3119B-8E2B-4F77-B942-7CFAC731F6DA}.Debug|Any CPU.ActiveCfg = Debug|Any CPU
		{BCB3119B-8E2B-4F77-B942-7CFAC731F6DA}.Debug|Any CPU.Build.0 = Debug|Any CPU
		{BCB3119B-8E2B-4F77-B942-7CFAC731F6DA}.Release|Any CPU.ActiveCfg = Release|Any CPU
		{BCB3119B-8E2B-4F77-B942-7CFAC731F6DA}.Release|Any CPU.Build.0 = Release|Any CPU
		{015ABE7B-DEE7-43A1-A7DE-D70B5BE4306B}.Debug|Any CPU.ActiveCfg = Debug|Any CPU
		{015ABE7B-DEE7-43A1-A7DE-D70B5BE4306B}.Debug|Any CPU.Build.0 = Debug|Any CPU
		{015ABE7B-DEE7-43A1-A7DE-D70B5BE4306B}.Release|Any CPU.ActiveCfg = Release|Any CPU
		{015ABE7B-DEE7-43A1-A7DE-D70B5BE4306B}.Release|Any CPU.Build.0 = Release|Any CPU
		{8A17B774-2A03-497D-AF61-65C842652084}.Debug|Any CPU.ActiveCfg = Debug|Any CPU
		{8A17B774-2A03-497D-AF61-65C842652084}.Debug|Any CPU.Build.0 = Debug|Any CPU
		{8A17B774-2A03-497D-AF61-65C842652084}.Release|Any CPU.ActiveCfg = Release|Any CPU
		{8A17B774-2A03-497D-AF61-65C842652084}.Release|Any CPU.Build.0 = Release|Any CPU
	EndGlobalSection
	GlobalSection(SolutionProperties) = preSolution
		HideSolutionNode = FALSE
	EndGlobalSection
	GlobalSection(ExtensibilityGlobals) = postSolution
		SolutionGuid = {EFF4D679-03CF-4547-B617-1B031FFD2ABD}
	EndGlobalSection
EndGlobal
