
Microsoft Visual Studio Solution File, Format Version 12.00
# Visual Studio Version 17
VisualStudioVersion = 17.0.31903.59
MinimumVisualStudioVersion = 10.0.40219.1
Project("{9A19103F-16F7-4668-BE54-9A1E7A4F7556}") = "C2IEDM.Domain", "C2IEDM.Domain\C2IEDM.Domain.csproj", "{4D3FEAB3-651E-446E-A648-55410B718F91}"
EndProject
Project("{9A19103F-16F7-4668-BE54-9A1E7A4F7556}") = "C2IEDM.Persistence", "C2IEDM.Persistence\C2IEDM.Persistence.csproj", "{BF97BE25-26A1-480F-BE53-927F48B03593}"
EndProject
Project("{9A19103F-16F7-4668-BE54-9A1E7A4F7556}") = "Craft.Persistence", "..\Craft\Craft.Persistence\Craft.Persistence.csproj", "{BCB3119B-8E2B-4F77-B942-7CFAC731F6DA}"
EndProject
Project("{9A19103F-16F7-4668-BE54-9A1E7A4F7556}") = "Craft.Persistence.EntityFrameworkCore", "..\Craft\Craft.Persistence.EntityFrameworkCore\Craft.Persistence.EntityFrameworkCore.csproj", "{015ABE7B-DEE7-43A1-A7DE-D70B5BE4306B}"
EndProject
Project("{9A19103F-16F7-4668-BE54-9A1E7A4F7556}") = "C2IEDM.Persistence.EntityFrameworkCore", "C2IEDM.Persistence.EntityFrameworkCore\C2IEDM.Persistence.EntityFrameworkCore.csproj", "{8A17B774-2A03-497D-AF61-65C842652084}"
EndProject
Project("{9A19103F-16F7-4668-BE54-9A1E7A4F7556}") = "C2IEDM.Persistence.EntityFrameworkCore.Sqlite", "C2IEDM.Persistence.EntityFrameworkCore.Sqlite\C2IEDM.Persistence.EntityFrameworkCore.Sqlite.csproj", "{1B958CB6-14E5-4025-899E-A186BD6AE931}"
EndProject
Project("{9A19103F-16F7-4668-BE54-9A1E7A4F7556}") = "C2IEDM.Application", "C2IEDM.Application\C2IEDM.Application.csproj", "{B2415682-5FEF-4D88-B6BA-AA1D915F11A5}"
EndProject
Project("{9A19103F-16F7-4668-BE54-9A1E7A4F7556}") = "Craft.Logging", "..\Craft\Craft.Logging\Craft.Logging.csproj", "{C4FF5996-90BE-42BB-8EA2-5797EF5897AF}"
EndProject
Project("{9A19103F-16F7-4668-BE54-9A1E7A4F7556}") = "C2IEDM.UI.Console", "C2IEDM.UI.Console\C2IEDM.UI.Console.csproj", "{70ABEA07-C28C-4BA3-BE5C-799F6C3C2BCB}"
EndProject
Project("{9A19103F-16F7-4668-BE54-9A1E7A4F7556}") = "Craft.Logging.Log4Net", "..\Craft\Craft.Logging.Log4Net\Craft.Logging.Log4Net.csproj", "{C885605E-1F10-4AB1-A56F-5CEBA99DB4DC}"
EndProject
Project("{9A19103F-16F7-4668-BE54-9A1E7A4F7556}") = "C2IEDM.Persistence.EntityFrameworkCore.PostgreSQL", "C2IEDM.Persistence.EntityFrameworkCore.PostgreSQL\C2IEDM.Persistence.EntityFrameworkCore.PostgreSQL.csproj", "{89591479-8D07-4C91-846B-01FFB876F18F}"
EndProject
Project("{9A19103F-16F7-4668-BE54-9A1E7A4F7556}") = "C2IEDM.Persistence.EntityFrameworkCore.SqlServer", "C2IEDM.Persistence.EntityFrameworkCore.SqlServer\C2IEDM.Persistence.EntityFrameworkCore.SqlServer.csproj", "{8E72A8E0-4046-4DBE-BEFC-8DF2DB218137}"
EndProject
Project("{9A19103F-16F7-4668-BE54-9A1E7A4F7556}") = "C2IEDM.Web.Persistence", "C2IEDM.Web.Persistence\C2IEDM.Web.Persistence.csproj", "{3DA7955E-A20F-495B-9A8A-11C16655BB21}"
EndProject
Project("{9A19103F-16F7-4668-BE54-9A1E7A4F7556}") = "C2IEDM.Web.Application", "C2IEDM.Web.Application\C2IEDM.Web.Application.csproj", "{63E51510-D809-4B7F-A5AE-203A14A33AE6}"
EndProject
Project("{9A19103F-16F7-4668-BE54-9A1E7A4F7556}") = "C2IEDM.Web.Infrastructure", "C2IEDM.Web.Infrastructure\C2IEDM.Web.Infrastructure.csproj", "{CAFA1FDE-80B2-4FDC-A2FD-492B9F1D0D7D}"
EndProject
Global
	GlobalSection(SolutionConfigurationPlatforms) = preSolution
		Debug|Any CPU = Debug|Any CPU
		Release|Any CPU = Release|Any CPU
	EndGlobalSection
	GlobalSection(ProjectConfigurationPlatforms) = postSolution
		{4D3FEAB3-651E-446E-A648-55410B718F91}.Debug|Any CPU.ActiveCfg = Debug|Any CPU
		{4D3FEAB3-651E-446E-A648-55410B718F91}.Debug|Any CPU.Build.0 = Debug|Any CPU
		{4D3FEAB3-651E-446E-A648-55410B718F91}.Release|Any CPU.ActiveCfg = Release|Any CPU
		{4D3FEAB3-651E-446E-A648-55410B718F91}.Release|Any CPU.Build.0 = Release|Any CPU
		{BF97BE25-26A1-480F-BE53-927F48B03593}.Debug|Any CPU.ActiveCfg = Debug|Any CPU
		{BF97BE25-26A1-480F-BE53-927F48B03593}.Debug|Any CPU.Build.0 = Debug|Any CPU
		{BF97BE25-26A1-480F-BE53-927F48B03593}.Release|Any CPU.ActiveCfg = Release|Any CPU
		{BF97BE25-26A1-480F-BE53-927F48B03593}.Release|Any CPU.Build.0 = Release|Any CPU
		{BCB3119B-8E2B-4F77-B942-7CFAC731F6DA}.Debug|Any CPU.ActiveCfg = Debug|Any CPU
		{BCB3119B-8E2B-4F77-B942-7CFAC731F6DA}.Debug|Any CPU.Build.0 = Debug|Any CPU
		{BCB3119B-8E2B-4F77-B942-7CFAC731F6DA}.Release|Any CPU.ActiveCfg = Release|Any CPU
		{BCB3119B-8E2B-4F77-B942-7CFAC731F6DA}.Release|Any CPU.Build.0 = Release|Any CPU
		{015ABE7B-DEE7-43A1-A7DE-D70B5BE4306B}.Debug|Any CPU.ActiveCfg = Debug|Any CPU
		{015ABE7B-DEE7-43A1-A7DE-D70B5BE4306B}.Debug|Any CPU.Build.0 = Debug|Any CPU
		{015ABE7B-DEE7-43A1-A7DE-D70B5BE4306B}.Release|Any CPU.ActiveCfg = Release|Any CPU
		{015ABE7B-DEE7-43A1-A7DE-D70B5BE4306B}.Release|Any CPU.Build.0 = Release|Any CPU
		{8A17B774-2A03-497D-AF61-65C842652084}.Debug|Any CPU.ActiveCfg = Debug|Any CPU
		{8A17B774-2A03-497D-AF61-65C842652084}.Debug|Any CPU.Build.0 = Debug|Any CPU
		{8A17B774-2A03-497D-AF61-65C842652084}.Release|Any CPU.ActiveCfg = Release|Any CPU
		{8A17B774-2A03-497D-AF61-65C842652084}.Release|Any CPU.Build.0 = Release|Any CPU
		{1B958CB6-14E5-4025-899E-A186BD6AE931}.Debug|Any CPU.ActiveCfg = Debug|Any CPU
		{1B958CB6-14E5-4025-899E-A186BD6AE931}.Debug|Any CPU.Build.0 = Debug|Any CPU
		{1B958CB6-14E5-4025-899E-A186BD6AE931}.Release|Any CPU.ActiveCfg = Release|Any CPU
		{1B958CB6-14E5-4025-899E-A186BD6AE931}.Release|Any CPU.Build.0 = Release|Any CPU
		{B2415682-5FEF-4D88-B6BA-AA1D915F11A5}.Debug|Any CPU.ActiveCfg = Debug|Any CPU
		{B2415682-5FEF-4D88-B6BA-AA1D915F11A5}.Debug|Any CPU.Build.0 = Debug|Any CPU
		{B2415682-5FEF-4D88-B6BA-AA1D915F11A5}.Release|Any CPU.ActiveCfg = Release|Any CPU
		{B2415682-5FEF-4D88-B6BA-AA1D915F11A5}.Release|Any CPU.Build.0 = Release|Any CPU
		{C4FF5996-90BE-42BB-8EA2-5797EF5897AF}.Debug|Any CPU.ActiveCfg = Debug|Any CPU
		{C4FF5996-90BE-42BB-8EA2-5797EF5897AF}.Debug|Any CPU.Build.0 = Debug|Any CPU
		{C4FF5996-90BE-42BB-8EA2-5797EF5897AF}.Release|Any CPU.ActiveCfg = Release|Any CPU
		{C4FF5996-90BE-42BB-8EA2-5797EF5897AF}.Release|Any CPU.Build.0 = Release|Any CPU
		{70ABEA07-C28C-4BA3-BE5C-799F6C3C2BCB}.Debug|Any CPU.ActiveCfg = Debug|Any CPU
		{70ABEA07-C28C-4BA3-BE5C-799F6C3C2BCB}.Debug|Any CPU.Build.0 = Debug|Any CPU
		{70ABEA07-C28C-4BA3-BE5C-799F6C3C2BCB}.Release|Any CPU.ActiveCfg = Release|Any CPU
		{70ABEA07-C28C-4BA3-BE5C-799F6C3C2BCB}.Release|Any CPU.Build.0 = Release|Any CPU
		{C885605E-1F10-4AB1-A56F-5CEBA99DB4DC}.Debug|Any CPU.ActiveCfg = Debug|Any CPU
		{C885605E-1F10-4AB1-A56F-5CEBA99DB4DC}.Debug|Any CPU.Build.0 = Debug|Any CPU
		{C885605E-1F10-4AB1-A56F-5CEBA99DB4DC}.Release|Any CPU.ActiveCfg = Release|Any CPU
		{C885605E-1F10-4AB1-A56F-5CEBA99DB4DC}.Release|Any CPU.Build.0 = Release|Any CPU
		{89591479-8D07-4C91-846B-01FFB876F18F}.Debug|Any CPU.ActiveCfg = Debug|Any CPU
		{89591479-8D07-4C91-846B-01FFB876F18F}.Debug|Any CPU.Build.0 = Debug|Any CPU
		{89591479-8D07-4C91-846B-01FFB876F18F}.Release|Any CPU.ActiveCfg = Release|Any CPU
		{89591479-8D07-4C91-846B-01FFB876F18F}.Release|Any CPU.Build.0 = Release|Any CPU
		{8E72A8E0-4046-4DBE-BEFC-8DF2DB218137}.Debug|Any CPU.ActiveCfg = Debug|Any CPU
		{8E72A8E0-4046-4DBE-BEFC-8DF2DB218137}.Debug|Any CPU.Build.0 = Debug|Any CPU
		{8E72A8E0-4046-4DBE-BEFC-8DF2DB218137}.Release|Any CPU.ActiveCfg = Release|Any CPU
		{8E72A8E0-4046-4DBE-BEFC-8DF2DB218137}.Release|Any CPU.Build.0 = Release|Any CPU
		{3DA7955E-A20F-495B-9A8A-11C16655BB21}.Debug|Any CPU.ActiveCfg = Debug|Any CPU
		{3DA7955E-A20F-495B-9A8A-11C16655BB21}.Debug|Any CPU.Build.0 = Debug|Any CPU
		{3DA7955E-A20F-495B-9A8A-11C16655BB21}.Release|Any CPU.ActiveCfg = Release|Any CPU
		{3DA7955E-A20F-495B-9A8A-11C16655BB21}.Release|Any CPU.Build.0 = Release|Any CPU
		{63E51510-D809-4B7F-A5AE-203A14A33AE6}.Debug|Any CPU.ActiveCfg = Debug|Any CPU
		{63E51510-D809-4B7F-A5AE-203A14A33AE6}.Debug|Any CPU.Build.0 = Debug|Any CPU
		{63E51510-D809-4B7F-A5AE-203A14A33AE6}.Release|Any CPU.ActiveCfg = Release|Any CPU
		{63E51510-D809-4B7F-A5AE-203A14A33AE6}.Release|Any CPU.Build.0 = Release|Any CPU
		{CAFA1FDE-80B2-4FDC-A2FD-492B9F1D0D7D}.Debug|Any CPU.ActiveCfg = Debug|Any CPU
		{CAFA1FDE-80B2-4FDC-A2FD-492B9F1D0D7D}.Debug|Any CPU.Build.0 = Debug|Any CPU
		{CAFA1FDE-80B2-4FDC-A2FD-492B9F1D0D7D}.Release|Any CPU.ActiveCfg = Release|Any CPU
		{CAFA1FDE-80B2-4FDC-A2FD-492B9F1D0D7D}.Release|Any CPU.Build.0 = Release|Any CPU
	EndGlobalSection
	GlobalSection(SolutionProperties) = preSolution
		HideSolutionNode = FALSE
	EndGlobalSection
	GlobalSection(ExtensibilityGlobals) = postSolution
		SolutionGuid = {EFF4D679-03CF-4547-B617-1B031FFD2ABD}
	EndGlobalSection
EndGlobal
