
Microsoft Visual Studio Solution File, Format Version 12.00
# Visual Studio Version 17
VisualStudioVersion = 17.0.32014.148
MinimumVisualStudioVersion = 10.0.40219.1
Project("{9A19103F-16F7-4668-BE54-9A1E7A4F7556}") = "DMI.StatDB.Domain", "DMI.StatDB.Domain\DMI.StatDB.Domain.csproj", "{7CDA2354-91D0-4D93-BC8C-4FB2340DBF6A}"
EndProject
Project("{9A19103F-16F7-4668-BE54-9A1E7A4F7556}") = "DMI.StatDB.Persistence", "DMI.StatDB.Persistence\DMI.StatDB.Persistence.csproj", "{F46C267B-929A-4D6F-9C1A-DEA8B3970FF4}"
EndProject
Project("{9A19103F-16F7-4668-BE54-9A1E7A4F7556}") = "Craft.Persistence", "..\..\Craft\Craft.Persistence\Craft.Persistence.csproj", "{72F81419-8D37-426E-B058-3F8C9D4B7CB8}"
EndProject
Project("{9A19103F-16F7-4668-BE54-9A1E7A4F7556}") = "Craft.Logging", "..\..\Craft\Craft.Logging\Craft.Logging.csproj", "{F8046A44-3A19-42F6-97A3-5CACD107B660}"
EndProject
Project("{9A19103F-16F7-4668-BE54-9A1E7A4F7556}") = "DMI.StatDB.Application", "DMI.StatDB.Application\DMI.StatDB.Application.csproj", "{46BD66D3-6E92-471D-9849-7708F771A217}"
EndProject
Project("{9A19103F-16F7-4668-BE54-9A1E7A4F7556}") = "DMI.StatDB.Persistence.Npgsql", "DMI.StatDB.Persistence.Npgsql\DMI.StatDB.Persistence.Npgsql.csproj", "{818469BB-76C0-4524-B4F0-D1BB952A8320}"
EndProject
Project("{9A19103F-16F7-4668-BE54-9A1E7A4F7556}") = "DMI.StatDB.UIDataProvider.Persistence", "DMI.StatDB.UIDataProvider.Persistence\DMI.StatDB.UIDataProvider.Persistence.csproj", "{C9C5FC9D-ABCE-4012-B66E-0744F8F7B877}"
EndProject
Project("{9A19103F-16F7-4668-BE54-9A1E7A4F7556}") = "DMI.StatDB.ViewModel", "DMI.StatDB.ViewModel\DMI.StatDB.ViewModel.csproj", "{7E76D9E9-979F-4FF1-99C1-C6EE57B37C7F}"
EndProject
Project("{9A19103F-16F7-4668-BE54-9A1E7A4F7556}") = "Craft.ViewModels", "..\..\Craft\Craft.ViewModels\Craft.ViewModels.csproj", "{B23F7426-2397-441E-97F8-651609240BC5}"
EndProject
Project("{9A19103F-16F7-4668-BE54-9A1E7A4F7556}") = "DMI.StatDB.UIElements", "DMI.StatDB.UIElements\DMI.StatDB.UIElements.csproj", "{7B605AFC-C670-4916-B605-589CCB349A5F}"
EndProject
Project("{9A19103F-16F7-4668-BE54-9A1E7A4F7556}") = "DMI.StatDB.UI.WPF", "DMI.StatDB.UI.WPF\DMI.StatDB.UI.WPF.csproj", "{83562298-D1BF-48A0-89DA-1E4A713D7136}"
EndProject
Project("{9A19103F-16F7-4668-BE54-9A1E7A4F7556}") = "Craft.UI.Utils", "..\..\Craft\Craft.UI.Utils\Craft.UI.Utils.csproj", "{1EA05596-FEC7-45B2-AAA2-C4A7AB066548}"
EndProject
Project("{9A19103F-16F7-4668-BE54-9A1E7A4F7556}") = "Craft.UIElements", "..\..\Craft\Craft.UIElements\Craft.UIElements.csproj", "{59553604-FB23-4163-BAEE-DD112E99B077}"
EndProject
Project("{2150E333-8FDC-42A3-9474-1A3956D46DE8}") = "Solution Items", "Solution Items", "{447D66F8-6DF4-40FA-94B6-70AA92A813D5}"
	ProjectSection(SolutionItems) = preProject
		Backlog.txt = Backlog.txt
	EndProjectSection
EndProject
Project("{9A19103F-16F7-4668-BE54-9A1E7A4F7556}") = "DMI.StatDB.UI.Console", "DMI.StatDB.UI.Console\DMI.StatDB.UI.Console.csproj", "{D6C8996B-F8AF-4E36-96F3-BD2BD19D2274}"
EndProject
Project("{9A19103F-16F7-4668-BE54-9A1E7A4F7556}") = "DMI.StatDB.Persistence.File", "DMI.StatDB.Persistence.File\DMI.StatDB.Persistence.File.csproj", "{2195CDC4-664A-407F-8D9C-C8ADDEEFA0DE}"
EndProject
Project("{9A19103F-16F7-4668-BE54-9A1E7A4F7556}") = "Craft.Logging.Log4Net", "..\..\Craft\Craft.Logging.Log4Net\Craft.Logging.Log4Net.csproj", "{DBB905B3-2F49-4ED4-BEC2-964D02DDE5B7}"
EndProject
Project("{9A19103F-16F7-4668-BE54-9A1E7A4F7556}") = "DMI.StatDB.IO", "DMI.StatDB.IO\DMI.StatDB.IO.csproj", "{08884C31-E662-4015-B688-F07AFFBA2633}"
EndProject
Project("{9A19103F-16F7-4668-BE54-9A1E7A4F7556}") = "Craft.IO.Utils", "..\..\Craft\Craft.IO.Utils\Craft.IO.Utils.csproj", "{24BCFF86-AEB0-4F45-8841-3CEE7A7C36E8}"
EndProject
Project("{9A19103F-16F7-4668-BE54-9A1E7A4F7556}") = "DMI.StatDB.IO.UnitTest", "DMI.StatDB.IO.UnitTest\DMI.StatDB.IO.UnitTest.csproj", "{5F980832-7EF1-458D-824A-8DB4760607F4}"
EndProject
Project("{FAE04EC0-301F-11D3-BF4B-00C04F79EFBC}") = "DMI.StatDB.Persistence.Npgsql.UnitTest", "DMI.StatDB.Persistence.Npgsql.UnitTest\DMI.StatDB.Persistence.Npgsql.UnitTest.csproj", "{B90C54C1-F3CE-4D7F-8ABB-5CD28C6F2078}"
EndProject
Global
	GlobalSection(SolutionConfigurationPlatforms) = preSolution
		Debug|Any CPU = Debug|Any CPU
		Release|Any CPU = Release|Any CPU
	EndGlobalSection
	GlobalSection(ProjectConfigurationPlatforms) = postSolution
		{7CDA2354-91D0-4D93-BC8C-4FB2340DBF6A}.Debug|Any CPU.ActiveCfg = Debug|Any CPU
		{7CDA2354-91D0-4D93-BC8C-4FB2340DBF6A}.Debug|Any CPU.Build.0 = Debug|Any CPU
		{7CDA2354-91D0-4D93-BC8C-4FB2340DBF6A}.Release|Any CPU.ActiveCfg = Release|Any CPU
		{7CDA2354-91D0-4D93-BC8C-4FB2340DBF6A}.Release|Any CPU.Build.0 = Release|Any CPU
		{F46C267B-929A-4D6F-9C1A-DEA8B3970FF4}.Debug|Any CPU.ActiveCfg = Debug|Any CPU
		{F46C267B-929A-4D6F-9C1A-DEA8B3970FF4}.Debug|Any CPU.Build.0 = Debug|Any CPU
		{F46C267B-929A-4D6F-9C1A-DEA8B3970FF4}.Release|Any CPU.ActiveCfg = Release|Any CPU
		{F46C267B-929A-4D6F-9C1A-DEA8B3970FF4}.Release|Any CPU.Build.0 = Release|Any CPU
		{72F81419-8D37-426E-B058-3F8C9D4B7CB8}.Debug|Any CPU.ActiveCfg = Debug|Any CPU
		{72F81419-8D37-426E-B058-3F8C9D4B7CB8}.Debug|Any CPU.Build.0 = Debug|Any CPU
		{72F81419-8D37-426E-B058-3F8C9D4B7CB8}.Release|Any CPU.ActiveCfg = Release|Any CPU
		{72F81419-8D37-426E-B058-3F8C9D4B7CB8}.Release|Any CPU.Build.0 = Release|Any CPU
		{F8046A44-3A19-42F6-97A3-5CACD107B660}.Debug|Any CPU.ActiveCfg = Debug|Any CPU
		{F8046A44-3A19-42F6-97A3-5CACD107B660}.Debug|Any CPU.Build.0 = Debug|Any CPU
		{F8046A44-3A19-42F6-97A3-5CACD107B660}.Release|Any CPU.ActiveCfg = Release|Any CPU
		{F8046A44-3A19-42F6-97A3-5CACD107B660}.Release|Any CPU.Build.0 = Release|Any CPU
		{46BD66D3-6E92-471D-9849-7708F771A217}.Debug|Any CPU.ActiveCfg = Debug|Any CPU
		{46BD66D3-6E92-471D-9849-7708F771A217}.Debug|Any CPU.Build.0 = Debug|Any CPU
		{46BD66D3-6E92-471D-9849-7708F771A217}.Release|Any CPU.ActiveCfg = Release|Any CPU
		{46BD66D3-6E92-471D-9849-7708F771A217}.Release|Any CPU.Build.0 = Release|Any CPU
		{818469BB-76C0-4524-B4F0-D1BB952A8320}.Debug|Any CPU.ActiveCfg = Debug|Any CPU
		{818469BB-76C0-4524-B4F0-D1BB952A8320}.Debug|Any CPU.Build.0 = Debug|Any CPU
		{818469BB-76C0-4524-B4F0-D1BB952A8320}.Release|Any CPU.ActiveCfg = Release|Any CPU
		{818469BB-76C0-4524-B4F0-D1BB952A8320}.Release|Any CPU.Build.0 = Release|Any CPU
		{C9C5FC9D-ABCE-4012-B66E-0744F8F7B877}.Debug|Any CPU.ActiveCfg = Debug|Any CPU
		{C9C5FC9D-ABCE-4012-B66E-0744F8F7B877}.Debug|Any CPU.Build.0 = Debug|Any CPU
		{C9C5FC9D-ABCE-4012-B66E-0744F8F7B877}.Release|Any CPU.ActiveCfg = Release|Any CPU
		{C9C5FC9D-ABCE-4012-B66E-0744F8F7B877}.Release|Any CPU.Build.0 = Release|Any CPU
		{7E76D9E9-979F-4FF1-99C1-C6EE57B37C7F}.Debug|Any CPU.ActiveCfg = Debug|Any CPU
		{7E76D9E9-979F-4FF1-99C1-C6EE57B37C7F}.Debug|Any CPU.Build.0 = Debug|Any CPU
		{7E76D9E9-979F-4FF1-99C1-C6EE57B37C7F}.Release|Any CPU.ActiveCfg = Release|Any CPU
		{7E76D9E9-979F-4FF1-99C1-C6EE57B37C7F}.Release|Any CPU.Build.0 = Release|Any CPU
		{B23F7426-2397-441E-97F8-651609240BC5}.Debug|Any CPU.ActiveCfg = Debug|Any CPU
		{B23F7426-2397-441E-97F8-651609240BC5}.Debug|Any CPU.Build.0 = Debug|Any CPU
		{B23F7426-2397-441E-97F8-651609240BC5}.Release|Any CPU.ActiveCfg = Release|Any CPU
		{B23F7426-2397-441E-97F8-651609240BC5}.Release|Any CPU.Build.0 = Release|Any CPU
		{7B605AFC-C670-4916-B605-589CCB349A5F}.Debug|Any CPU.ActiveCfg = Debug|Any CPU
		{7B605AFC-C670-4916-B605-589CCB349A5F}.Debug|Any CPU.Build.0 = Debug|Any CPU
		{7B605AFC-C670-4916-B605-589CCB349A5F}.Release|Any CPU.ActiveCfg = Release|Any CPU
		{7B605AFC-C670-4916-B605-589CCB349A5F}.Release|Any CPU.Build.0 = Release|Any CPU
		{83562298-D1BF-48A0-89DA-1E4A713D7136}.Debug|Any CPU.ActiveCfg = Debug|Any CPU
		{83562298-D1BF-48A0-89DA-1E4A713D7136}.Debug|Any CPU.Build.0 = Debug|Any CPU
		{83562298-D1BF-48A0-89DA-1E4A713D7136}.Release|Any CPU.ActiveCfg = Release|Any CPU
		{83562298-D1BF-48A0-89DA-1E4A713D7136}.Release|Any CPU.Build.0 = Release|Any CPU
		{1EA05596-FEC7-45B2-AAA2-C4A7AB066548}.Debug|Any CPU.ActiveCfg = Debug|Any CPU
		{1EA05596-FEC7-45B2-AAA2-C4A7AB066548}.Debug|Any CPU.Build.0 = Debug|Any CPU
		{1EA05596-FEC7-45B2-AAA2-C4A7AB066548}.Release|Any CPU.ActiveCfg = Release|Any CPU
		{1EA05596-FEC7-45B2-AAA2-C4A7AB066548}.Release|Any CPU.Build.0 = Release|Any CPU
		{59553604-FB23-4163-BAEE-DD112E99B077}.Debug|Any CPU.ActiveCfg = Debug|Any CPU
		{59553604-FB23-4163-BAEE-DD112E99B077}.Debug|Any CPU.Build.0 = Debug|Any CPU
		{59553604-FB23-4163-BAEE-DD112E99B077}.Release|Any CPU.ActiveCfg = Release|Any CPU
		{59553604-FB23-4163-BAEE-DD112E99B077}.Release|Any CPU.Build.0 = Release|Any CPU
		{D6C8996B-F8AF-4E36-96F3-BD2BD19D2274}.Debug|Any CPU.ActiveCfg = Debug|Any CPU
		{D6C8996B-F8AF-4E36-96F3-BD2BD19D2274}.Debug|Any CPU.Build.0 = Debug|Any CPU
		{D6C8996B-F8AF-4E36-96F3-BD2BD19D2274}.Release|Any CPU.ActiveCfg = Release|Any CPU
		{D6C8996B-F8AF-4E36-96F3-BD2BD19D2274}.Release|Any CPU.Build.0 = Release|Any CPU
		{2195CDC4-664A-407F-8D9C-C8ADDEEFA0DE}.Debug|Any CPU.ActiveCfg = Debug|Any CPU
		{2195CDC4-664A-407F-8D9C-C8ADDEEFA0DE}.Debug|Any CPU.Build.0 = Debug|Any CPU
		{2195CDC4-664A-407F-8D9C-C8ADDEEFA0DE}.Release|Any CPU.ActiveCfg = Release|Any CPU
		{2195CDC4-664A-407F-8D9C-C8ADDEEFA0DE}.Release|Any CPU.Build.0 = Release|Any CPU
		{DBB905B3-2F49-4ED4-BEC2-964D02DDE5B7}.Debug|Any CPU.ActiveCfg = Debug|Any CPU
		{DBB905B3-2F49-4ED4-BEC2-964D02DDE5B7}.Debug|Any CPU.Build.0 = Debug|Any CPU
		{DBB905B3-2F49-4ED4-BEC2-964D02DDE5B7}.Release|Any CPU.ActiveCfg = Release|Any CPU
		{DBB905B3-2F49-4ED4-BEC2-964D02DDE5B7}.Release|Any CPU.Build.0 = Release|Any CPU
		{08884C31-E662-4015-B688-F07AFFBA2633}.Debug|Any CPU.ActiveCfg = Debug|Any CPU
		{08884C31-E662-4015-B688-F07AFFBA2633}.Debug|Any CPU.Build.0 = Debug|Any CPU
		{08884C31-E662-4015-B688-F07AFFBA2633}.Release|Any CPU.ActiveCfg = Release|Any CPU
		{08884C31-E662-4015-B688-F07AFFBA2633}.Release|Any CPU.Build.0 = Release|Any CPU
		{24BCFF86-AEB0-4F45-8841-3CEE7A7C36E8}.Debug|Any CPU.ActiveCfg = Debug|Any CPU
		{24BCFF86-AEB0-4F45-8841-3CEE7A7C36E8}.Debug|Any CPU.Build.0 = Debug|Any CPU
		{24BCFF86-AEB0-4F45-8841-3CEE7A7C36E8}.Release|Any CPU.ActiveCfg = Release|Any CPU
		{24BCFF86-AEB0-4F45-8841-3CEE7A7C36E8}.Release|Any CPU.Build.0 = Release|Any CPU
		{5F980832-7EF1-458D-824A-8DB4760607F4}.Debug|Any CPU.ActiveCfg = Debug|Any CPU
		{5F980832-7EF1-458D-824A-8DB4760607F4}.Debug|Any CPU.Build.0 = Debug|Any CPU
		{5F980832-7EF1-458D-824A-8DB4760607F4}.Release|Any CPU.ActiveCfg = Release|Any CPU
		{5F980832-7EF1-458D-824A-8DB4760607F4}.Release|Any CPU.Build.0 = Release|Any CPU
		{B90C54C1-F3CE-4D7F-8ABB-5CD28C6F2078}.Debug|Any CPU.ActiveCfg = Debug|Any CPU
		{B90C54C1-F3CE-4D7F-8ABB-5CD28C6F2078}.Debug|Any CPU.Build.0 = Debug|Any CPU
		{B90C54C1-F3CE-4D7F-8ABB-5CD28C6F2078}.Release|Any CPU.ActiveCfg = Release|Any CPU
		{B90C54C1-F3CE-4D7F-8ABB-5CD28C6F2078}.Release|Any CPU.Build.0 = Release|Any CPU
	EndGlobalSection
	GlobalSection(SolutionProperties) = preSolution
		HideSolutionNode = FALSE
	EndGlobalSection
	GlobalSection(ExtensibilityGlobals) = postSolution
		SolutionGuid = {E593FA4A-844B-4F7E-8FC5-9ECA61F55645}
	EndGlobalSection
EndGlobal
