
Microsoft Visual Studio Solution File, Format Version 12.00
# Visual Studio Version 17
VisualStudioVersion = 17.0.32014.148
MinimumVisualStudioVersion = 10.0.40219.1
Project("{9A19103F-16F7-4668-BE54-9A1E7A4F7556}") = "DMI.Data.Studio.ViewModel", "DMI.Data.Studio.ViewModel\DMI.Data.Studio.ViewModel.csproj", "{916ED19A-9121-40A1-B3A0-7BA0C2AECDC0}"
EndProject
Project("{9A19103F-16F7-4668-BE54-9A1E7A4F7556}") = "DMI.SMS.ViewModel", "..\DMI.SMS\DMI.SMS.ViewModel\DMI.SMS.ViewModel.csproj", "{FBC2B32E-0A5E-4D5B-9215-798656D1CFD2}"
EndProject
Project("{9A19103F-16F7-4668-BE54-9A1E7A4F7556}") = "DMI.SMS.Application", "..\DMI.SMS\DMI.SMS.Application\DMI.SMS.Application.csproj", "{AA7DB4F6-77CF-46E5-B5DC-A4F1057857CB}"
EndProject
Project("{9A19103F-16F7-4668-BE54-9A1E7A4F7556}") = "Craft.ViewModels", "..\..\Craft\Craft.ViewModels\Craft.ViewModels.csproj", "{C93B2582-6860-4FB5-8ECA-D5E481748A6E}"
EndProject
Project("{9A19103F-16F7-4668-BE54-9A1E7A4F7556}") = "Craft.ViewModel.Utils", "..\..\Craft\Craft.ViewModel.Utils\Craft.ViewModel.Utils.csproj", "{C963CD18-70C8-48BB-852B-E3D994345115}"
EndProject
Project("{9A19103F-16F7-4668-BE54-9A1E7A4F7556}") = "Craft.Logging", "..\..\Craft\Craft.Logging\Craft.Logging.csproj", "{8EEF764E-1C35-4120-A252-0ADF55EEF2F3}"
EndProject
Project("{9A19103F-16F7-4668-BE54-9A1E7A4F7556}") = "DMI.StatDB.ViewModel", "..\DMI.StatDB\DMI.StatDB.ViewModel\DMI.StatDB.ViewModel.csproj", "{41DB770F-A13C-464A-9FE3-BB1C999D757D}"
EndProject
Project("{9A19103F-16F7-4668-BE54-9A1E7A4F7556}") = "DMI.StatDB.Domain", "..\DMI.StatDB\DMI.StatDB.Domain\DMI.StatDB.Domain.csproj", "{6D7A0636-F19F-43F1-8345-D9E25537DC83}"
EndProject
Project("{9A19103F-16F7-4668-BE54-9A1E7A4F7556}") = "DMI.StatDB.Persistence", "..\DMI.StatDB\DMI.StatDB.Persistence\DMI.StatDB.Persistence.csproj", "{56B39D5E-8F42-4E86-96DE-E0BA1DCC7571}"
EndProject
Project("{9A19103F-16F7-4668-BE54-9A1E7A4F7556}") = "DMI.StatDB.Application", "..\DMI.StatDB\DMI.StatDB.Application\DMI.StatDB.Application.csproj", "{8919DFB9-3636-46F0-96AC-029E0E79174F}"
EndProject
Project("{9A19103F-16F7-4668-BE54-9A1E7A4F7556}") = "DMI.SMS.Domain", "..\DMI.SMS\DMI.SMS.Domain\DMI.SMS.Domain.csproj", "{BDB74479-2261-4B54-97C2-C8085C08ED7F}"
EndProject
Project("{9A19103F-16F7-4668-BE54-9A1E7A4F7556}") = "Craft.Logging.Log4Net", "..\..\Craft\Craft.Logging.Log4Net\Craft.Logging.Log4Net.csproj", "{204B4ED3-244E-43D3-B9FB-2D60C29A5252}"
EndProject
Project("{9A19103F-16F7-4668-BE54-9A1E7A4F7556}") = "Craft.Persistence", "..\..\Craft\Craft.Persistence\Craft.Persistence.csproj", "{E69CF573-24E2-422E-A025-339414D2B88C}"
EndProject
Project("{9A19103F-16F7-4668-BE54-9A1E7A4F7556}") = "Craft.UI.Utils", "..\..\Craft\Craft.UI.Utils\Craft.UI.Utils.csproj", "{4B106164-4381-406F-B07F-74C23B9C86B8}"
EndProject
Project("{9A19103F-16F7-4668-BE54-9A1E7A4F7556}") = "Craft.UIElements", "..\..\Craft\Craft.UIElements\Craft.UIElements.csproj", "{995C9857-6C17-4E0E-B654-A9B563663E2A}"
EndProject
Project("{9A19103F-16F7-4668-BE54-9A1E7A4F7556}") = "Craft.Utils", "..\..\Craft\Craft.Utils\Craft.Utils.csproj", "{E8612C2E-78A8-4D48-8ED3-4A943A35CAFF}"
EndProject
Project("{9A19103F-16F7-4668-BE54-9A1E7A4F7556}") = "DMI.SMS.IO", "..\DMI.SMS\DMI.SMS.IO\DMI.SMS.IO.csproj", "{AE8F17F4-90C3-4DD1-B133-3B959780759D}"
EndProject
Project("{9A19103F-16F7-4668-BE54-9A1E7A4F7556}") = "DMI.SMS.Persistence", "..\DMI.SMS\DMI.SMS.Persistence\DMI.SMS.Persistence.csproj", "{99470AD8-F79B-49EC-B9C4-034ED2D2A401}"
EndProject
Project("{9A19103F-16F7-4668-BE54-9A1E7A4F7556}") = "DMI.SMS.UIDataProvider.Persistence", "..\DMI.SMS\DMI.SMS.UIDataProvider.Persistence\DMI.SMS.UIDataProvider.Persistence.csproj", "{CF072B79-238A-4775-9196-C5831075B0D6}"
EndProject
Project("{9A19103F-16F7-4668-BE54-9A1E7A4F7556}") = "DMI.StatDB.UIDataProvider.Persistence", "..\DMI.StatDB\DMI.StatDB.UIDataProvider.Persistence\DMI.StatDB.UIDataProvider.Persistence.csproj", "{384DF062-0CB9-49CB-8B22-2C8DAC94E37A}"
EndProject
Project("{9A19103F-16F7-4668-BE54-9A1E7A4F7556}") = "DMI.StatDB.UIElements", "..\DMI.StatDB\DMI.StatDB.UIElements\DMI.StatDB.UIElements.csproj", "{0885FBE4-250F-4C12-BE85-C90E2BC228C3}"
EndProject
Project("{9A19103F-16F7-4668-BE54-9A1E7A4F7556}") = "DMI.SMS.UIElements", "..\DMI.SMS\DMI.SMS.UIElements\DMI.SMS.UIElements.csproj", "{34729C61-1D16-4C6C-A6EA-84C167DB1056}"
EndProject
Project("{9A19103F-16F7-4668-BE54-9A1E7A4F7556}") = "DMI.Data.Studio.UI.WPF", "DMI.Data.Studio.UI.WPF\DMI.Data.Studio.UI.WPF.csproj", "{D3601762-D0B7-456C-BDDA-2780F231D34D}"
EndProject
Project("{9A19103F-16F7-4668-BE54-9A1E7A4F7556}") = "DMI.SMS.Persistence.File", "..\DMI.SMS\DMI.SMS.Persistence.File\DMI.SMS.Persistence.File.csproj", "{F3A1F623-F1C0-44AA-B469-255862389138}"
EndProject
Project("{9A19103F-16F7-4668-BE54-9A1E7A4F7556}") = "DMI.SMS.Persistence.Memory", "..\DMI.SMS\DMI.SMS.Persistence.Memory\DMI.SMS.Persistence.Memory.csproj", "{45BF3E93-FAC8-4255-995C-13783D88C8EF}"
EndProject
Project("{9A19103F-16F7-4668-BE54-9A1E7A4F7556}") = "DMI.SMS.Persistence.Npgsql", "..\DMI.SMS\DMI.SMS.Persistence.Npgsql\DMI.SMS.Persistence.Npgsql.csproj", "{AC40519F-EECA-4DDF-BDFF-8B96907924E7}"
EndProject
Project("{9A19103F-16F7-4668-BE54-9A1E7A4F7556}") = "DMI.StatDB.Persistence.Npgsql", "..\DMI.StatDB\DMI.StatDB.Persistence.Npgsql\DMI.StatDB.Persistence.Npgsql.csproj", "{7E2F2690-C742-4441-BF5E-A33921B1CFD0}"
EndProject
Project("{9A19103F-16F7-4668-BE54-9A1E7A4F7556}") = "DMI.StatDB.Persistence.File", "..\DMI.StatDB\DMI.StatDB.Persistence.File\DMI.StatDB.Persistence.File.csproj", "{3B4C0AD7-A53C-463F-91EA-0BCE567EDAE8}"
EndProject
Project("{9A19103F-16F7-4668-BE54-9A1E7A4F7556}") = "DMI.StatDB.IO", "..\DMI.StatDB\DMI.StatDB.IO\DMI.StatDB.IO.csproj", "{4215DE4D-C081-404D-B751-018FB190D18B}"
EndProject
Project("{2150E333-8FDC-42A3-9474-1A3956D46DE8}") = "Solution Items", "Solution Items", "{1C4E073F-95E2-4A9B-B4AA-D0A343028290}"
	ProjectSection(SolutionItems) = preProject
		Backlog.txt = Backlog.txt
	EndProjectSection
EndProject
Project("{2150E333-8FDC-42A3-9474-1A3956D46DE8}") = "Data", "Data", "{9AF3AD97-6BD9-4DCC-9A5B-9174BEE72716}"
	ProjectSection(SolutionItems) = preProject
		Data\metObs_parameter.json = Data\metObs_parameter.json
		Data\oceanObs_parameter.json = Data\oceanObs_parameter.json
	EndProjectSection
EndProject
Project("{2150E333-8FDC-42A3-9474-1A3956D46DE8}") = "ObservationMatrices", "ObservationMatrices", "{CE76EA9C-F6A6-4E36-A576-35B477CF9464}"
EndProject
Project("{2150E333-8FDC-42A3-9474-1A3956D46DE8}") = "Meteorological", "Meteorological", "{C76FA108-57C0-4755-9036-739B85708720}"
	ProjectSection(SolutionItems) = preProject
		Data\ObservationMatrices\Meteorological\Meteorological_observations_in_1953_from_nanoq.dmi.dk.txt = Data\ObservationMatrices\Meteorological\Meteorological_observations_in_1953_from_nanoq.dmi.dk.txt
		Data\ObservationMatrices\Meteorological\Meteorological_observations_in_1954_from_nanoq.dmi.dk.txt = Data\ObservationMatrices\Meteorological\Meteorological_observations_in_1954_from_nanoq.dmi.dk.txt
		Data\ObservationMatrices\Meteorological\Meteorological_observations_in_1955_from_nanoq.dmi.dk.txt = Data\ObservationMatrices\Meteorological\Meteorological_observations_in_1955_from_nanoq.dmi.dk.txt
		Data\ObservationMatrices\Meteorological\Meteorological_observations_in_1956_from_nanoq.dmi.dk.txt = Data\ObservationMatrices\Meteorological\Meteorological_observations_in_1956_from_nanoq.dmi.dk.txt
		Data\ObservationMatrices\Meteorological\Meteorological_observations_in_1957_from_nanoq.dmi.dk.txt = Data\ObservationMatrices\Meteorological\Meteorological_observations_in_1957_from_nanoq.dmi.dk.txt
		Data\ObservationMatrices\Meteorological\Meteorological_observations_in_1958_from_nanoq.dmi.dk.txt = Data\ObservationMatrices\Meteorological\Meteorological_observations_in_1958_from_nanoq.dmi.dk.txt
		Data\ObservationMatrices\Meteorological\Meteorological_observations_in_1959_from_nanoq.dmi.dk.txt = Data\ObservationMatrices\Meteorological\Meteorological_observations_in_1959_from_nanoq.dmi.dk.txt
		Data\ObservationMatrices\Meteorological\Meteorological_observations_in_1960_from_nanoq.dmi.dk.txt = Data\ObservationMatrices\Meteorological\Meteorological_observations_in_1960_from_nanoq.dmi.dk.txt
		Data\ObservationMatrices\Meteorological\Meteorological_observations_in_1961_from_nanoq.dmi.dk.txt = Data\ObservationMatrices\Meteorological\Meteorological_observations_in_1961_from_nanoq.dmi.dk.txt
		Data\ObservationMatrices\Meteorological\Meteorological_observations_in_1962_from_nanoq.dmi.dk.txt = Data\ObservationMatrices\Meteorological\Meteorological_observations_in_1962_from_nanoq.dmi.dk.txt
		Data\ObservationMatrices\Meteorological\Meteorological_observations_in_1963_from_nanoq.dmi.dk.txt = Data\ObservationMatrices\Meteorological\Meteorological_observations_in_1963_from_nanoq.dmi.dk.txt
		Data\ObservationMatrices\Meteorological\Meteorological_observations_in_1964_from_nanoq.dmi.dk.txt = Data\ObservationMatrices\Meteorological\Meteorological_observations_in_1964_from_nanoq.dmi.dk.txt
		Data\ObservationMatrices\Meteorological\Meteorological_observations_in_1965_from_nanoq.dmi.dk.txt = Data\ObservationMatrices\Meteorological\Meteorological_observations_in_1965_from_nanoq.dmi.dk.txt
		Data\ObservationMatrices\Meteorological\Meteorological_observations_in_1966_from_nanoq.dmi.dk.txt = Data\ObservationMatrices\Meteorological\Meteorological_observations_in_1966_from_nanoq.dmi.dk.txt
		Data\ObservationMatrices\Meteorological\Meteorological_observations_in_1967_from_nanoq.dmi.dk.txt = Data\ObservationMatrices\Meteorological\Meteorological_observations_in_1967_from_nanoq.dmi.dk.txt
		Data\ObservationMatrices\Meteorological\Meteorological_observations_in_1968_from_nanoq.dmi.dk.txt = Data\ObservationMatrices\Meteorological\Meteorological_observations_in_1968_from_nanoq.dmi.dk.txt
		Data\ObservationMatrices\Meteorological\Meteorological_observations_in_1969_from_nanoq.dmi.dk.txt = Data\ObservationMatrices\Meteorological\Meteorological_observations_in_1969_from_nanoq.dmi.dk.txt
		Data\ObservationMatrices\Meteorological\Meteorological_observations_in_1970_from_nanoq.dmi.dk.txt = Data\ObservationMatrices\Meteorological\Meteorological_observations_in_1970_from_nanoq.dmi.dk.txt
		Data\ObservationMatrices\Meteorological\Meteorological_observations_in_1971_from_nanoq.dmi.dk.txt = Data\ObservationMatrices\Meteorological\Meteorological_observations_in_1971_from_nanoq.dmi.dk.txt
		Data\ObservationMatrices\Meteorological\Meteorological_observations_in_1972_from_nanoq.dmi.dk.txt = Data\ObservationMatrices\Meteorological\Meteorological_observations_in_1972_from_nanoq.dmi.dk.txt
		Data\ObservationMatrices\Meteorological\Meteorological_observations_in_1973_from_nanoq.dmi.dk.txt = Data\ObservationMatrices\Meteorological\Meteorological_observations_in_1973_from_nanoq.dmi.dk.txt
		Data\ObservationMatrices\Meteorological\Meteorological_observations_in_1974_from_nanoq.dmi.dk.txt = Data\ObservationMatrices\Meteorological\Meteorological_observations_in_1974_from_nanoq.dmi.dk.txt
		Data\ObservationMatrices\Meteorological\Meteorological_observations_in_1975_from_nanoq.dmi.dk.txt = Data\ObservationMatrices\Meteorological\Meteorological_observations_in_1975_from_nanoq.dmi.dk.txt
		Data\ObservationMatrices\Meteorological\Meteorological_observations_in_1976_from_nanoq.dmi.dk.txt = Data\ObservationMatrices\Meteorological\Meteorological_observations_in_1976_from_nanoq.dmi.dk.txt
		Data\ObservationMatrices\Meteorological\Meteorological_observations_in_1977_from_nanoq.dmi.dk.txt = Data\ObservationMatrices\Meteorological\Meteorological_observations_in_1977_from_nanoq.dmi.dk.txt
		Data\ObservationMatrices\Meteorological\Meteorological_observations_in_1978_from_nanoq.dmi.dk.txt = Data\ObservationMatrices\Meteorological\Meteorological_observations_in_1978_from_nanoq.dmi.dk.txt
		Data\ObservationMatrices\Meteorological\Meteorological_observations_in_1979_from_nanoq.dmi.dk.txt = Data\ObservationMatrices\Meteorological\Meteorological_observations_in_1979_from_nanoq.dmi.dk.txt
		Data\ObservationMatrices\Meteorological\Meteorological_observations_in_1980_from_nanoq.dmi.dk.txt = Data\ObservationMatrices\Meteorological\Meteorological_observations_in_1980_from_nanoq.dmi.dk.txt
		Data\ObservationMatrices\Meteorological\Meteorological_observations_in_1981_from_nanoq.dmi.dk.txt = Data\ObservationMatrices\Meteorological\Meteorological_observations_in_1981_from_nanoq.dmi.dk.txt
		Data\ObservationMatrices\Meteorological\Meteorological_observations_in_1982_from_nanoq.dmi.dk.txt = Data\ObservationMatrices\Meteorological\Meteorological_observations_in_1982_from_nanoq.dmi.dk.txt
		Data\ObservationMatrices\Meteorological\Meteorological_observations_in_1983_from_nanoq.dmi.dk.txt = Data\ObservationMatrices\Meteorological\Meteorological_observations_in_1983_from_nanoq.dmi.dk.txt
		Data\ObservationMatrices\Meteorological\Meteorological_observations_in_1984_from_nanoq.dmi.dk.txt = Data\ObservationMatrices\Meteorological\Meteorological_observations_in_1984_from_nanoq.dmi.dk.txt
		Data\ObservationMatrices\Meteorological\Meteorological_observations_in_1985_from_nanoq.dmi.dk.txt = Data\ObservationMatrices\Meteorological\Meteorological_observations_in_1985_from_nanoq.dmi.dk.txt
		Data\ObservationMatrices\Meteorological\Meteorological_observations_in_1986_from_nanoq.dmi.dk.txt = Data\ObservationMatrices\Meteorological\Meteorological_observations_in_1986_from_nanoq.dmi.dk.txt
		Data\ObservationMatrices\Meteorological\Meteorological_observations_in_1987_from_nanoq.dmi.dk.txt = Data\ObservationMatrices\Meteorological\Meteorological_observations_in_1987_from_nanoq.dmi.dk.txt
		Data\ObservationMatrices\Meteorological\Meteorological_observations_in_1988_from_nanoq.dmi.dk.txt = Data\ObservationMatrices\Meteorological\Meteorological_observations_in_1988_from_nanoq.dmi.dk.txt
		Data\ObservationMatrices\Meteorological\Meteorological_observations_in_1989_from_nanoq.dmi.dk.txt = Data\ObservationMatrices\Meteorological\Meteorological_observations_in_1989_from_nanoq.dmi.dk.txt
		Data\ObservationMatrices\Meteorological\Meteorological_observations_in_1990_from_nanoq.dmi.dk.txt = Data\ObservationMatrices\Meteorological\Meteorological_observations_in_1990_from_nanoq.dmi.dk.txt
		Data\ObservationMatrices\Meteorological\Meteorological_observations_in_1991_from_nanoq.dmi.dk.txt = Data\ObservationMatrices\Meteorological\Meteorological_observations_in_1991_from_nanoq.dmi.dk.txt
		Data\ObservationMatrices\Meteorological\Meteorological_observations_in_1992_from_nanoq.dmi.dk.txt = Data\ObservationMatrices\Meteorological\Meteorological_observations_in_1992_from_nanoq.dmi.dk.txt
		Data\ObservationMatrices\Meteorological\Meteorological_observations_in_1993_from_nanoq.dmi.dk.txt = Data\ObservationMatrices\Meteorological\Meteorological_observations_in_1993_from_nanoq.dmi.dk.txt
		Data\ObservationMatrices\Meteorological\Meteorological_observations_in_1994_from_nanoq.dmi.dk.txt = Data\ObservationMatrices\Meteorological\Meteorological_observations_in_1994_from_nanoq.dmi.dk.txt
		Data\ObservationMatrices\Meteorological\Meteorological_observations_in_1995_from_nanoq.dmi.dk.txt = Data\ObservationMatrices\Meteorological\Meteorological_observations_in_1995_from_nanoq.dmi.dk.txt
		Data\ObservationMatrices\Meteorological\Meteorological_observations_in_1996_from_nanoq.dmi.dk.txt = Data\ObservationMatrices\Meteorological\Meteorological_observations_in_1996_from_nanoq.dmi.dk.txt
		Data\ObservationMatrices\Meteorological\Meteorological_observations_in_1997_from_nanoq.dmi.dk.txt = Data\ObservationMatrices\Meteorological\Meteorological_observations_in_1997_from_nanoq.dmi.dk.txt
		Data\ObservationMatrices\Meteorological\Meteorological_observations_in_1998_from_nanoq.dmi.dk.txt = Data\ObservationMatrices\Meteorological\Meteorological_observations_in_1998_from_nanoq.dmi.dk.txt
		Data\ObservationMatrices\Meteorological\Meteorological_observations_in_1999_from_nanoq.dmi.dk.txt = Data\ObservationMatrices\Meteorological\Meteorological_observations_in_1999_from_nanoq.dmi.dk.txt
		Data\ObservationMatrices\Meteorological\Meteorological_observations_in_2000_from_nanoq.dmi.dk.txt = Data\ObservationMatrices\Meteorological\Meteorological_observations_in_2000_from_nanoq.dmi.dk.txt
		Data\ObservationMatrices\Meteorological\Meteorological_observations_in_2001_from_nanoq.dmi.dk.txt = Data\ObservationMatrices\Meteorological\Meteorological_observations_in_2001_from_nanoq.dmi.dk.txt
		Data\ObservationMatrices\Meteorological\Meteorological_observations_in_2002_from_nanoq.dmi.dk.txt = Data\ObservationMatrices\Meteorological\Meteorological_observations_in_2002_from_nanoq.dmi.dk.txt
		Data\ObservationMatrices\Meteorological\Meteorological_observations_in_2003_from_nanoq.dmi.dk.txt = Data\ObservationMatrices\Meteorological\Meteorological_observations_in_2003_from_nanoq.dmi.dk.txt
		Data\ObservationMatrices\Meteorological\Meteorological_observations_in_2004_from_nanoq.dmi.dk.txt = Data\ObservationMatrices\Meteorological\Meteorological_observations_in_2004_from_nanoq.dmi.dk.txt
		Data\ObservationMatrices\Meteorological\Meteorological_observations_in_2005_from_nanoq.dmi.dk.txt = Data\ObservationMatrices\Meteorological\Meteorological_observations_in_2005_from_nanoq.dmi.dk.txt
		Data\ObservationMatrices\Meteorological\Meteorological_observations_in_2006_from_nanoq.dmi.dk.txt = Data\ObservationMatrices\Meteorological\Meteorological_observations_in_2006_from_nanoq.dmi.dk.txt
		Data\ObservationMatrices\Meteorological\Meteorological_observations_in_2007_from_nanoq.dmi.dk.txt = Data\ObservationMatrices\Meteorological\Meteorological_observations_in_2007_from_nanoq.dmi.dk.txt
		Data\ObservationMatrices\Meteorological\Meteorological_observations_in_2008_from_nanoq.dmi.dk.txt = Data\ObservationMatrices\Meteorological\Meteorological_observations_in_2008_from_nanoq.dmi.dk.txt
		Data\ObservationMatrices\Meteorological\Meteorological_observations_in_2009_from_nanoq.dmi.dk.txt = Data\ObservationMatrices\Meteorological\Meteorological_observations_in_2009_from_nanoq.dmi.dk.txt
		Data\ObservationMatrices\Meteorological\Meteorological_observations_in_2010_from_nanoq.dmi.dk.txt = Data\ObservationMatrices\Meteorological\Meteorological_observations_in_2010_from_nanoq.dmi.dk.txt
		Data\ObservationMatrices\Meteorological\Meteorological_observations_in_2011_from_nanoq.dmi.dk.txt = Data\ObservationMatrices\Meteorological\Meteorological_observations_in_2011_from_nanoq.dmi.dk.txt
		Data\ObservationMatrices\Meteorological\Meteorological_observations_in_2012_from_nanoq.dmi.dk.txt = Data\ObservationMatrices\Meteorological\Meteorological_observations_in_2012_from_nanoq.dmi.dk.txt
		Data\ObservationMatrices\Meteorological\Meteorological_observations_in_2013_from_nanoq.dmi.dk.txt = Data\ObservationMatrices\Meteorological\Meteorological_observations_in_2013_from_nanoq.dmi.dk.txt
		Data\ObservationMatrices\Meteorological\Meteorological_observations_in_2014_from_nanoq.dmi.dk.txt = Data\ObservationMatrices\Meteorological\Meteorological_observations_in_2014_from_nanoq.dmi.dk.txt
		Data\ObservationMatrices\Meteorological\Meteorological_observations_in_2015_from_nanoq.dmi.dk.txt = Data\ObservationMatrices\Meteorological\Meteorological_observations_in_2015_from_nanoq.dmi.dk.txt
		Data\ObservationMatrices\Meteorological\Meteorological_observations_in_2016_from_nanoq.dmi.dk.txt = Data\ObservationMatrices\Meteorological\Meteorological_observations_in_2016_from_nanoq.dmi.dk.txt
		Data\ObservationMatrices\Meteorological\Meteorological_observations_in_2017_from_nanoq.dmi.dk.txt = Data\ObservationMatrices\Meteorological\Meteorological_observations_in_2017_from_nanoq.dmi.dk.txt
		Data\ObservationMatrices\Meteorological\Meteorological_observations_in_2018_from_nanoq.dmi.dk.txt = Data\ObservationMatrices\Meteorological\Meteorological_observations_in_2018_from_nanoq.dmi.dk.txt
		Data\ObservationMatrices\Meteorological\Meteorological_observations_in_2019_from_nanoq.dmi.dk.txt = Data\ObservationMatrices\Meteorological\Meteorological_observations_in_2019_from_nanoq.dmi.dk.txt
		Data\ObservationMatrices\Meteorological\Meteorological_observations_in_2020_from_nanoq.dmi.dk.txt = Data\ObservationMatrices\Meteorological\Meteorological_observations_in_2020_from_nanoq.dmi.dk.txt
		Data\ObservationMatrices\Meteorological\Meteorological_observations_in_2021_from_nanoq.dmi.dk.txt = Data\ObservationMatrices\Meteorological\Meteorological_observations_in_2021_from_nanoq.dmi.dk.txt
	EndProjectSection
EndProject
Project("{2150E333-8FDC-42A3-9474-1A3956D46DE8}") = "Oceanographic", "Oceanographic", "{2290A3FE-D73F-443A-8A76-BBAC5BEC27C0}"
	ProjectSection(SolutionItems) = preProject
		Data\ObservationMatrices\Oceanographic\Oceanographic_observations_in_1889_from_nanoq.dmi.dk.txt = Data\ObservationMatrices\Oceanographic\Oceanographic_observations_in_1889_from_nanoq.dmi.dk.txt
		Data\ObservationMatrices\Oceanographic\Oceanographic_observations_in_1890_from_nanoq.dmi.dk.txt = Data\ObservationMatrices\Oceanographic\Oceanographic_observations_in_1890_from_nanoq.dmi.dk.txt
		Data\ObservationMatrices\Oceanographic\Oceanographic_observations_in_1891_from_nanoq.dmi.dk.txt = Data\ObservationMatrices\Oceanographic\Oceanographic_observations_in_1891_from_nanoq.dmi.dk.txt
		Data\ObservationMatrices\Oceanographic\Oceanographic_observations_in_1892_from_nanoq.dmi.dk.txt = Data\ObservationMatrices\Oceanographic\Oceanographic_observations_in_1892_from_nanoq.dmi.dk.txt
		Data\ObservationMatrices\Oceanographic\Oceanographic_observations_in_1893_from_nanoq.dmi.dk.txt = Data\ObservationMatrices\Oceanographic\Oceanographic_observations_in_1893_from_nanoq.dmi.dk.txt
		Data\ObservationMatrices\Oceanographic\Oceanographic_observations_in_1894_from_nanoq.dmi.dk.txt = Data\ObservationMatrices\Oceanographic\Oceanographic_observations_in_1894_from_nanoq.dmi.dk.txt
		Data\ObservationMatrices\Oceanographic\Oceanographic_observations_in_1895_from_nanoq.dmi.dk.txt = Data\ObservationMatrices\Oceanographic\Oceanographic_observations_in_1895_from_nanoq.dmi.dk.txt
		Data\ObservationMatrices\Oceanographic\Oceanographic_observations_in_1896_from_nanoq.dmi.dk.txt = Data\ObservationMatrices\Oceanographic\Oceanographic_observations_in_1896_from_nanoq.dmi.dk.txt
		Data\ObservationMatrices\Oceanographic\Oceanographic_observations_in_1897_from_nanoq.dmi.dk.txt = Data\ObservationMatrices\Oceanographic\Oceanographic_observations_in_1897_from_nanoq.dmi.dk.txt
		Data\ObservationMatrices\Oceanographic\Oceanographic_observations_in_1898_from_nanoq.dmi.dk.txt = Data\ObservationMatrices\Oceanographic\Oceanographic_observations_in_1898_from_nanoq.dmi.dk.txt
		Data\ObservationMatrices\Oceanographic\Oceanographic_observations_in_1899_from_nanoq.dmi.dk.txt = Data\ObservationMatrices\Oceanographic\Oceanographic_observations_in_1899_from_nanoq.dmi.dk.txt
		Data\ObservationMatrices\Oceanographic\Oceanographic_observations_in_1900_from_nanoq.dmi.dk.txt = Data\ObservationMatrices\Oceanographic\Oceanographic_observations_in_1900_from_nanoq.dmi.dk.txt
		Data\ObservationMatrices\Oceanographic\Oceanographic_observations_in_1901_from_nanoq.dmi.dk.txt = Data\ObservationMatrices\Oceanographic\Oceanographic_observations_in_1901_from_nanoq.dmi.dk.txt
		Data\ObservationMatrices\Oceanographic\Oceanographic_observations_in_1902_from_nanoq.dmi.dk.txt = Data\ObservationMatrices\Oceanographic\Oceanographic_observations_in_1902_from_nanoq.dmi.dk.txt
		Data\ObservationMatrices\Oceanographic\Oceanographic_observations_in_1903_from_nanoq.dmi.dk.txt = Data\ObservationMatrices\Oceanographic\Oceanographic_observations_in_1903_from_nanoq.dmi.dk.txt
		Data\ObservationMatrices\Oceanographic\Oceanographic_observations_in_1904_from_nanoq.dmi.dk.txt = Data\ObservationMatrices\Oceanographic\Oceanographic_observations_in_1904_from_nanoq.dmi.dk.txt
		Data\ObservationMatrices\Oceanographic\Oceanographic_observations_in_1905_from_nanoq.dmi.dk.txt = Data\ObservationMatrices\Oceanographic\Oceanographic_observations_in_1905_from_nanoq.dmi.dk.txt
		Data\ObservationMatrices\Oceanographic\Oceanographic_observations_in_1906_from_nanoq.dmi.dk.txt = Data\ObservationMatrices\Oceanographic\Oceanographic_observations_in_1906_from_nanoq.dmi.dk.txt
		Data\ObservationMatrices\Oceanographic\Oceanographic_observations_in_1907_from_nanoq.dmi.dk.txt = Data\ObservationMatrices\Oceanographic\Oceanographic_observations_in_1907_from_nanoq.dmi.dk.txt
		Data\ObservationMatrices\Oceanographic\Oceanographic_observations_in_1908_from_nanoq.dmi.dk.txt = Data\ObservationMatrices\Oceanographic\Oceanographic_observations_in_1908_from_nanoq.dmi.dk.txt
		Data\ObservationMatrices\Oceanographic\Oceanographic_observations_in_1909_from_nanoq.dmi.dk.txt = Data\ObservationMatrices\Oceanographic\Oceanographic_observations_in_1909_from_nanoq.dmi.dk.txt
		Data\ObservationMatrices\Oceanographic\Oceanographic_observations_in_1910_from_nanoq.dmi.dk.txt = Data\ObservationMatrices\Oceanographic\Oceanographic_observations_in_1910_from_nanoq.dmi.dk.txt
		Data\ObservationMatrices\Oceanographic\Oceanographic_observations_in_1911_from_nanoq.dmi.dk.txt = Data\ObservationMatrices\Oceanographic\Oceanographic_observations_in_1911_from_nanoq.dmi.dk.txt
		Data\ObservationMatrices\Oceanographic\Oceanographic_observations_in_1912_from_nanoq.dmi.dk.txt = Data\ObservationMatrices\Oceanographic\Oceanographic_observations_in_1912_from_nanoq.dmi.dk.txt
		Data\ObservationMatrices\Oceanographic\Oceanographic_observations_in_1913_from_nanoq.dmi.dk.txt = Data\ObservationMatrices\Oceanographic\Oceanographic_observations_in_1913_from_nanoq.dmi.dk.txt
		Data\ObservationMatrices\Oceanographic\Oceanographic_observations_in_1914_from_nanoq.dmi.dk.txt = Data\ObservationMatrices\Oceanographic\Oceanographic_observations_in_1914_from_nanoq.dmi.dk.txt
		Data\ObservationMatrices\Oceanographic\Oceanographic_observations_in_1915_from_nanoq.dmi.dk.txt = Data\ObservationMatrices\Oceanographic\Oceanographic_observations_in_1915_from_nanoq.dmi.dk.txt
		Data\ObservationMatrices\Oceanographic\Oceanographic_observations_in_1916_from_nanoq.dmi.dk.txt = Data\ObservationMatrices\Oceanographic\Oceanographic_observations_in_1916_from_nanoq.dmi.dk.txt
		Data\ObservationMatrices\Oceanographic\Oceanographic_observations_in_1917_from_nanoq.dmi.dk.txt = Data\ObservationMatrices\Oceanographic\Oceanographic_observations_in_1917_from_nanoq.dmi.dk.txt
		Data\ObservationMatrices\Oceanographic\Oceanographic_observations_in_1918_from_nanoq.dmi.dk.txt = Data\ObservationMatrices\Oceanographic\Oceanographic_observations_in_1918_from_nanoq.dmi.dk.txt
		Data\ObservationMatrices\Oceanographic\Oceanographic_observations_in_1919_from_nanoq.dmi.dk.txt = Data\ObservationMatrices\Oceanographic\Oceanographic_observations_in_1919_from_nanoq.dmi.dk.txt
		Data\ObservationMatrices\Oceanographic\Oceanographic_observations_in_1920_from_nanoq.dmi.dk.txt = Data\ObservationMatrices\Oceanographic\Oceanographic_observations_in_1920_from_nanoq.dmi.dk.txt
		Data\ObservationMatrices\Oceanographic\Oceanographic_observations_in_1921_from_nanoq.dmi.dk.txt = Data\ObservationMatrices\Oceanographic\Oceanographic_observations_in_1921_from_nanoq.dmi.dk.txt
		Data\ObservationMatrices\Oceanographic\Oceanographic_observations_in_1922_from_nanoq.dmi.dk.txt = Data\ObservationMatrices\Oceanographic\Oceanographic_observations_in_1922_from_nanoq.dmi.dk.txt
		Data\ObservationMatrices\Oceanographic\Oceanographic_observations_in_1923_from_nanoq.dmi.dk.txt = Data\ObservationMatrices\Oceanographic\Oceanographic_observations_in_1923_from_nanoq.dmi.dk.txt
		Data\ObservationMatrices\Oceanographic\Oceanographic_observations_in_1924_from_nanoq.dmi.dk.txt = Data\ObservationMatrices\Oceanographic\Oceanographic_observations_in_1924_from_nanoq.dmi.dk.txt
		Data\ObservationMatrices\Oceanographic\Oceanographic_observations_in_1925_from_nanoq.dmi.dk.txt = Data\ObservationMatrices\Oceanographic\Oceanographic_observations_in_1925_from_nanoq.dmi.dk.txt
		Data\ObservationMatrices\Oceanographic\Oceanographic_observations_in_1926_from_nanoq.dmi.dk.txt = Data\ObservationMatrices\Oceanographic\Oceanographic_observations_in_1926_from_nanoq.dmi.dk.txt
		Data\ObservationMatrices\Oceanographic\Oceanographic_observations_in_1927_from_nanoq.dmi.dk.txt = Data\ObservationMatrices\Oceanographic\Oceanographic_observations_in_1927_from_nanoq.dmi.dk.txt
		Data\ObservationMatrices\Oceanographic\Oceanographic_observations_in_1928_from_nanoq.dmi.dk.txt = Data\ObservationMatrices\Oceanographic\Oceanographic_observations_in_1928_from_nanoq.dmi.dk.txt
		Data\ObservationMatrices\Oceanographic\Oceanographic_observations_in_1929_from_nanoq.dmi.dk.txt = Data\ObservationMatrices\Oceanographic\Oceanographic_observations_in_1929_from_nanoq.dmi.dk.txt
		Data\ObservationMatrices\Oceanographic\Oceanographic_observations_in_1930_from_nanoq.dmi.dk.txt = Data\ObservationMatrices\Oceanographic\Oceanographic_observations_in_1930_from_nanoq.dmi.dk.txt
		Data\ObservationMatrices\Oceanographic\Oceanographic_observations_in_1931_from_nanoq.dmi.dk.txt = Data\ObservationMatrices\Oceanographic\Oceanographic_observations_in_1931_from_nanoq.dmi.dk.txt
		Data\ObservationMatrices\Oceanographic\Oceanographic_observations_in_1932_from_nanoq.dmi.dk.txt = Data\ObservationMatrices\Oceanographic\Oceanographic_observations_in_1932_from_nanoq.dmi.dk.txt
		Data\ObservationMatrices\Oceanographic\Oceanographic_observations_in_1933_from_nanoq.dmi.dk.txt = Data\ObservationMatrices\Oceanographic\Oceanographic_observations_in_1933_from_nanoq.dmi.dk.txt
		Data\ObservationMatrices\Oceanographic\Oceanographic_observations_in_1934_from_nanoq.dmi.dk.txt = Data\ObservationMatrices\Oceanographic\Oceanographic_observations_in_1934_from_nanoq.dmi.dk.txt
		Data\ObservationMatrices\Oceanographic\Oceanographic_observations_in_1935_from_nanoq.dmi.dk.txt = Data\ObservationMatrices\Oceanographic\Oceanographic_observations_in_1935_from_nanoq.dmi.dk.txt
		Data\ObservationMatrices\Oceanographic\Oceanographic_observations_in_1936_from_nanoq.dmi.dk.txt = Data\ObservationMatrices\Oceanographic\Oceanographic_observations_in_1936_from_nanoq.dmi.dk.txt
		Data\ObservationMatrices\Oceanographic\Oceanographic_observations_in_1937_from_nanoq.dmi.dk.txt = Data\ObservationMatrices\Oceanographic\Oceanographic_observations_in_1937_from_nanoq.dmi.dk.txt
		Data\ObservationMatrices\Oceanographic\Oceanographic_observations_in_1938_from_nanoq.dmi.dk.txt = Data\ObservationMatrices\Oceanographic\Oceanographic_observations_in_1938_from_nanoq.dmi.dk.txt
		Data\ObservationMatrices\Oceanographic\Oceanographic_observations_in_1939_from_nanoq.dmi.dk.txt = Data\ObservationMatrices\Oceanographic\Oceanographic_observations_in_1939_from_nanoq.dmi.dk.txt
		Data\ObservationMatrices\Oceanographic\Oceanographic_observations_in_1940_from_nanoq.dmi.dk.txt = Data\ObservationMatrices\Oceanographic\Oceanographic_observations_in_1940_from_nanoq.dmi.dk.txt
		Data\ObservationMatrices\Oceanographic\Oceanographic_observations_in_1941_from_nanoq.dmi.dk.txt = Data\ObservationMatrices\Oceanographic\Oceanographic_observations_in_1941_from_nanoq.dmi.dk.txt
		Data\ObservationMatrices\Oceanographic\Oceanographic_observations_in_1942_from_nanoq.dmi.dk.txt = Data\ObservationMatrices\Oceanographic\Oceanographic_observations_in_1942_from_nanoq.dmi.dk.txt
		Data\ObservationMatrices\Oceanographic\Oceanographic_observations_in_1943_from_nanoq.dmi.dk.txt = Data\ObservationMatrices\Oceanographic\Oceanographic_observations_in_1943_from_nanoq.dmi.dk.txt
		Data\ObservationMatrices\Oceanographic\Oceanographic_observations_in_1944_from_nanoq.dmi.dk.txt = Data\ObservationMatrices\Oceanographic\Oceanographic_observations_in_1944_from_nanoq.dmi.dk.txt
		Data\ObservationMatrices\Oceanographic\Oceanographic_observations_in_1945_from_nanoq.dmi.dk.txt = Data\ObservationMatrices\Oceanographic\Oceanographic_observations_in_1945_from_nanoq.dmi.dk.txt
		Data\ObservationMatrices\Oceanographic\Oceanographic_observations_in_1946_from_nanoq.dmi.dk.txt = Data\ObservationMatrices\Oceanographic\Oceanographic_observations_in_1946_from_nanoq.dmi.dk.txt
		Data\ObservationMatrices\Oceanographic\Oceanographic_observations_in_1947_from_nanoq.dmi.dk.txt = Data\ObservationMatrices\Oceanographic\Oceanographic_observations_in_1947_from_nanoq.dmi.dk.txt
		Data\ObservationMatrices\Oceanographic\Oceanographic_observations_in_1948_from_nanoq.dmi.dk.txt = Data\ObservationMatrices\Oceanographic\Oceanographic_observations_in_1948_from_nanoq.dmi.dk.txt
		Data\ObservationMatrices\Oceanographic\Oceanographic_observations_in_1949_from_nanoq.dmi.dk.txt = Data\ObservationMatrices\Oceanographic\Oceanographic_observations_in_1949_from_nanoq.dmi.dk.txt
		Data\ObservationMatrices\Oceanographic\Oceanographic_observations_in_1950_from_nanoq.dmi.dk.txt = Data\ObservationMatrices\Oceanographic\Oceanographic_observations_in_1950_from_nanoq.dmi.dk.txt
		Data\ObservationMatrices\Oceanographic\Oceanographic_observations_in_1951_from_nanoq.dmi.dk.txt = Data\ObservationMatrices\Oceanographic\Oceanographic_observations_in_1951_from_nanoq.dmi.dk.txt
		Data\ObservationMatrices\Oceanographic\Oceanographic_observations_in_1952_from_nanoq.dmi.dk.txt = Data\ObservationMatrices\Oceanographic\Oceanographic_observations_in_1952_from_nanoq.dmi.dk.txt
		Data\ObservationMatrices\Oceanographic\Oceanographic_observations_in_1953_from_nanoq.dmi.dk.txt = Data\ObservationMatrices\Oceanographic\Oceanographic_observations_in_1953_from_nanoq.dmi.dk.txt
		Data\ObservationMatrices\Oceanographic\Oceanographic_observations_in_1954_from_nanoq.dmi.dk.txt = Data\ObservationMatrices\Oceanographic\Oceanographic_observations_in_1954_from_nanoq.dmi.dk.txt
		Data\ObservationMatrices\Oceanographic\Oceanographic_observations_in_1955_from_nanoq.dmi.dk.txt = Data\ObservationMatrices\Oceanographic\Oceanographic_observations_in_1955_from_nanoq.dmi.dk.txt
		Data\ObservationMatrices\Oceanographic\Oceanographic_observations_in_1956_from_nanoq.dmi.dk.txt = Data\ObservationMatrices\Oceanographic\Oceanographic_observations_in_1956_from_nanoq.dmi.dk.txt
		Data\ObservationMatrices\Oceanographic\Oceanographic_observations_in_1957_from_nanoq.dmi.dk.txt = Data\ObservationMatrices\Oceanographic\Oceanographic_observations_in_1957_from_nanoq.dmi.dk.txt
		Data\ObservationMatrices\Oceanographic\Oceanographic_observations_in_1958_from_nanoq.dmi.dk.txt = Data\ObservationMatrices\Oceanographic\Oceanographic_observations_in_1958_from_nanoq.dmi.dk.txt
		Data\ObservationMatrices\Oceanographic\Oceanographic_observations_in_1959_from_nanoq.dmi.dk.txt = Data\ObservationMatrices\Oceanographic\Oceanographic_observations_in_1959_from_nanoq.dmi.dk.txt
		Data\ObservationMatrices\Oceanographic\Oceanographic_observations_in_1960_from_nanoq.dmi.dk.txt = Data\ObservationMatrices\Oceanographic\Oceanographic_observations_in_1960_from_nanoq.dmi.dk.txt
		Data\ObservationMatrices\Oceanographic\Oceanographic_observations_in_1961_from_nanoq.dmi.dk.txt = Data\ObservationMatrices\Oceanographic\Oceanographic_observations_in_1961_from_nanoq.dmi.dk.txt
		Data\ObservationMatrices\Oceanographic\Oceanographic_observations_in_1962_from_nanoq.dmi.dk.txt = Data\ObservationMatrices\Oceanographic\Oceanographic_observations_in_1962_from_nanoq.dmi.dk.txt
		Data\ObservationMatrices\Oceanographic\Oceanographic_observations_in_1963_from_nanoq.dmi.dk.txt = Data\ObservationMatrices\Oceanographic\Oceanographic_observations_in_1963_from_nanoq.dmi.dk.txt
		Data\ObservationMatrices\Oceanographic\Oceanographic_observations_in_1964_from_nanoq.dmi.dk.txt = Data\ObservationMatrices\Oceanographic\Oceanographic_observations_in_1964_from_nanoq.dmi.dk.txt
		Data\ObservationMatrices\Oceanographic\Oceanographic_observations_in_1965_from_nanoq.dmi.dk.txt = Data\ObservationMatrices\Oceanographic\Oceanographic_observations_in_1965_from_nanoq.dmi.dk.txt
		Data\ObservationMatrices\Oceanographic\Oceanographic_observations_in_1966_from_nanoq.dmi.dk.txt = Data\ObservationMatrices\Oceanographic\Oceanographic_observations_in_1966_from_nanoq.dmi.dk.txt
		Data\ObservationMatrices\Oceanographic\Oceanographic_observations_in_1967_from_nanoq.dmi.dk.txt = Data\ObservationMatrices\Oceanographic\Oceanographic_observations_in_1967_from_nanoq.dmi.dk.txt
		Data\ObservationMatrices\Oceanographic\Oceanographic_observations_in_1968_from_nanoq.dmi.dk.txt = Data\ObservationMatrices\Oceanographic\Oceanographic_observations_in_1968_from_nanoq.dmi.dk.txt
		Data\ObservationMatrices\Oceanographic\Oceanographic_observations_in_1969_from_nanoq.dmi.dk.txt = Data\ObservationMatrices\Oceanographic\Oceanographic_observations_in_1969_from_nanoq.dmi.dk.txt
		Data\ObservationMatrices\Oceanographic\Oceanographic_observations_in_1970_from_nanoq.dmi.dk.txt = Data\ObservationMatrices\Oceanographic\Oceanographic_observations_in_1970_from_nanoq.dmi.dk.txt
		Data\ObservationMatrices\Oceanographic\Oceanographic_observations_in_1971_from_nanoq.dmi.dk.txt = Data\ObservationMatrices\Oceanographic\Oceanographic_observations_in_1971_from_nanoq.dmi.dk.txt
		Data\ObservationMatrices\Oceanographic\Oceanographic_observations_in_1972_from_nanoq.dmi.dk.txt = Data\ObservationMatrices\Oceanographic\Oceanographic_observations_in_1972_from_nanoq.dmi.dk.txt
		Data\ObservationMatrices\Oceanographic\Oceanographic_observations_in_1973_from_nanoq.dmi.dk.txt = Data\ObservationMatrices\Oceanographic\Oceanographic_observations_in_1973_from_nanoq.dmi.dk.txt
		Data\ObservationMatrices\Oceanographic\Oceanographic_observations_in_1974_from_nanoq.dmi.dk.txt = Data\ObservationMatrices\Oceanographic\Oceanographic_observations_in_1974_from_nanoq.dmi.dk.txt
		Data\ObservationMatrices\Oceanographic\Oceanographic_observations_in_1975_from_nanoq.dmi.dk.txt = Data\ObservationMatrices\Oceanographic\Oceanographic_observations_in_1975_from_nanoq.dmi.dk.txt
		Data\ObservationMatrices\Oceanographic\Oceanographic_observations_in_1976_from_nanoq.dmi.dk.txt = Data\ObservationMatrices\Oceanographic\Oceanographic_observations_in_1976_from_nanoq.dmi.dk.txt
		Data\ObservationMatrices\Oceanographic\Oceanographic_observations_in_1977_from_nanoq.dmi.dk.txt = Data\ObservationMatrices\Oceanographic\Oceanographic_observations_in_1977_from_nanoq.dmi.dk.txt
		Data\ObservationMatrices\Oceanographic\Oceanographic_observations_in_1978_from_nanoq.dmi.dk.txt = Data\ObservationMatrices\Oceanographic\Oceanographic_observations_in_1978_from_nanoq.dmi.dk.txt
		Data\ObservationMatrices\Oceanographic\Oceanographic_observations_in_1979_from_nanoq.dmi.dk.txt = Data\ObservationMatrices\Oceanographic\Oceanographic_observations_in_1979_from_nanoq.dmi.dk.txt
		Data\ObservationMatrices\Oceanographic\Oceanographic_observations_in_1980_from_nanoq.dmi.dk.txt = Data\ObservationMatrices\Oceanographic\Oceanographic_observations_in_1980_from_nanoq.dmi.dk.txt
		Data\ObservationMatrices\Oceanographic\Oceanographic_observations_in_1981_from_nanoq.dmi.dk.txt = Data\ObservationMatrices\Oceanographic\Oceanographic_observations_in_1981_from_nanoq.dmi.dk.txt
		Data\ObservationMatrices\Oceanographic\Oceanographic_observations_in_1982_from_nanoq.dmi.dk.txt = Data\ObservationMatrices\Oceanographic\Oceanographic_observations_in_1982_from_nanoq.dmi.dk.txt
		Data\ObservationMatrices\Oceanographic\Oceanographic_observations_in_1983_from_nanoq.dmi.dk.txt = Data\ObservationMatrices\Oceanographic\Oceanographic_observations_in_1983_from_nanoq.dmi.dk.txt
		Data\ObservationMatrices\Oceanographic\Oceanographic_observations_in_1984_from_nanoq.dmi.dk.txt = Data\ObservationMatrices\Oceanographic\Oceanographic_observations_in_1984_from_nanoq.dmi.dk.txt
		Data\ObservationMatrices\Oceanographic\Oceanographic_observations_in_1985_from_nanoq.dmi.dk.txt = Data\ObservationMatrices\Oceanographic\Oceanographic_observations_in_1985_from_nanoq.dmi.dk.txt
		Data\ObservationMatrices\Oceanographic\Oceanographic_observations_in_1986_from_nanoq.dmi.dk.txt = Data\ObservationMatrices\Oceanographic\Oceanographic_observations_in_1986_from_nanoq.dmi.dk.txt
		Data\ObservationMatrices\Oceanographic\Oceanographic_observations_in_1987_from_nanoq.dmi.dk.txt = Data\ObservationMatrices\Oceanographic\Oceanographic_observations_in_1987_from_nanoq.dmi.dk.txt
		Data\ObservationMatrices\Oceanographic\Oceanographic_observations_in_1988_from_nanoq.dmi.dk.txt = Data\ObservationMatrices\Oceanographic\Oceanographic_observations_in_1988_from_nanoq.dmi.dk.txt
		Data\ObservationMatrices\Oceanographic\Oceanographic_observations_in_1989_from_nanoq.dmi.dk.txt = Data\ObservationMatrices\Oceanographic\Oceanographic_observations_in_1989_from_nanoq.dmi.dk.txt
		Data\ObservationMatrices\Oceanographic\Oceanographic_observations_in_1990_from_nanoq.dmi.dk.txt = Data\ObservationMatrices\Oceanographic\Oceanographic_observations_in_1990_from_nanoq.dmi.dk.txt
		Data\ObservationMatrices\Oceanographic\Oceanographic_observations_in_1991_from_nanoq.dmi.dk.txt = Data\ObservationMatrices\Oceanographic\Oceanographic_observations_in_1991_from_nanoq.dmi.dk.txt
		Data\ObservationMatrices\Oceanographic\Oceanographic_observations_in_1992_from_nanoq.dmi.dk.txt = Data\ObservationMatrices\Oceanographic\Oceanographic_observations_in_1992_from_nanoq.dmi.dk.txt
		Data\ObservationMatrices\Oceanographic\Oceanographic_observations_in_1993_from_nanoq.dmi.dk.txt = Data\ObservationMatrices\Oceanographic\Oceanographic_observations_in_1993_from_nanoq.dmi.dk.txt
		Data\ObservationMatrices\Oceanographic\Oceanographic_observations_in_1994_from_nanoq.dmi.dk.txt = Data\ObservationMatrices\Oceanographic\Oceanographic_observations_in_1994_from_nanoq.dmi.dk.txt
		Data\ObservationMatrices\Oceanographic\Oceanographic_observations_in_1995_from_nanoq.dmi.dk.txt = Data\ObservationMatrices\Oceanographic\Oceanographic_observations_in_1995_from_nanoq.dmi.dk.txt
		Data\ObservationMatrices\Oceanographic\Oceanographic_observations_in_1996_from_nanoq.dmi.dk.txt = Data\ObservationMatrices\Oceanographic\Oceanographic_observations_in_1996_from_nanoq.dmi.dk.txt
		Data\ObservationMatrices\Oceanographic\Oceanographic_observations_in_1997_from_nanoq.dmi.dk.txt = Data\ObservationMatrices\Oceanographic\Oceanographic_observations_in_1997_from_nanoq.dmi.dk.txt
		Data\ObservationMatrices\Oceanographic\Oceanographic_observations_in_1998_from_nanoq.dmi.dk.txt = Data\ObservationMatrices\Oceanographic\Oceanographic_observations_in_1998_from_nanoq.dmi.dk.txt
		Data\ObservationMatrices\Oceanographic\Oceanographic_observations_in_1999_from_nanoq.dmi.dk.txt = Data\ObservationMatrices\Oceanographic\Oceanographic_observations_in_1999_from_nanoq.dmi.dk.txt
		Data\ObservationMatrices\Oceanographic\Oceanographic_observations_in_2000_from_nanoq.dmi.dk.txt = Data\ObservationMatrices\Oceanographic\Oceanographic_observations_in_2000_from_nanoq.dmi.dk.txt
		Data\ObservationMatrices\Oceanographic\Oceanographic_observations_in_2001_from_nanoq.dmi.dk.txt = Data\ObservationMatrices\Oceanographic\Oceanographic_observations_in_2001_from_nanoq.dmi.dk.txt
		Data\ObservationMatrices\Oceanographic\Oceanographic_observations_in_2002_from_nanoq.dmi.dk.txt = Data\ObservationMatrices\Oceanographic\Oceanographic_observations_in_2002_from_nanoq.dmi.dk.txt
		Data\ObservationMatrices\Oceanographic\Oceanographic_observations_in_2003_from_nanoq.dmi.dk.txt = Data\ObservationMatrices\Oceanographic\Oceanographic_observations_in_2003_from_nanoq.dmi.dk.txt
		Data\ObservationMatrices\Oceanographic\Oceanographic_observations_in_2004_from_nanoq.dmi.dk.txt = Data\ObservationMatrices\Oceanographic\Oceanographic_observations_in_2004_from_nanoq.dmi.dk.txt
		Data\ObservationMatrices\Oceanographic\Oceanographic_observations_in_2005_from_nanoq.dmi.dk.txt = Data\ObservationMatrices\Oceanographic\Oceanographic_observations_in_2005_from_nanoq.dmi.dk.txt
		Data\ObservationMatrices\Oceanographic\Oceanographic_observations_in_2006_from_nanoq.dmi.dk.txt = Data\ObservationMatrices\Oceanographic\Oceanographic_observations_in_2006_from_nanoq.dmi.dk.txt
		Data\ObservationMatrices\Oceanographic\Oceanographic_observations_in_2007_from_nanoq.dmi.dk.txt = Data\ObservationMatrices\Oceanographic\Oceanographic_observations_in_2007_from_nanoq.dmi.dk.txt
		Data\ObservationMatrices\Oceanographic\Oceanographic_observations_in_2008_from_nanoq.dmi.dk.txt = Data\ObservationMatrices\Oceanographic\Oceanographic_observations_in_2008_from_nanoq.dmi.dk.txt
		Data\ObservationMatrices\Oceanographic\Oceanographic_observations_in_2009_from_nanoq.dmi.dk.txt = Data\ObservationMatrices\Oceanographic\Oceanographic_observations_in_2009_from_nanoq.dmi.dk.txt
		Data\ObservationMatrices\Oceanographic\Oceanographic_observations_in_2010_from_nanoq.dmi.dk.txt = Data\ObservationMatrices\Oceanographic\Oceanographic_observations_in_2010_from_nanoq.dmi.dk.txt
		Data\ObservationMatrices\Oceanographic\Oceanographic_observations_in_2011_from_nanoq.dmi.dk.txt = Data\ObservationMatrices\Oceanographic\Oceanographic_observations_in_2011_from_nanoq.dmi.dk.txt
		Data\ObservationMatrices\Oceanographic\Oceanographic_observations_in_2012_from_nanoq.dmi.dk.txt = Data\ObservationMatrices\Oceanographic\Oceanographic_observations_in_2012_from_nanoq.dmi.dk.txt
		Data\ObservationMatrices\Oceanographic\Oceanographic_observations_in_2013_from_nanoq.dmi.dk.txt = Data\ObservationMatrices\Oceanographic\Oceanographic_observations_in_2013_from_nanoq.dmi.dk.txt
		Data\ObservationMatrices\Oceanographic\Oceanographic_observations_in_2014_from_nanoq.dmi.dk.txt = Data\ObservationMatrices\Oceanographic\Oceanographic_observations_in_2014_from_nanoq.dmi.dk.txt
		Data\ObservationMatrices\Oceanographic\Oceanographic_observations_in_2015_from_nanoq.dmi.dk.txt = Data\ObservationMatrices\Oceanographic\Oceanographic_observations_in_2015_from_nanoq.dmi.dk.txt
		Data\ObservationMatrices\Oceanographic\Oceanographic_observations_in_2016_from_nanoq.dmi.dk.txt = Data\ObservationMatrices\Oceanographic\Oceanographic_observations_in_2016_from_nanoq.dmi.dk.txt
		Data\ObservationMatrices\Oceanographic\Oceanographic_observations_in_2017_from_nanoq.dmi.dk.txt = Data\ObservationMatrices\Oceanographic\Oceanographic_observations_in_2017_from_nanoq.dmi.dk.txt
		Data\ObservationMatrices\Oceanographic\Oceanographic_observations_in_2018_from_nanoq.dmi.dk.txt = Data\ObservationMatrices\Oceanographic\Oceanographic_observations_in_2018_from_nanoq.dmi.dk.txt
		Data\ObservationMatrices\Oceanographic\Oceanographic_observations_in_2019_from_nanoq.dmi.dk.txt = Data\ObservationMatrices\Oceanographic\Oceanographic_observations_in_2019_from_nanoq.dmi.dk.txt
		Data\ObservationMatrices\Oceanographic\Oceanographic_observations_in_2020_from_nanoq.dmi.dk.txt = Data\ObservationMatrices\Oceanographic\Oceanographic_observations_in_2020_from_nanoq.dmi.dk.txt
		Data\ObservationMatrices\Oceanographic\Oceanographic_observations_in_2021_from_nanoq.dmi.dk.txt = Data\ObservationMatrices\Oceanographic\Oceanographic_observations_in_2021_from_nanoq.dmi.dk.txt
	EndProjectSection
EndProject
Project("{9A19103F-16F7-4668-BE54-9A1E7A4F7556}") = "DMI.FD.Domain", "..\DMI.FD\DMI.FD.Domain\DMI.FD.Domain.csproj", "{446DC8A4-84F9-49C9-8C70-07C6E45D8986}"
EndProject
Project("{9A19103F-16F7-4668-BE54-9A1E7A4F7556}") = "DMI.FD.Domain.IO", "..\DMI.FD\DMI.FD.Domain.IO\DMI.FD.Domain.IO.csproj", "{64F85378-4EF8-4D2A-8408-CB3B77A212AE}"
EndProject
Project("{9A19103F-16F7-4668-BE54-9A1E7A4F7556}") = "Craft.IO.Utils", "..\..\Craft\Craft.IO.Utils\Craft.IO.Utils.csproj", "{59BAC88F-D778-4D7C-8936-874B950AA549}"
EndProject
Project("{9A19103F-16F7-4668-BE54-9A1E7A4F7556}") = "DMI.SMS.Persistence.EntityFrameworkCore.Sqlite", "..\DMI.SMS\DMI.SMS.Persistence.EntityFrameworkCore.Sqlite\DMI.SMS.Persistence.EntityFrameworkCore.Sqlite.csproj", "{86C06EC5-B704-48E2-A0CE-4C0A4BEA24EE}"
EndProject
Project("{9A19103F-16F7-4668-BE54-9A1E7A4F7556}") = "DMI.SMS.Persistence.EntityFrameworkCore.PostgreSQL", "..\DMI.SMS\DMI.SMS.Persistence.EntityFrameworkCore.PostgreSQL\DMI.SMS.Persistence.EntityFrameworkCore.PostgreSQL.csproj", "{B167F1C5-2BC4-4C67-8922-6DE3674E5B87}"
EndProject
Project("{9A19103F-16F7-4668-BE54-9A1E7A4F7556}") = "DMI.SMS.Persistence.EntityFrameworkCore.SqlServer", "..\DMI.SMS\DMI.SMS.Persistence.EntityFrameworkCore.SqlServer\DMI.SMS.Persistence.EntityFrameworkCore.SqlServer.csproj", "{D2C79F9B-530C-4E6C-B89F-5EFA537FFCCD}"
EndProject
Project("{9A19103F-16F7-4668-BE54-9A1E7A4F7556}") = "Craft.Persistence.EntityFrameworkCore", "..\..\Craft\Craft.Persistence.EntityFrameworkCore\Craft.Persistence.EntityFrameworkCore.csproj", "{46828317-388D-4C22-ACBB-B46F850655F0}"
EndProject
Project("{9A19103F-16F7-4668-BE54-9A1E7A4F7556}") = "DMI.Data.Studio.Application", "DMI.Data.Studio.Application\DMI.Data.Studio.Application.csproj", "{06E404B4-7B99-43C8-A66B-3B0DA5D03728}"
EndProject
Project("{9A19103F-16F7-4668-BE54-9A1E7A4F7556}") = "Craft.DataStructures", "..\..\Craft\Craft.DataStructures\Craft.DataStructures.csproj", "{B62390A8-C48B-4B99-B2F1-BBA115E4F322}"
EndProject
Project("{9A19103F-16F7-4668-BE54-9A1E7A4F7556}") = "Craft.DataStructures.IO", "..\..\Craft\Craft.DataStructures.IO\Craft.DataStructures.IO.csproj", "{EC934E99-AFA0-4AF0-85D5-CE7FEE55264A}"
EndProject
Global
	GlobalSection(SolutionConfigurationPlatforms) = preSolution
		Debug|Any CPU = Debug|Any CPU
		Release|Any CPU = Release|Any CPU
	EndGlobalSection
	GlobalSection(ProjectConfigurationPlatforms) = postSolution
		{916ED19A-9121-40A1-B3A0-7BA0C2AECDC0}.Debug|Any CPU.ActiveCfg = Debug|Any CPU
		{916ED19A-9121-40A1-B3A0-7BA0C2AECDC0}.Debug|Any CPU.Build.0 = Debug|Any CPU
		{916ED19A-9121-40A1-B3A0-7BA0C2AECDC0}.Release|Any CPU.ActiveCfg = Release|Any CPU
		{916ED19A-9121-40A1-B3A0-7BA0C2AECDC0}.Release|Any CPU.Build.0 = Release|Any CPU
		{FBC2B32E-0A5E-4D5B-9215-798656D1CFD2}.Debug|Any CPU.ActiveCfg = Debug|Any CPU
		{FBC2B32E-0A5E-4D5B-9215-798656D1CFD2}.Debug|Any CPU.Build.0 = Debug|Any CPU
		{FBC2B32E-0A5E-4D5B-9215-798656D1CFD2}.Release|Any CPU.ActiveCfg = Release|Any CPU
		{FBC2B32E-0A5E-4D5B-9215-798656D1CFD2}.Release|Any CPU.Build.0 = Release|Any CPU
		{AA7DB4F6-77CF-46E5-B5DC-A4F1057857CB}.Debug|Any CPU.ActiveCfg = Debug|Any CPU
		{AA7DB4F6-77CF-46E5-B5DC-A4F1057857CB}.Debug|Any CPU.Build.0 = Debug|Any CPU
		{AA7DB4F6-77CF-46E5-B5DC-A4F1057857CB}.Release|Any CPU.ActiveCfg = Release|Any CPU
		{AA7DB4F6-77CF-46E5-B5DC-A4F1057857CB}.Release|Any CPU.Build.0 = Release|Any CPU
		{C93B2582-6860-4FB5-8ECA-D5E481748A6E}.Debug|Any CPU.ActiveCfg = Debug|Any CPU
		{C93B2582-6860-4FB5-8ECA-D5E481748A6E}.Debug|Any CPU.Build.0 = Debug|Any CPU
		{C93B2582-6860-4FB5-8ECA-D5E481748A6E}.Release|Any CPU.ActiveCfg = Release|Any CPU
		{C93B2582-6860-4FB5-8ECA-D5E481748A6E}.Release|Any CPU.Build.0 = Release|Any CPU
		{C963CD18-70C8-48BB-852B-E3D994345115}.Debug|Any CPU.ActiveCfg = Debug|Any CPU
		{C963CD18-70C8-48BB-852B-E3D994345115}.Debug|Any CPU.Build.0 = Debug|Any CPU
		{C963CD18-70C8-48BB-852B-E3D994345115}.Release|Any CPU.ActiveCfg = Release|Any CPU
		{C963CD18-70C8-48BB-852B-E3D994345115}.Release|Any CPU.Build.0 = Release|Any CPU
		{8EEF764E-1C35-4120-A252-0ADF55EEF2F3}.Debug|Any CPU.ActiveCfg = Debug|Any CPU
		{8EEF764E-1C35-4120-A252-0ADF55EEF2F3}.Debug|Any CPU.Build.0 = Debug|Any CPU
		{8EEF764E-1C35-4120-A252-0ADF55EEF2F3}.Release|Any CPU.ActiveCfg = Release|Any CPU
		{8EEF764E-1C35-4120-A252-0ADF55EEF2F3}.Release|Any CPU.Build.0 = Release|Any CPU
		{41DB770F-A13C-464A-9FE3-BB1C999D757D}.Debug|Any CPU.ActiveCfg = Debug|Any CPU
		{41DB770F-A13C-464A-9FE3-BB1C999D757D}.Debug|Any CPU.Build.0 = Debug|Any CPU
		{41DB770F-A13C-464A-9FE3-BB1C999D757D}.Release|Any CPU.ActiveCfg = Release|Any CPU
		{41DB770F-A13C-464A-9FE3-BB1C999D757D}.Release|Any CPU.Build.0 = Release|Any CPU
		{6D7A0636-F19F-43F1-8345-D9E25537DC83}.Debug|Any CPU.ActiveCfg = Debug|Any CPU
		{6D7A0636-F19F-43F1-8345-D9E25537DC83}.Debug|Any CPU.Build.0 = Debug|Any CPU
		{6D7A0636-F19F-43F1-8345-D9E25537DC83}.Release|Any CPU.ActiveCfg = Release|Any CPU
		{6D7A0636-F19F-43F1-8345-D9E25537DC83}.Release|Any CPU.Build.0 = Release|Any CPU
		{56B39D5E-8F42-4E86-96DE-E0BA1DCC7571}.Debug|Any CPU.ActiveCfg = Debug|Any CPU
		{56B39D5E-8F42-4E86-96DE-E0BA1DCC7571}.Debug|Any CPU.Build.0 = Debug|Any CPU
		{56B39D5E-8F42-4E86-96DE-E0BA1DCC7571}.Release|Any CPU.ActiveCfg = Release|Any CPU
		{56B39D5E-8F42-4E86-96DE-E0BA1DCC7571}.Release|Any CPU.Build.0 = Release|Any CPU
		{8919DFB9-3636-46F0-96AC-029E0E79174F}.Debug|Any CPU.ActiveCfg = Debug|Any CPU
		{8919DFB9-3636-46F0-96AC-029E0E79174F}.Debug|Any CPU.Build.0 = Debug|Any CPU
		{8919DFB9-3636-46F0-96AC-029E0E79174F}.Release|Any CPU.ActiveCfg = Release|Any CPU
		{8919DFB9-3636-46F0-96AC-029E0E79174F}.Release|Any CPU.Build.0 = Release|Any CPU
		{BDB74479-2261-4B54-97C2-C8085C08ED7F}.Debug|Any CPU.ActiveCfg = Debug|Any CPU
		{BDB74479-2261-4B54-97C2-C8085C08ED7F}.Debug|Any CPU.Build.0 = Debug|Any CPU
		{BDB74479-2261-4B54-97C2-C8085C08ED7F}.Release|Any CPU.ActiveCfg = Release|Any CPU
		{BDB74479-2261-4B54-97C2-C8085C08ED7F}.Release|Any CPU.Build.0 = Release|Any CPU
		{204B4ED3-244E-43D3-B9FB-2D60C29A5252}.Debug|Any CPU.ActiveCfg = Debug|Any CPU
		{204B4ED3-244E-43D3-B9FB-2D60C29A5252}.Debug|Any CPU.Build.0 = Debug|Any CPU
		{204B4ED3-244E-43D3-B9FB-2D60C29A5252}.Release|Any CPU.ActiveCfg = Release|Any CPU
		{204B4ED3-244E-43D3-B9FB-2D60C29A5252}.Release|Any CPU.Build.0 = Release|Any CPU
		{E69CF573-24E2-422E-A025-339414D2B88C}.Debug|Any CPU.ActiveCfg = Debug|Any CPU
		{E69CF573-24E2-422E-A025-339414D2B88C}.Debug|Any CPU.Build.0 = Debug|Any CPU
		{E69CF573-24E2-422E-A025-339414D2B88C}.Release|Any CPU.ActiveCfg = Release|Any CPU
		{E69CF573-24E2-422E-A025-339414D2B88C}.Release|Any CPU.Build.0 = Release|Any CPU
		{4B106164-4381-406F-B07F-74C23B9C86B8}.Debug|Any CPU.ActiveCfg = Debug|Any CPU
		{4B106164-4381-406F-B07F-74C23B9C86B8}.Debug|Any CPU.Build.0 = Debug|Any CPU
		{4B106164-4381-406F-B07F-74C23B9C86B8}.Release|Any CPU.ActiveCfg = Release|Any CPU
		{4B106164-4381-406F-B07F-74C23B9C86B8}.Release|Any CPU.Build.0 = Release|Any CPU
		{995C9857-6C17-4E0E-B654-A9B563663E2A}.Debug|Any CPU.ActiveCfg = Debug|Any CPU
		{995C9857-6C17-4E0E-B654-A9B563663E2A}.Debug|Any CPU.Build.0 = Debug|Any CPU
		{995C9857-6C17-4E0E-B654-A9B563663E2A}.Release|Any CPU.ActiveCfg = Release|Any CPU
		{995C9857-6C17-4E0E-B654-A9B563663E2A}.Release|Any CPU.Build.0 = Release|Any CPU
		{E8612C2E-78A8-4D48-8ED3-4A943A35CAFF}.Debug|Any CPU.ActiveCfg = Debug|Any CPU
		{E8612C2E-78A8-4D48-8ED3-4A943A35CAFF}.Debug|Any CPU.Build.0 = Debug|Any CPU
		{E8612C2E-78A8-4D48-8ED3-4A943A35CAFF}.Release|Any CPU.ActiveCfg = Release|Any CPU
		{E8612C2E-78A8-4D48-8ED3-4A943A35CAFF}.Release|Any CPU.Build.0 = Release|Any CPU
		{AE8F17F4-90C3-4DD1-B133-3B959780759D}.Debug|Any CPU.ActiveCfg = Debug|Any CPU
		{AE8F17F4-90C3-4DD1-B133-3B959780759D}.Debug|Any CPU.Build.0 = Debug|Any CPU
		{AE8F17F4-90C3-4DD1-B133-3B959780759D}.Release|Any CPU.ActiveCfg = Release|Any CPU
		{AE8F17F4-90C3-4DD1-B133-3B959780759D}.Release|Any CPU.Build.0 = Release|Any CPU
		{99470AD8-F79B-49EC-B9C4-034ED2D2A401}.Debug|Any CPU.ActiveCfg = Debug|Any CPU
		{99470AD8-F79B-49EC-B9C4-034ED2D2A401}.Debug|Any CPU.Build.0 = Debug|Any CPU
		{99470AD8-F79B-49EC-B9C4-034ED2D2A401}.Release|Any CPU.ActiveCfg = Release|Any CPU
		{99470AD8-F79B-49EC-B9C4-034ED2D2A401}.Release|Any CPU.Build.0 = Release|Any CPU
		{CF072B79-238A-4775-9196-C5831075B0D6}.Debug|Any CPU.ActiveCfg = Debug|Any CPU
		{CF072B79-238A-4775-9196-C5831075B0D6}.Debug|Any CPU.Build.0 = Debug|Any CPU
		{CF072B79-238A-4775-9196-C5831075B0D6}.Release|Any CPU.ActiveCfg = Release|Any CPU
		{CF072B79-238A-4775-9196-C5831075B0D6}.Release|Any CPU.Build.0 = Release|Any CPU
		{384DF062-0CB9-49CB-8B22-2C8DAC94E37A}.Debug|Any CPU.ActiveCfg = Debug|Any CPU
		{384DF062-0CB9-49CB-8B22-2C8DAC94E37A}.Debug|Any CPU.Build.0 = Debug|Any CPU
		{384DF062-0CB9-49CB-8B22-2C8DAC94E37A}.Release|Any CPU.ActiveCfg = Release|Any CPU
		{384DF062-0CB9-49CB-8B22-2C8DAC94E37A}.Release|Any CPU.Build.0 = Release|Any CPU
		{0885FBE4-250F-4C12-BE85-C90E2BC228C3}.Debug|Any CPU.ActiveCfg = Debug|Any CPU
		{0885FBE4-250F-4C12-BE85-C90E2BC228C3}.Debug|Any CPU.Build.0 = Debug|Any CPU
		{0885FBE4-250F-4C12-BE85-C90E2BC228C3}.Release|Any CPU.ActiveCfg = Release|Any CPU
		{0885FBE4-250F-4C12-BE85-C90E2BC228C3}.Release|Any CPU.Build.0 = Release|Any CPU
		{34729C61-1D16-4C6C-A6EA-84C167DB1056}.Debug|Any CPU.ActiveCfg = Debug|Any CPU
		{34729C61-1D16-4C6C-A6EA-84C167DB1056}.Debug|Any CPU.Build.0 = Debug|Any CPU
		{34729C61-1D16-4C6C-A6EA-84C167DB1056}.Release|Any CPU.ActiveCfg = Release|Any CPU
		{34729C61-1D16-4C6C-A6EA-84C167DB1056}.Release|Any CPU.Build.0 = Release|Any CPU
		{D3601762-D0B7-456C-BDDA-2780F231D34D}.Debug|Any CPU.ActiveCfg = Debug|Any CPU
		{D3601762-D0B7-456C-BDDA-2780F231D34D}.Debug|Any CPU.Build.0 = Debug|Any CPU
		{D3601762-D0B7-456C-BDDA-2780F231D34D}.Release|Any CPU.ActiveCfg = Release|Any CPU
		{D3601762-D0B7-456C-BDDA-2780F231D34D}.Release|Any CPU.Build.0 = Release|Any CPU
		{F3A1F623-F1C0-44AA-B469-255862389138}.Debug|Any CPU.ActiveCfg = Debug|Any CPU
		{F3A1F623-F1C0-44AA-B469-255862389138}.Debug|Any CPU.Build.0 = Debug|Any CPU
		{F3A1F623-F1C0-44AA-B469-255862389138}.Release|Any CPU.ActiveCfg = Release|Any CPU
		{F3A1F623-F1C0-44AA-B469-255862389138}.Release|Any CPU.Build.0 = Release|Any CPU
		{45BF3E93-FAC8-4255-995C-13783D88C8EF}.Debug|Any CPU.ActiveCfg = Debug|Any CPU
		{45BF3E93-FAC8-4255-995C-13783D88C8EF}.Debug|Any CPU.Build.0 = Debug|Any CPU
		{45BF3E93-FAC8-4255-995C-13783D88C8EF}.Release|Any CPU.ActiveCfg = Release|Any CPU
		{45BF3E93-FAC8-4255-995C-13783D88C8EF}.Release|Any CPU.Build.0 = Release|Any CPU
		{AC40519F-EECA-4DDF-BDFF-8B96907924E7}.Debug|Any CPU.ActiveCfg = Debug|Any CPU
		{AC40519F-EECA-4DDF-BDFF-8B96907924E7}.Debug|Any CPU.Build.0 = Debug|Any CPU
		{AC40519F-EECA-4DDF-BDFF-8B96907924E7}.Release|Any CPU.ActiveCfg = Release|Any CPU
		{AC40519F-EECA-4DDF-BDFF-8B96907924E7}.Release|Any CPU.Build.0 = Release|Any CPU
		{7E2F2690-C742-4441-BF5E-A33921B1CFD0}.Debug|Any CPU.ActiveCfg = Debug|Any CPU
		{7E2F2690-C742-4441-BF5E-A33921B1CFD0}.Debug|Any CPU.Build.0 = Debug|Any CPU
		{7E2F2690-C742-4441-BF5E-A33921B1CFD0}.Release|Any CPU.ActiveCfg = Release|Any CPU
		{7E2F2690-C742-4441-BF5E-A33921B1CFD0}.Release|Any CPU.Build.0 = Release|Any CPU
		{3B4C0AD7-A53C-463F-91EA-0BCE567EDAE8}.Debug|Any CPU.ActiveCfg = Debug|Any CPU
		{3B4C0AD7-A53C-463F-91EA-0BCE567EDAE8}.Debug|Any CPU.Build.0 = Debug|Any CPU
		{3B4C0AD7-A53C-463F-91EA-0BCE567EDAE8}.Release|Any CPU.ActiveCfg = Release|Any CPU
		{3B4C0AD7-A53C-463F-91EA-0BCE567EDAE8}.Release|Any CPU.Build.0 = Release|Any CPU
		{4215DE4D-C081-404D-B751-018FB190D18B}.Debug|Any CPU.ActiveCfg = Debug|Any CPU
		{4215DE4D-C081-404D-B751-018FB190D18B}.Debug|Any CPU.Build.0 = Debug|Any CPU
		{4215DE4D-C081-404D-B751-018FB190D18B}.Release|Any CPU.ActiveCfg = Release|Any CPU
		{4215DE4D-C081-404D-B751-018FB190D18B}.Release|Any CPU.Build.0 = Release|Any CPU
		{446DC8A4-84F9-49C9-8C70-07C6E45D8986}.Debug|Any CPU.ActiveCfg = Debug|Any CPU
		{446DC8A4-84F9-49C9-8C70-07C6E45D8986}.Debug|Any CPU.Build.0 = Debug|Any CPU
		{446DC8A4-84F9-49C9-8C70-07C6E45D8986}.Release|Any CPU.ActiveCfg = Release|Any CPU
		{446DC8A4-84F9-49C9-8C70-07C6E45D8986}.Release|Any CPU.Build.0 = Release|Any CPU
		{64F85378-4EF8-4D2A-8408-CB3B77A212AE}.Debug|Any CPU.ActiveCfg = Debug|Any CPU
		{64F85378-4EF8-4D2A-8408-CB3B77A212AE}.Debug|Any CPU.Build.0 = Debug|Any CPU
		{64F85378-4EF8-4D2A-8408-CB3B77A212AE}.Release|Any CPU.ActiveCfg = Release|Any CPU
		{64F85378-4EF8-4D2A-8408-CB3B77A212AE}.Release|Any CPU.Build.0 = Release|Any CPU
		{59BAC88F-D778-4D7C-8936-874B950AA549}.Debug|Any CPU.ActiveCfg = Debug|Any CPU
		{59BAC88F-D778-4D7C-8936-874B950AA549}.Debug|Any CPU.Build.0 = Debug|Any CPU
		{59BAC88F-D778-4D7C-8936-874B950AA549}.Release|Any CPU.ActiveCfg = Release|Any CPU
		{59BAC88F-D778-4D7C-8936-874B950AA549}.Release|Any CPU.Build.0 = Release|Any CPU
		{86C06EC5-B704-48E2-A0CE-4C0A4BEA24EE}.Debug|Any CPU.ActiveCfg = Debug|Any CPU
		{86C06EC5-B704-48E2-A0CE-4C0A4BEA24EE}.Debug|Any CPU.Build.0 = Debug|Any CPU
		{86C06EC5-B704-48E2-A0CE-4C0A4BEA24EE}.Release|Any CPU.ActiveCfg = Release|Any CPU
		{86C06EC5-B704-48E2-A0CE-4C0A4BEA24EE}.Release|Any CPU.Build.0 = Release|Any CPU
		{B167F1C5-2BC4-4C67-8922-6DE3674E5B87}.Debug|Any CPU.ActiveCfg = Debug|Any CPU
		{B167F1C5-2BC4-4C67-8922-6DE3674E5B87}.Debug|Any CPU.Build.0 = Debug|Any CPU
		{B167F1C5-2BC4-4C67-8922-6DE3674E5B87}.Release|Any CPU.ActiveCfg = Release|Any CPU
		{B167F1C5-2BC4-4C67-8922-6DE3674E5B87}.Release|Any CPU.Build.0 = Release|Any CPU
		{D2C79F9B-530C-4E6C-B89F-5EFA537FFCCD}.Debug|Any CPU.ActiveCfg = Debug|Any CPU
		{D2C79F9B-530C-4E6C-B89F-5EFA537FFCCD}.Debug|Any CPU.Build.0 = Debug|Any CPU
		{D2C79F9B-530C-4E6C-B89F-5EFA537FFCCD}.Release|Any CPU.ActiveCfg = Release|Any CPU
		{D2C79F9B-530C-4E6C-B89F-5EFA537FFCCD}.Release|Any CPU.Build.0 = Release|Any CPU
		{46828317-388D-4C22-ACBB-B46F850655F0}.Debug|Any CPU.ActiveCfg = Debug|Any CPU
		{46828317-388D-4C22-ACBB-B46F850655F0}.Debug|Any CPU.Build.0 = Debug|Any CPU
		{46828317-388D-4C22-ACBB-B46F850655F0}.Release|Any CPU.ActiveCfg = Release|Any CPU
		{46828317-388D-4C22-ACBB-B46F850655F0}.Release|Any CPU.Build.0 = Release|Any CPU
		{06E404B4-7B99-43C8-A66B-3B0DA5D03728}.Debug|Any CPU.ActiveCfg = Debug|Any CPU
		{06E404B4-7B99-43C8-A66B-3B0DA5D03728}.Debug|Any CPU.Build.0 = Debug|Any CPU
		{06E404B4-7B99-43C8-A66B-3B0DA5D03728}.Release|Any CPU.ActiveCfg = Release|Any CPU
		{06E404B4-7B99-43C8-A66B-3B0DA5D03728}.Release|Any CPU.Build.0 = Release|Any CPU
		{B62390A8-C48B-4B99-B2F1-BBA115E4F322}.Debug|Any CPU.ActiveCfg = Debug|Any CPU
		{B62390A8-C48B-4B99-B2F1-BBA115E4F322}.Debug|Any CPU.Build.0 = Debug|Any CPU
		{B62390A8-C48B-4B99-B2F1-BBA115E4F322}.Release|Any CPU.ActiveCfg = Release|Any CPU
		{B62390A8-C48B-4B99-B2F1-BBA115E4F322}.Release|Any CPU.Build.0 = Release|Any CPU
		{EC934E99-AFA0-4AF0-85D5-CE7FEE55264A}.Debug|Any CPU.ActiveCfg = Debug|Any CPU
		{EC934E99-AFA0-4AF0-85D5-CE7FEE55264A}.Debug|Any CPU.Build.0 = Debug|Any CPU
		{EC934E99-AFA0-4AF0-85D5-CE7FEE55264A}.Release|Any CPU.ActiveCfg = Release|Any CPU
		{EC934E99-AFA0-4AF0-85D5-CE7FEE55264A}.Release|Any CPU.Build.0 = Release|Any CPU
	EndGlobalSection
	GlobalSection(SolutionProperties) = preSolution
		HideSolutionNode = FALSE
	EndGlobalSection
	GlobalSection(NestedProjects) = preSolution
		{9AF3AD97-6BD9-4DCC-9A5B-9174BEE72716} = {1C4E073F-95E2-4A9B-B4AA-D0A343028290}
		{CE76EA9C-F6A6-4E36-A576-35B477CF9464} = {9AF3AD97-6BD9-4DCC-9A5B-9174BEE72716}
		{C76FA108-57C0-4755-9036-739B85708720} = {CE76EA9C-F6A6-4E36-A576-35B477CF9464}
		{2290A3FE-D73F-443A-8A76-BBAC5BEC27C0} = {CE76EA9C-F6A6-4E36-A576-35B477CF9464}
	EndGlobalSection
	GlobalSection(ExtensibilityGlobals) = postSolution
		SolutionGuid = {52A21BD5-4C5A-4826-893E-E793480252EE}
	EndGlobalSection
EndGlobal
